{
  "version": 4,
  "terraform_version": "1.9.5",
  "serial": 134,
  "lineage": "170ec03e-5978-b672-d89b-bafb3a2ad66c",
  "outputs": {},
  "resources": [
    {
      "module": "module.app_service",
      "mode": "managed",
      "type": "azurerm_linux_web_app",
      "name": "api",
      "provider": "provider[\"registry.terraform.io/hashicorp/azurerm\"]",
      "instances": [
        {
          "index_key": "app1",
          "schema_version": 0,
          "attributes": {
            "app_settings": null,
            "auth_settings": [
              {
                "active_directory": [],
                "additional_login_parameters": {},
                "allowed_external_redirect_urls": [],
                "default_provider": "",
                "enabled": false,
                "facebook": [],
                "github": [],
                "google": [],
                "issuer": "",
                "microsoft": [],
                "runtime_version": "",
                "token_refresh_extension_hours": 0,
                "token_store_enabled": false,
                "twitter": [],
                "unauthenticated_client_action": ""
              }
            ],
            "backup": [],
            "client_affinity_enabled": false,
            "client_certificate_enabled": false,
            "client_certificate_mode": "Required",
            "connection_string": [],
            "custom_domain_verification_id": "F7DFAF60145CE8C0D8B6F0828F7580D78301A23D54C8BCF5129167B2D40D58B5",
            "default_hostname": "asw-sc-d-automatismo-be-01.azurewebsites.net",
            "enabled": true,
            "https_only": false,
            "id": "/subscriptions/0f039cb4-2405-4c79-a4c9-9660c38a6b78/resourceGroups/rg-sc-d-ocr-01/providers/Microsoft.Web/sites/asw-sc-d-automatismo-be-01",
            "identity": [],
            "key_vault_reference_identity_id": "SystemAssigned",
            "kind": "app,linux",
            "location": "swedencentral",
            "logs": [],
            "name": "asw-sc-d-automatismo-be-01",
            "outbound_ip_address_list": [
              "4.225.78.152",
              "4.225.199.217",
              "4.225.79.236",
              "4.225.78.165",
              "4.225.24.11",
              "4.225.24.110",
              "51.12.31.8"
            ],
            "outbound_ip_addresses": "4.225.78.152,4.225.199.217,4.225.79.236,4.225.78.165,4.225.24.11,4.225.24.110,51.12.31.8",
            "possible_outbound_ip_address_list": [
              "4.225.195.99",
              "4.225.24.190",
              "4.225.24.198",
              "4.225.24.204",
              "74.241.204.158",
              "74.241.207.29",
              "74.241.209.196",
              "74.241.210.225",
              "74.241.210.245",
              "74.241.211.183",
              "74.241.212.216",
              "74.241.212.222",
              "74.241.213.67",
              "135.225.16.25",
              "135.225.16.84",
              "4.225.77.153",
              "74.241.142.64",
              "4.225.78.82",
              "4.225.78.152",
              "4.225.199.217",
              "4.225.79.236",
              "4.225.78.165",
              "4.225.24.11",
              "4.225.24.110",
              "4.225.195.99",
              "4.225.24.190",
              "4.225.24.198",
              "4.225.24.204",
              "74.241.204.158",
              "74.241.207.29",
              "4.225.76.9",
              "4.225.25.42",
              "74.241.203.193",
              "4.225.25.74",
              "4.225.25.129",
              "4.225.25.132",
              "51.12.31.8"
            ],
            "possible_outbound_ip_addresses": "4.225.195.99,4.225.24.190,4.225.24.198,4.225.24.204,74.241.204.158,74.241.207.29,74.241.209.196,74.241.210.225,74.241.210.245,74.241.211.183,74.241.212.216,74.241.212.222,74.241.213.67,135.225.16.25,135.225.16.84,4.225.77.153,74.241.142.64,4.225.78.82,4.225.78.152,4.225.199.217,4.225.79.236,4.225.78.165,4.225.24.11,4.225.24.110,4.225.195.99,4.225.24.190,4.225.24.198,4.225.24.204,74.241.204.158,74.241.207.29,4.225.76.9,4.225.25.42,74.241.203.193,4.225.25.74,4.225.25.129,4.225.25.132,51.12.31.8",
            "resource_group_name": "rg-sc-d-ocr-01",
            "service_plan_id": "/subscriptions/0f039cb4-2405-4c79-a4c9-9660c38a6b78/resourceGroups/rg-sc-d-ocr-01/providers/Microsoft.Web/serverfarms/plan-sc-d-ocr-01",
            "site_config": [
              {
                "always_on": true,
                "api_definition_url": "",
                "api_management_api_id": "",
                "app_command_line": "",
                "application_stack": [
                  {
                    "docker_image": "",
                    "docker_image_tag": "",
                    "dotnet_version": "",
                    "java_server": "",
                    "java_server_version": "",
                    "java_version": "",
                    "node_version": "",
                    "php_version": "",
                    "python_version": "",
                    "ruby_version": ""
                  }
                ],
                "auto_heal_enabled": false,
                "auto_heal_setting": [],
                "container_registry_managed_identity_client_id": "",
                "container_registry_use_managed_identity": false,
                "cors": [],
                "default_documents": [
                  "Default.htm",
                  "Default.html",
                  "Default.asp",
                  "index.htm",
                  "index.html",
                  "iisstart.htm",
                  "default.aspx",
                  "index.php",
                  "hostingstart.html"
                ],
                "detailed_error_logging_enabled": false,
                "ftps_state": "Disabled",
                "health_check_eviction_time_in_min": 0,
                "health_check_path": "",
                "http2_enabled": false,
                "ip_restriction": [],
                "linux_fx_version": "",
                "load_balancing_mode": "LeastRequests",
                "local_mysql_enabled": false,
                "managed_pipeline_mode": "Integrated",
                "minimum_tls_version": "1.2",
                "remote_debugging_enabled": false,
                "remote_debugging_version": "VS2022",
                "scm_ip_restriction": [],
                "scm_minimum_tls_version": "1.2",
                "scm_type": "None",
                "scm_use_main_ip_restriction": false,
                "use_32_bit_worker": true,
                "vnet_route_all_enabled": false,
                "websockets_enabled": false,
                "worker_count": 1
              }
            ],
            "site_credential": [
              {
                "name": "$asw-sc-d-automatismo-be-01",
                "password": "l3MewgfpsAbEY3bmi6B47cvtupNZoyYHw8u2FnLidcdgz8dr93ltrgtzs2z9"
              }
            ],
            "storage_account": [],
            "tags": {
              "architect": "Marco Callisaya",
              "creation_date": "13/09/24",
              "deploy_method": "Terraform",
              "environmnet": "DES",
              "location": "swedencentral",
              "owner": "AI",
              "provider": "Azure"
            },
            "timeouts": null
          },
          "sensitive_attributes": [
            [
              {
                "type": "get_attr",
                "value": "custom_domain_verification_id"
              }
            ]
          ],
          "private": "eyJlMmJmYjczMC1lY2FhLTExZTYtOGY4OC0zNDM2M2JjN2M0YzAiOnsiY3JlYXRlIjoxODAwMDAwMDAwMDAwLCJkZWxldGUiOjE4MDAwMDAwMDAwMDAsInJlYWQiOjMwMDAwMDAwMDAwMCwidXBkYXRlIjoxODAwMDAwMDAwMDAwfX0=",
          "dependencies": [
            "module.app_service.azurerm_service_plan.plan"
          ]
        },
        {
          "index_key": "app2",
          "schema_version": 0,
          "attributes": {
            "app_settings": null,
            "auth_settings": [
              {
                "active_directory": [],
                "additional_login_parameters": {},
                "allowed_external_redirect_urls": [],
                "default_provider": "",
                "enabled": false,
                "facebook": [],
                "github": [],
                "google": [],
                "issuer": "",
                "microsoft": [],
                "runtime_version": "",
                "token_refresh_extension_hours": 0,
                "token_store_enabled": false,
                "twitter": [],
                "unauthenticated_client_action": ""
              }
            ],
            "backup": [],
            "client_affinity_enabled": false,
            "client_certificate_enabled": false,
            "client_certificate_mode": "Required",
            "connection_string": [],
            "custom_domain_verification_id": "F7DFAF60145CE8C0D8B6F0828F7580D78301A23D54C8BCF5129167B2D40D58B5",
            "default_hostname": "asw-sc-d-matching-01-be.azurewebsites.net",
            "enabled": true,
            "https_only": false,
            "id": "/subscriptions/0f039cb4-2405-4c79-a4c9-9660c38a6b78/resourceGroups/rg-sc-d-ocr-01/providers/Microsoft.Web/sites/asw-sc-d-matching-01-be",
            "identity": [],
            "key_vault_reference_identity_id": "SystemAssigned",
            "kind": "app,linux",
            "location": "swedencentral",
            "logs": [],
            "name": "asw-sc-d-matching-01-be",
            "outbound_ip_address_list": [
              "4.225.78.152",
              "4.225.199.217",
              "4.225.79.236",
              "4.225.78.165",
              "4.225.24.11",
              "4.225.24.110",
              "51.12.31.8"
            ],
            "outbound_ip_addresses": "4.225.78.152,4.225.199.217,4.225.79.236,4.225.78.165,4.225.24.11,4.225.24.110,51.12.31.8",
            "possible_outbound_ip_address_list": [
              "4.225.195.99",
              "4.225.24.190",
              "4.225.24.198",
              "4.225.24.204",
              "74.241.204.158",
              "74.241.207.29",
              "74.241.209.196",
              "74.241.210.225",
              "74.241.210.245",
              "74.241.211.183",
              "74.241.212.216",
              "74.241.212.222",
              "74.241.213.67",
              "135.225.16.25",
              "135.225.16.84",
              "4.225.77.153",
              "74.241.142.64",
              "4.225.78.82",
              "4.225.78.152",
              "4.225.199.217",
              "4.225.79.236",
              "4.225.78.165",
              "4.225.24.11",
              "4.225.24.110",
              "4.225.195.99",
              "4.225.24.190",
              "4.225.24.198",
              "4.225.24.204",
              "74.241.204.158",
              "74.241.207.29",
              "4.225.76.9",
              "4.225.25.42",
              "74.241.203.193",
              "4.225.25.74",
              "4.225.25.129",
              "4.225.25.132",
              "51.12.31.8"
            ],
            "possible_outbound_ip_addresses": "4.225.195.99,4.225.24.190,4.225.24.198,4.225.24.204,74.241.204.158,74.241.207.29,74.241.209.196,74.241.210.225,74.241.210.245,74.241.211.183,74.241.212.216,74.241.212.222,74.241.213.67,135.225.16.25,135.225.16.84,4.225.77.153,74.241.142.64,4.225.78.82,4.225.78.152,4.225.199.217,4.225.79.236,4.225.78.165,4.225.24.11,4.225.24.110,4.225.195.99,4.225.24.190,4.225.24.198,4.225.24.204,74.241.204.158,74.241.207.29,4.225.76.9,4.225.25.42,74.241.203.193,4.225.25.74,4.225.25.129,4.225.25.132,51.12.31.8",
            "resource_group_name": "rg-sc-d-ocr-01",
            "service_plan_id": "/subscriptions/0f039cb4-2405-4c79-a4c9-9660c38a6b78/resourceGroups/rg-sc-d-ocr-01/providers/Microsoft.Web/serverfarms/plan-sc-d-ocr-01",
            "site_config": [
              {
                "always_on": true,
                "api_definition_url": "",
                "api_management_api_id": "",
                "app_command_line": "",
                "application_stack": [
                  {
                    "docker_image": "",
                    "docker_image_tag": "",
                    "dotnet_version": "",
                    "java_server": "",
                    "java_server_version": "",
                    "java_version": "",
                    "node_version": "",
                    "php_version": "",
                    "python_version": "",
                    "ruby_version": ""
                  }
                ],
                "auto_heal_enabled": false,
                "auto_heal_setting": [],
                "container_registry_managed_identity_client_id": "",
                "container_registry_use_managed_identity": false,
                "cors": [],
                "default_documents": [
                  "Default.htm",
                  "Default.html",
                  "Default.asp",
                  "index.htm",
                  "index.html",
                  "iisstart.htm",
                  "default.aspx",
                  "index.php",
                  "hostingstart.html"
                ],
                "detailed_error_logging_enabled": false,
                "ftps_state": "Disabled",
                "health_check_eviction_time_in_min": 0,
                "health_check_path": "",
                "http2_enabled": false,
                "ip_restriction": [],
                "linux_fx_version": "",
                "load_balancing_mode": "LeastRequests",
                "local_mysql_enabled": false,
                "managed_pipeline_mode": "Integrated",
                "minimum_tls_version": "1.2",
                "remote_debugging_enabled": false,
                "remote_debugging_version": "VS2022",
                "scm_ip_restriction": [],
                "scm_minimum_tls_version": "1.2",
                "scm_type": "None",
                "scm_use_main_ip_restriction": false,
                "use_32_bit_worker": true,
                "vnet_route_all_enabled": false,
                "websockets_enabled": false,
                "worker_count": 1
              }
            ],
            "site_credential": [
              {
                "name": "$asw-sc-d-matching-01-be",
                "password": "iHSkA7a7Qzdak2cwspA8YuApsnypNuxni0AzigotamorSrdlmS2KEa5Rn4Ep"
              }
            ],
            "storage_account": [],
            "tags": {
              "architect": "Marco Callisaya",
              "creation_date": "13/09/24",
              "deploy_method": "Terraform",
              "environmnet": "DES",
              "location": "swedencentral",
              "owner": "AI",
              "provider": "Azure"
            },
            "timeouts": null
          },
          "sensitive_attributes": [
            [
              {
                "type": "get_attr",
                "value": "custom_domain_verification_id"
              }
            ]
          ],
          "private": "eyJlMmJmYjczMC1lY2FhLTExZTYtOGY4OC0zNDM2M2JjN2M0YzAiOnsiY3JlYXRlIjoxODAwMDAwMDAwMDAwLCJkZWxldGUiOjE4MDAwMDAwMDAwMDAsInJlYWQiOjMwMDAwMDAwMDAwMCwidXBkYXRlIjoxODAwMDAwMDAwMDAwfX0=",
          "dependencies": [
            "module.app_service.azurerm_service_plan.plan"
          ]
        },
        {
          "index_key": "app3",
          "schema_version": 0,
          "attributes": {
            "app_settings": null,
            "auth_settings": [
              {
                "active_directory": [],
                "additional_login_parameters": {},
                "allowed_external_redirect_urls": [],
                "default_provider": "",
                "enabled": false,
                "facebook": [],
                "github": [],
                "google": [],
                "issuer": "",
                "microsoft": [],
                "runtime_version": "",
                "token_refresh_extension_hours": 0,
                "token_store_enabled": false,
                "twitter": [],
                "unauthenticated_client_action": ""
              }
            ],
            "backup": [],
            "client_affinity_enabled": false,
            "client_certificate_enabled": false,
            "client_certificate_mode": "Required",
            "connection_string": [],
            "custom_domain_verification_id": "F7DFAF60145CE8C0D8B6F0828F7580D78301A23D54C8BCF5129167B2D40D58B5",
            "default_hostname": "asw-sc-d-ocr-iarecognition-be-01.azurewebsites.net",
            "enabled": true,
            "https_only": false,
            "id": "/subscriptions/0f039cb4-2405-4c79-a4c9-9660c38a6b78/resourceGroups/rg-sc-d-ocr-01/providers/Microsoft.Web/sites/asw-sc-d-ocr-iarecognition-be-01",
            "identity": [],
            "key_vault_reference_identity_id": "SystemAssigned",
            "kind": "app,linux",
            "location": "swedencentral",
            "logs": [],
            "name": "asw-sc-d-ocr-iarecognition-be-01",
            "outbound_ip_address_list": [
              "4.225.78.152",
              "4.225.199.217",
              "4.225.79.236",
              "4.225.78.165",
              "4.225.24.11",
              "4.225.24.110",
              "51.12.31.8"
            ],
            "outbound_ip_addresses": "4.225.78.152,4.225.199.217,4.225.79.236,4.225.78.165,4.225.24.11,4.225.24.110,51.12.31.8",
            "possible_outbound_ip_address_list": [
              "4.225.195.99",
              "4.225.24.190",
              "4.225.24.198",
              "4.225.24.204",
              "74.241.204.158",
              "74.241.207.29",
              "74.241.209.196",
              "74.241.210.225",
              "74.241.210.245",
              "74.241.211.183",
              "74.241.212.216",
              "74.241.212.222",
              "74.241.213.67",
              "135.225.16.25",
              "135.225.16.84",
              "4.225.77.153",
              "74.241.142.64",
              "4.225.78.82",
              "4.225.78.152",
              "4.225.199.217",
              "4.225.79.236",
              "4.225.78.165",
              "4.225.24.11",
              "4.225.24.110",
              "4.225.195.99",
              "4.225.24.190",
              "4.225.24.198",
              "4.225.24.204",
              "74.241.204.158",
              "74.241.207.29",
              "4.225.76.9",
              "4.225.25.42",
              "74.241.203.193",
              "4.225.25.74",
              "4.225.25.129",
              "4.225.25.132",
              "51.12.31.8"
            ],
            "possible_outbound_ip_addresses": "4.225.195.99,4.225.24.190,4.225.24.198,4.225.24.204,74.241.204.158,74.241.207.29,74.241.209.196,74.241.210.225,74.241.210.245,74.241.211.183,74.241.212.216,74.241.212.222,74.241.213.67,135.225.16.25,135.225.16.84,4.225.77.153,74.241.142.64,4.225.78.82,4.225.78.152,4.225.199.217,4.225.79.236,4.225.78.165,4.225.24.11,4.225.24.110,4.225.195.99,4.225.24.190,4.225.24.198,4.225.24.204,74.241.204.158,74.241.207.29,4.225.76.9,4.225.25.42,74.241.203.193,4.225.25.74,4.225.25.129,4.225.25.132,51.12.31.8",
            "resource_group_name": "rg-sc-d-ocr-01",
            "service_plan_id": "/subscriptions/0f039cb4-2405-4c79-a4c9-9660c38a6b78/resourceGroups/rg-sc-d-ocr-01/providers/Microsoft.Web/serverfarms/plan-sc-d-ocr-01",
            "site_config": [
              {
                "always_on": true,
                "api_definition_url": "",
                "api_management_api_id": "",
                "app_command_line": "",
                "application_stack": [
                  {
                    "docker_image": "",
                    "docker_image_tag": "",
                    "dotnet_version": "",
                    "java_server": "",
                    "java_server_version": "",
                    "java_version": "",
                    "node_version": "",
                    "php_version": "",
                    "python_version": "",
                    "ruby_version": ""
                  }
                ],
                "auto_heal_enabled": false,
                "auto_heal_setting": [],
                "container_registry_managed_identity_client_id": "",
                "container_registry_use_managed_identity": false,
                "cors": [],
                "default_documents": [
                  "Default.htm",
                  "Default.html",
                  "Default.asp",
                  "index.htm",
                  "index.html",
                  "iisstart.htm",
                  "default.aspx",
                  "index.php",
                  "hostingstart.html"
                ],
                "detailed_error_logging_enabled": false,
                "ftps_state": "Disabled",
                "health_check_eviction_time_in_min": 0,
                "health_check_path": "",
                "http2_enabled": false,
                "ip_restriction": [],
                "linux_fx_version": "",
                "load_balancing_mode": "LeastRequests",
                "local_mysql_enabled": false,
                "managed_pipeline_mode": "Integrated",
                "minimum_tls_version": "1.2",
                "remote_debugging_enabled": false,
                "remote_debugging_version": "VS2022",
                "scm_ip_restriction": [],
                "scm_minimum_tls_version": "1.2",
                "scm_type": "None",
                "scm_use_main_ip_restriction": false,
                "use_32_bit_worker": true,
                "vnet_route_all_enabled": false,
                "websockets_enabled": false,
                "worker_count": 1
              }
            ],
            "site_credential": [
              {
                "name": "$asw-sc-d-ocr-iarecognition-be-01",
                "password": "ng3ecWPxel93MiGqfLwqZSL4QD3bJvngKMtmucjZxwwRWamnTYBhHPyBwd8E"
              }
            ],
            "storage_account": [],
            "tags": {
              "architect": "Marco Callisaya",
              "creation_date": "13/09/24",
              "deploy_method": "Terraform",
              "environmnet": "DES",
              "location": "swedencentral",
              "owner": "AI",
              "provider": "Azure"
            },
            "timeouts": null
          },
          "sensitive_attributes": [
            [
              {
                "type": "get_attr",
                "value": "custom_domain_verification_id"
              }
            ]
          ],
          "private": "eyJlMmJmYjczMC1lY2FhLTExZTYtOGY4OC0zNDM2M2JjN2M0YzAiOnsiY3JlYXRlIjoxODAwMDAwMDAwMDAwLCJkZWxldGUiOjE4MDAwMDAwMDAwMDAsInJlYWQiOjMwMDAwMDAwMDAwMCwidXBkYXRlIjoxODAwMDAwMDAwMDAwfX0=",
          "dependencies": [
            "module.app_service.azurerm_service_plan.plan"
          ]
        },
        {
          "index_key": "app4",
          "schema_version": 0,
          "attributes": {
            "app_settings": null,
            "auth_settings": [
              {
                "active_directory": [],
                "additional_login_parameters": {},
                "allowed_external_redirect_urls": [],
                "default_provider": "",
                "enabled": false,
                "facebook": [],
                "github": [],
                "google": [],
                "issuer": "",
                "microsoft": [],
                "runtime_version": "",
                "token_refresh_extension_hours": 0,
                "token_store_enabled": false,
                "twitter": [],
                "unauthenticated_client_action": ""
              }
            ],
            "backup": [],
            "client_affinity_enabled": false,
            "client_certificate_enabled": false,
            "client_certificate_mode": "Required",
            "connection_string": [],
            "custom_domain_verification_id": "F7DFAF60145CE8C0D8B6F0828F7580D78301A23D54C8BCF5129167B2D40D58B5",
            "default_hostname": "asw-sc-d-secretaria-be-01.azurewebsites.net",
            "enabled": true,
            "https_only": false,
            "id": "/subscriptions/0f039cb4-2405-4c79-a4c9-9660c38a6b78/resourceGroups/rg-sc-d-ocr-01/providers/Microsoft.Web/sites/asw-sc-d-secretaria-be-01",
            "identity": [],
            "key_vault_reference_identity_id": "SystemAssigned",
            "kind": "app,linux",
            "location": "swedencentral",
            "logs": [],
            "name": "asw-sc-d-secretaria-be-01",
            "outbound_ip_address_list": [
              "4.225.78.152",
              "4.225.199.217",
              "4.225.79.236",
              "4.225.78.165",
              "4.225.24.11",
              "4.225.24.110",
              "51.12.31.8"
            ],
            "outbound_ip_addresses": "4.225.78.152,4.225.199.217,4.225.79.236,4.225.78.165,4.225.24.11,4.225.24.110,51.12.31.8",
            "possible_outbound_ip_address_list": [
              "4.225.195.99",
              "4.225.24.190",
              "4.225.24.198",
              "4.225.24.204",
              "74.241.204.158",
              "74.241.207.29",
              "74.241.209.196",
              "74.241.210.225",
              "74.241.210.245",
              "74.241.211.183",
              "74.241.212.216",
              "74.241.212.222",
              "74.241.213.67",
              "135.225.16.25",
              "135.225.16.84",
              "4.225.77.153",
              "74.241.142.64",
              "4.225.78.82",
              "4.225.78.152",
              "4.225.199.217",
              "4.225.79.236",
              "4.225.78.165",
              "4.225.24.11",
              "4.225.24.110",
              "4.225.195.99",
              "4.225.24.190",
              "4.225.24.198",
              "4.225.24.204",
              "74.241.204.158",
              "74.241.207.29",
              "4.225.76.9",
              "4.225.25.42",
              "74.241.203.193",
              "4.225.25.74",
              "4.225.25.129",
              "4.225.25.132",
              "51.12.31.8"
            ],
            "possible_outbound_ip_addresses": "4.225.195.99,4.225.24.190,4.225.24.198,4.225.24.204,74.241.204.158,74.241.207.29,74.241.209.196,74.241.210.225,74.241.210.245,74.241.211.183,74.241.212.216,74.241.212.222,74.241.213.67,135.225.16.25,135.225.16.84,4.225.77.153,74.241.142.64,4.225.78.82,4.225.78.152,4.225.199.217,4.225.79.236,4.225.78.165,4.225.24.11,4.225.24.110,4.225.195.99,4.225.24.190,4.225.24.198,4.225.24.204,74.241.204.158,74.241.207.29,4.225.76.9,4.225.25.42,74.241.203.193,4.225.25.74,4.225.25.129,4.225.25.132,51.12.31.8",
            "resource_group_name": "rg-sc-d-ocr-01",
            "service_plan_id": "/subscriptions/0f039cb4-2405-4c79-a4c9-9660c38a6b78/resourceGroups/rg-sc-d-ocr-01/providers/Microsoft.Web/serverfarms/plan-sc-d-ocr-01",
            "site_config": [
              {
                "always_on": true,
                "api_definition_url": "",
                "api_management_api_id": "",
                "app_command_line": "",
                "application_stack": [
                  {
                    "docker_image": "",
                    "docker_image_tag": "",
                    "dotnet_version": "",
                    "java_server": "",
                    "java_server_version": "",
                    "java_version": "",
                    "node_version": "",
                    "php_version": "",
                    "python_version": "",
                    "ruby_version": ""
                  }
                ],
                "auto_heal_enabled": false,
                "auto_heal_setting": [],
                "container_registry_managed_identity_client_id": "",
                "container_registry_use_managed_identity": false,
                "cors": [],
                "default_documents": [
                  "Default.htm",
                  "Default.html",
                  "Default.asp",
                  "index.htm",
                  "index.html",
                  "iisstart.htm",
                  "default.aspx",
                  "index.php",
                  "hostingstart.html"
                ],
                "detailed_error_logging_enabled": false,
                "ftps_state": "Disabled",
                "health_check_eviction_time_in_min": 0,
                "health_check_path": "",
                "http2_enabled": false,
                "ip_restriction": [],
                "linux_fx_version": "",
                "load_balancing_mode": "LeastRequests",
                "local_mysql_enabled": false,
                "managed_pipeline_mode": "Integrated",
                "minimum_tls_version": "1.2",
                "remote_debugging_enabled": false,
                "remote_debugging_version": "VS2022",
                "scm_ip_restriction": [],
                "scm_minimum_tls_version": "1.2",
                "scm_type": "None",
                "scm_use_main_ip_restriction": false,
                "use_32_bit_worker": true,
                "vnet_route_all_enabled": false,
                "websockets_enabled": false,
                "worker_count": 1
              }
            ],
            "site_credential": [
              {
                "name": "$asw-sc-d-secretaria-be-01",
                "password": "le5DntuNlMfX8oCa6Y8NC29tyma8znPueB2xM8qvEDKejJov3ZlBX3FKi9dj"
              }
            ],
            "storage_account": [],
            "tags": {
              "architect": "Marco Callisaya",
              "creation_date": "13/09/24",
              "deploy_method": "Terraform",
              "environmnet": "DES",
              "location": "swedencentral",
              "owner": "AI",
              "provider": "Azure"
            },
            "timeouts": null
          },
          "sensitive_attributes": [
            [
              {
                "type": "get_attr",
                "value": "custom_domain_verification_id"
              }
            ]
          ],
          "private": "eyJlMmJmYjczMC1lY2FhLTExZTYtOGY4OC0zNDM2M2JjN2M0YzAiOnsiY3JlYXRlIjoxODAwMDAwMDAwMDAwLCJkZWxldGUiOjE4MDAwMDAwMDAwMDAsInJlYWQiOjMwMDAwMDAwMDAwMCwidXBkYXRlIjoxODAwMDAwMDAwMDAwfX0=",
          "dependencies": [
            "module.app_service.azurerm_service_plan.plan"
          ]
        },
        {
          "index_key": "app5",
          "schema_version": 0,
          "attributes": {
            "app_settings": null,
            "auth_settings": [
              {
                "active_directory": [],
                "additional_login_parameters": {},
                "allowed_external_redirect_urls": [],
                "default_provider": "",
                "enabled": false,
                "facebook": [],
                "github": [],
                "google": [],
                "issuer": "",
                "microsoft": [],
                "runtime_version": "",
                "token_refresh_extension_hours": 0,
                "token_store_enabled": false,
                "twitter": [],
                "unauthenticated_client_action": ""
              }
            ],
            "backup": [],
            "client_affinity_enabled": false,
            "client_certificate_enabled": false,
            "client_certificate_mode": "Required",
            "connection_string": [],
            "custom_domain_verification_id": "F7DFAF60145CE8C0D8B6F0828F7580D78301A23D54C8BCF5129167B2D40D58B5",
            "default_hostname": "asw-sc-d-snies-be-01.azurewebsites.net",
            "enabled": true,
            "https_only": false,
            "id": "/subscriptions/0f039cb4-2405-4c79-a4c9-9660c38a6b78/resourceGroups/rg-sc-d-ocr-01/providers/Microsoft.Web/sites/asw-sc-d-snies-be-01",
            "identity": [],
            "key_vault_reference_identity_id": "SystemAssigned",
            "kind": "app,linux",
            "location": "swedencentral",
            "logs": [],
            "name": "asw-sc-d-snies-be-01",
            "outbound_ip_address_list": [
              "4.225.78.152",
              "4.225.199.217",
              "4.225.79.236",
              "4.225.78.165",
              "4.225.24.11",
              "4.225.24.110",
              "51.12.31.8"
            ],
            "outbound_ip_addresses": "4.225.78.152,4.225.199.217,4.225.79.236,4.225.78.165,4.225.24.11,4.225.24.110,51.12.31.8",
            "possible_outbound_ip_address_list": [
              "4.225.195.99",
              "4.225.24.190",
              "4.225.24.198",
              "4.225.24.204",
              "74.241.204.158",
              "74.241.207.29",
              "74.241.209.196",
              "74.241.210.225",
              "74.241.210.245",
              "74.241.211.183",
              "74.241.212.216",
              "74.241.212.222",
              "74.241.213.67",
              "135.225.16.25",
              "135.225.16.84",
              "4.225.77.153",
              "74.241.142.64",
              "4.225.78.82",
              "4.225.78.152",
              "4.225.199.217",
              "4.225.79.236",
              "4.225.78.165",
              "4.225.24.11",
              "4.225.24.110",
              "4.225.195.99",
              "4.225.24.190",
              "4.225.24.198",
              "4.225.24.204",
              "74.241.204.158",
              "74.241.207.29",
              "4.225.76.9",
              "4.225.25.42",
              "74.241.203.193",
              "4.225.25.74",
              "4.225.25.129",
              "4.225.25.132",
              "51.12.31.8"
            ],
            "possible_outbound_ip_addresses": "4.225.195.99,4.225.24.190,4.225.24.198,4.225.24.204,74.241.204.158,74.241.207.29,74.241.209.196,74.241.210.225,74.241.210.245,74.241.211.183,74.241.212.216,74.241.212.222,74.241.213.67,135.225.16.25,135.225.16.84,4.225.77.153,74.241.142.64,4.225.78.82,4.225.78.152,4.225.199.217,4.225.79.236,4.225.78.165,4.225.24.11,4.225.24.110,4.225.195.99,4.225.24.190,4.225.24.198,4.225.24.204,74.241.204.158,74.241.207.29,4.225.76.9,4.225.25.42,74.241.203.193,4.225.25.74,4.225.25.129,4.225.25.132,51.12.31.8",
            "resource_group_name": "rg-sc-d-ocr-01",
            "service_plan_id": "/subscriptions/0f039cb4-2405-4c79-a4c9-9660c38a6b78/resourceGroups/rg-sc-d-ocr-01/providers/Microsoft.Web/serverfarms/plan-sc-d-ocr-01",
            "site_config": [
              {
                "always_on": true,
                "api_definition_url": "",
                "api_management_api_id": "",
                "app_command_line": "",
                "application_stack": [
                  {
                    "docker_image": "",
                    "docker_image_tag": "",
                    "dotnet_version": "",
                    "java_server": "",
                    "java_server_version": "",
                    "java_version": "",
                    "node_version": "",
                    "php_version": "",
                    "python_version": "",
                    "ruby_version": ""
                  }
                ],
                "auto_heal_enabled": false,
                "auto_heal_setting": [],
                "container_registry_managed_identity_client_id": "",
                "container_registry_use_managed_identity": false,
                "cors": [],
                "default_documents": [
                  "Default.htm",
                  "Default.html",
                  "Default.asp",
                  "index.htm",
                  "index.html",
                  "iisstart.htm",
                  "default.aspx",
                  "index.php",
                  "hostingstart.html"
                ],
                "detailed_error_logging_enabled": false,
                "ftps_state": "Disabled",
                "health_check_eviction_time_in_min": 0,
                "health_check_path": "",
                "http2_enabled": false,
                "ip_restriction": [],
                "linux_fx_version": "",
                "load_balancing_mode": "LeastRequests",
                "local_mysql_enabled": false,
                "managed_pipeline_mode": "Integrated",
                "minimum_tls_version": "1.2",
                "remote_debugging_enabled": false,
                "remote_debugging_version": "VS2022",
                "scm_ip_restriction": [],
                "scm_minimum_tls_version": "1.2",
                "scm_type": "None",
                "scm_use_main_ip_restriction": false,
                "use_32_bit_worker": true,
                "vnet_route_all_enabled": false,
                "websockets_enabled": false,
                "worker_count": 1
              }
            ],
            "site_credential": [
              {
                "name": "$asw-sc-d-snies-be-01",
                "password": "kTyQ5EFhniYl949eru7c2NkgrcJ2lZjFH6TlLQ6RL7AeJhZ9dniius4nMlwf"
              }
            ],
            "storage_account": [],
            "tags": {
              "architect": "Marco Callisaya",
              "creation_date": "13/09/24",
              "deploy_method": "Terraform",
              "environmnet": "DES",
              "location": "swedencentral",
              "owner": "AI",
              "provider": "Azure"
            },
            "timeouts": null
          },
          "sensitive_attributes": [
            [
              {
                "type": "get_attr",
                "value": "custom_domain_verification_id"
              }
            ]
          ],
          "private": "eyJlMmJmYjczMC1lY2FhLTExZTYtOGY4OC0zNDM2M2JjN2M0YzAiOnsiY3JlYXRlIjoxODAwMDAwMDAwMDAwLCJkZWxldGUiOjE4MDAwMDAwMDAwMDAsInJlYWQiOjMwMDAwMDAwMDAwMCwidXBkYXRlIjoxODAwMDAwMDAwMDAwfX0=",
          "dependencies": [
            "module.app_service.azurerm_service_plan.plan"
          ]
        },
        {
          "index_key": "app6",
          "schema_version": 0,
          "attributes": {
            "app_settings": null,
            "auth_settings": [
              {
                "active_directory": [],
                "additional_login_parameters": {},
                "allowed_external_redirect_urls": [],
                "default_provider": "",
                "enabled": false,
                "facebook": [],
                "github": [],
                "google": [],
                "issuer": "",
                "microsoft": [],
                "runtime_version": "",
                "token_refresh_extension_hours": 0,
                "token_store_enabled": false,
                "twitter": [],
                "unauthenticated_client_action": ""
              }
            ],
            "backup": [],
            "client_affinity_enabled": false,
            "client_certificate_enabled": false,
            "client_certificate_mode": "Required",
            "connection_string": [],
            "custom_domain_verification_id": "F7DFAF60145CE8C0D8B6F0828F7580D78301A23D54C8BCF5129167B2D40D58B5",
            "default_hostname": "asw-sc-d-apiructboe-findyearxml-be-01.azurewebsites.net",
            "enabled": true,
            "https_only": false,
            "id": "/subscriptions/0f039cb4-2405-4c79-a4c9-9660c38a6b78/resourceGroups/rg-sc-d-ocr-01/providers/Microsoft.Web/sites/asw-sc-d-apiructboe-findyearxml-be-01",
            "identity": [],
            "key_vault_reference_identity_id": "SystemAssigned",
            "kind": "app,linux",
            "location": "swedencentral",
            "logs": [],
            "name": "asw-sc-d-apiructboe-findyearxml-be-01",
            "outbound_ip_address_list": [
              "4.225.78.152",
              "4.225.199.217",
              "4.225.79.236",
              "4.225.78.165",
              "4.225.24.11",
              "4.225.24.110",
              "51.12.31.8"
            ],
            "outbound_ip_addresses": "4.225.78.152,4.225.199.217,4.225.79.236,4.225.78.165,4.225.24.11,4.225.24.110,51.12.31.8",
            "possible_outbound_ip_address_list": [
              "4.225.195.99",
              "4.225.24.190",
              "4.225.24.198",
              "4.225.24.204",
              "74.241.204.158",
              "74.241.207.29",
              "74.241.209.196",
              "74.241.210.225",
              "74.241.210.245",
              "74.241.211.183",
              "74.241.212.216",
              "74.241.212.222",
              "74.241.213.67",
              "135.225.16.25",
              "135.225.16.84",
              "4.225.77.153",
              "74.241.142.64",
              "4.225.78.82",
              "4.225.78.152",
              "4.225.199.217",
              "4.225.79.236",
              "4.225.78.165",
              "4.225.24.11",
              "4.225.24.110",
              "4.225.195.99",
              "4.225.24.190",
              "4.225.24.198",
              "4.225.24.204",
              "74.241.204.158",
              "74.241.207.29",
              "4.225.76.9",
              "4.225.25.42",
              "74.241.203.193",
              "4.225.25.74",
              "4.225.25.129",
              "4.225.25.132",
              "51.12.31.8"
            ],
            "possible_outbound_ip_addresses": "4.225.195.99,4.225.24.190,4.225.24.198,4.225.24.204,74.241.204.158,74.241.207.29,74.241.209.196,74.241.210.225,74.241.210.245,74.241.211.183,74.241.212.216,74.241.212.222,74.241.213.67,135.225.16.25,135.225.16.84,4.225.77.153,74.241.142.64,4.225.78.82,4.225.78.152,4.225.199.217,4.225.79.236,4.225.78.165,4.225.24.11,4.225.24.110,4.225.195.99,4.225.24.190,4.225.24.198,4.225.24.204,74.241.204.158,74.241.207.29,4.225.76.9,4.225.25.42,74.241.203.193,4.225.25.74,4.225.25.129,4.225.25.132,51.12.31.8",
            "resource_group_name": "rg-sc-d-ocr-01",
            "service_plan_id": "/subscriptions/0f039cb4-2405-4c79-a4c9-9660c38a6b78/resourceGroups/rg-sc-d-ocr-01/providers/Microsoft.Web/serverfarms/plan-sc-d-ocr-01",
            "site_config": [
              {
                "always_on": true,
                "api_definition_url": "",
                "api_management_api_id": "",
                "app_command_line": "",
                "application_stack": [
                  {
                    "docker_image": "",
                    "docker_image_tag": "",
                    "dotnet_version": "",
                    "java_server": "",
                    "java_server_version": "",
                    "java_version": "",
                    "node_version": "",
                    "php_version": "",
                    "python_version": "",
                    "ruby_version": ""
                  }
                ],
                "auto_heal_enabled": false,
                "auto_heal_setting": [],
                "container_registry_managed_identity_client_id": "",
                "container_registry_use_managed_identity": false,
                "cors": [],
                "default_documents": [
                  "Default.htm",
                  "Default.html",
                  "Default.asp",
                  "index.htm",
                  "index.html",
                  "iisstart.htm",
                  "default.aspx",
                  "index.php",
                  "hostingstart.html"
                ],
                "detailed_error_logging_enabled": false,
                "ftps_state": "Disabled",
                "health_check_eviction_time_in_min": 0,
                "health_check_path": "",
                "http2_enabled": false,
                "ip_restriction": [],
                "linux_fx_version": "",
                "load_balancing_mode": "LeastRequests",
                "local_mysql_enabled": false,
                "managed_pipeline_mode": "Integrated",
                "minimum_tls_version": "1.2",
                "remote_debugging_enabled": false,
                "remote_debugging_version": "VS2022",
                "scm_ip_restriction": [],
                "scm_minimum_tls_version": "1.2",
                "scm_type": "None",
                "scm_use_main_ip_restriction": false,
                "use_32_bit_worker": true,
                "vnet_route_all_enabled": false,
                "websockets_enabled": false,
                "worker_count": 1
              }
            ],
            "site_credential": [
              {
                "name": "$asw-sc-d-apiructboe-findyearxml-be-01",
                "password": "jgXmvH6y0xZCbankWkFlcKcLsGlj9jD9ppjWo1CYuzcGFPMCtapR5oyuXhl7"
              }
            ],
            "storage_account": [],
            "tags": {
              "architect": "Marco Callisaya",
              "creation_date": "13/09/24",
              "deploy_method": "Terraform",
              "environmnet": "DES",
              "location": "swedencentral",
              "owner": "AI",
              "provider": "Azure"
            },
            "timeouts": null
          },
          "sensitive_attributes": [
            [
              {
                "type": "get_attr",
                "value": "custom_domain_verification_id"
              }
            ]
          ],
          "private": "eyJlMmJmYjczMC1lY2FhLTExZTYtOGY4OC0zNDM2M2JjN2M0YzAiOnsiY3JlYXRlIjoxODAwMDAwMDAwMDAwLCJkZWxldGUiOjE4MDAwMDAwMDAwMDAsInJlYWQiOjMwMDAwMDAwMDAwMCwidXBkYXRlIjoxODAwMDAwMDAwMDAwfX0=",
          "dependencies": [
            "module.app_service.azurerm_service_plan.plan"
          ]
        },
        {
          "index_key": "app7",
          "schema_version": 0,
          "attributes": {
            "app_settings": null,
            "auth_settings": [
              {
                "active_directory": [],
                "additional_login_parameters": {},
                "allowed_external_redirect_urls": [],
                "default_provider": "",
                "enabled": false,
                "facebook": [],
                "github": [],
                "google": [],
                "issuer": "",
                "microsoft": [],
                "runtime_version": "",
                "token_refresh_extension_hours": 0,
                "token_store_enabled": false,
                "twitter": [],
                "unauthenticated_client_action": ""
              }
            ],
            "backup": [],
            "client_affinity_enabled": false,
            "client_certificate_enabled": false,
            "client_certificate_mode": "Required",
            "connection_string": [],
            "custom_domain_verification_id": "F7DFAF60145CE8C0D8B6F0828F7580D78301A23D54C8BCF5129167B2D40D58B5",
            "default_hostname": "asw-sc-d-ocr-spa-01.azurewebsites.net",
            "enabled": true,
            "https_only": false,
            "id": "/subscriptions/0f039cb4-2405-4c79-a4c9-9660c38a6b78/resourceGroups/rg-sc-d-ocr-01/providers/Microsoft.Web/sites/asw-sc-d-ocr-spa-01",
            "identity": [],
            "key_vault_reference_identity_id": "SystemAssigned",
            "kind": "app,linux",
            "location": "swedencentral",
            "logs": [],
            "name": "asw-sc-d-ocr-spa-01",
            "outbound_ip_address_list": [
              "4.225.78.152",
              "4.225.199.217",
              "4.225.79.236",
              "4.225.78.165",
              "4.225.24.11",
              "4.225.24.110",
              "51.12.31.8"
            ],
            "outbound_ip_addresses": "4.225.78.152,4.225.199.217,4.225.79.236,4.225.78.165,4.225.24.11,4.225.24.110,51.12.31.8",
            "possible_outbound_ip_address_list": [
              "4.225.195.99",
              "4.225.24.190",
              "4.225.24.198",
              "4.225.24.204",
              "74.241.204.158",
              "74.241.207.29",
              "74.241.209.196",
              "74.241.210.225",
              "74.241.210.245",
              "74.241.211.183",
              "74.241.212.216",
              "74.241.212.222",
              "74.241.213.67",
              "135.225.16.25",
              "135.225.16.84",
              "4.225.77.153",
              "74.241.142.64",
              "4.225.78.82",
              "4.225.78.152",
              "4.225.199.217",
              "4.225.79.236",
              "4.225.78.165",
              "4.225.24.11",
              "4.225.24.110",
              "4.225.195.99",
              "4.225.24.190",
              "4.225.24.198",
              "4.225.24.204",
              "74.241.204.158",
              "74.241.207.29",
              "4.225.76.9",
              "4.225.25.42",
              "74.241.203.193",
              "4.225.25.74",
              "4.225.25.129",
              "4.225.25.132",
              "51.12.31.8"
            ],
            "possible_outbound_ip_addresses": "4.225.195.99,4.225.24.190,4.225.24.198,4.225.24.204,74.241.204.158,74.241.207.29,74.241.209.196,74.241.210.225,74.241.210.245,74.241.211.183,74.241.212.216,74.241.212.222,74.241.213.67,135.225.16.25,135.225.16.84,4.225.77.153,74.241.142.64,4.225.78.82,4.225.78.152,4.225.199.217,4.225.79.236,4.225.78.165,4.225.24.11,4.225.24.110,4.225.195.99,4.225.24.190,4.225.24.198,4.225.24.204,74.241.204.158,74.241.207.29,4.225.76.9,4.225.25.42,74.241.203.193,4.225.25.74,4.225.25.129,4.225.25.132,51.12.31.8",
            "resource_group_name": "rg-sc-d-ocr-01",
            "service_plan_id": "/subscriptions/0f039cb4-2405-4c79-a4c9-9660c38a6b78/resourceGroups/rg-sc-d-ocr-01/providers/Microsoft.Web/serverfarms/plan-sc-d-ocr-01",
            "site_config": [
              {
                "always_on": true,
                "api_definition_url": "",
                "api_management_api_id": "",
                "app_command_line": "",
                "application_stack": [
                  {
                    "docker_image": "",
                    "docker_image_tag": "",
                    "dotnet_version": "",
                    "java_server": "",
                    "java_server_version": "",
                    "java_version": "",
                    "node_version": "",
                    "php_version": "",
                    "python_version": "",
                    "ruby_version": ""
                  }
                ],
                "auto_heal_enabled": false,
                "auto_heal_setting": [],
                "container_registry_managed_identity_client_id": "",
                "container_registry_use_managed_identity": false,
                "cors": [],
                "default_documents": [
                  "Default.htm",
                  "Default.html",
                  "Default.asp",
                  "index.htm",
                  "index.html",
                  "iisstart.htm",
                  "default.aspx",
                  "index.php",
                  "hostingstart.html"
                ],
                "detailed_error_logging_enabled": false,
                "ftps_state": "Disabled",
                "health_check_eviction_time_in_min": 0,
                "health_check_path": "",
                "http2_enabled": false,
                "ip_restriction": [],
                "linux_fx_version": "",
                "load_balancing_mode": "LeastRequests",
                "local_mysql_enabled": false,
                "managed_pipeline_mode": "Integrated",
                "minimum_tls_version": "1.2",
                "remote_debugging_enabled": false,
                "remote_debugging_version": "VS2022",
                "scm_ip_restriction": [],
                "scm_minimum_tls_version": "1.2",
                "scm_type": "None",
                "scm_use_main_ip_restriction": false,
                "use_32_bit_worker": true,
                "vnet_route_all_enabled": false,
                "websockets_enabled": false,
                "worker_count": 1
              }
            ],
            "site_credential": [
              {
                "name": "$asw-sc-d-ocr-spa-01",
                "password": "456RMvY5PKAl6jdRmrSpwaKsmEDA9sBcDcduCBxtmcTp9jldCjzqh875RuR7"
              }
            ],
            "storage_account": [],
            "tags": {
              "architect": "Marco Callisaya",
              "creation_date": "13/09/24",
              "deploy_method": "Terraform",
              "environmnet": "DES",
              "location": "swedencentral",
              "owner": "AI",
              "provider": "Azure"
            },
            "timeouts": null
          },
          "sensitive_attributes": [
            [
              {
                "type": "get_attr",
                "value": "custom_domain_verification_id"
              }
            ]
          ],
          "private": "eyJlMmJmYjczMC1lY2FhLTExZTYtOGY4OC0zNDM2M2JjN2M0YzAiOnsiY3JlYXRlIjoxODAwMDAwMDAwMDAwLCJkZWxldGUiOjE4MDAwMDAwMDAwMDAsInJlYWQiOjMwMDAwMDAwMDAwMCwidXBkYXRlIjoxODAwMDAwMDAwMDAwfX0=",
          "dependencies": [
            "module.app_service.azurerm_service_plan.plan"
          ]
        }
      ]
    },
    {
      "module": "module.app_service",
      "mode": "managed",
      "type": "azurerm_service_plan",
      "name": "plan",
      "provider": "provider[\"registry.terraform.io/hashicorp/azurerm\"]",
      "instances": [
        {
          "schema_version": 0,
          "attributes": {
            "app_service_environment_id": "",
            "id": "/subscriptions/0f039cb4-2405-4c79-a4c9-9660c38a6b78/resourceGroups/rg-sc-d-ocr-01/providers/Microsoft.Web/serverfarms/plan-sc-d-ocr-01",
            "kind": "linux",
            "location": "swedencentral",
            "maximum_elastic_worker_count": 1,
            "name": "plan-sc-d-ocr-01",
            "os_type": "Linux",
            "per_site_scaling_enabled": false,
            "reserved": true,
            "resource_group_name": "rg-sc-d-ocr-01",
            "sku_name": "P1v3",
            "tags": {
              "architect": "Marco Callisaya",
              "creation_date": "13/09/24",
              "deploy_method": "Terraform",
              "environmnet": "DES",
              "location": "swedencentral",
              "owner": "AI",
              "provider": "Azure"
            },
            "timeouts": null,
            "worker_count": 1
          },
          "sensitive_attributes": [],
          "private": "eyJlMmJmYjczMC1lY2FhLTExZTYtOGY4OC0zNDM2M2JjN2M0YzAiOnsiY3JlYXRlIjozNjAwMDAwMDAwMDAwLCJkZWxldGUiOjM2MDAwMDAwMDAwMDAsInJlYWQiOjMwMDAwMDAwMDAwMCwidXBkYXRlIjozNjAwMDAwMDAwMDAwfX0="
        }
      ]
    },
    {
      "module": "module.azure_function",
      "mode": "managed",
      "type": "azurerm_linux_function_app",
      "name": "example",
      "provider": "provider[\"registry.terraform.io/hashicorp/azurerm\"]",
      "instances": [
        {
          "schema_version": 0,
          "attributes": {
            "app_settings": {},
            "auth_settings": [
              {
                "active_directory": [],
                "additional_login_parameters": {},
                "allowed_external_redirect_urls": [],
                "default_provider": "",
                "enabled": false,
                "facebook": [],
                "github": [],
                "google": [],
                "issuer": "",
                "microsoft": [],
                "runtime_version": "",
                "token_refresh_extension_hours": 0,
                "token_store_enabled": false,
                "twitter": [],
                "unauthenticated_client_action": ""
              }
            ],
            "backup": [],
            "builtin_logging_enabled": true,
            "client_certificate_enabled": false,
            "client_certificate_mode": "Optional",
            "connection_string": [],
            "content_share_force_disabled": false,
            "custom_domain_verification_id": "",
            "daily_memory_time_quota": 0,
            "default_hostname": "",
            "enabled": true,
            "functions_extension_version": "~4",
            "https_only": false,
            "id": "/subscriptions/0f039cb4-2405-4c79-a4c9-9660c38a6b78/resourceGroups/rg-sc-d-ocr-01/providers/Microsoft.Web/sites/fna-sc-d-verifyendeddocscron-01",
            "identity": [],
            "key_vault_reference_identity_id": "SystemAssigned",
            "kind": "functionapp,linux",
            "location": "swedencentral",
            "name": "fna-sc-d-verifyendeddocscron-01",
            "outbound_ip_address_list": [],
            "outbound_ip_addresses": "",
            "possible_outbound_ip_address_list": [],
            "possible_outbound_ip_addresses": "",
            "resource_group_name": "rg-sc-d-ocr-01",
            "service_plan_id": "/subscriptions/0f039cb4-2405-4c79-a4c9-9660c38a6b78/resourceGroups/rg-sc-d-ocr-01/providers/Microsoft.Web/serverfarms/plan-sc-d-ocr-01",
            "site_config": [
              {
                "always_on": false,
                "api_definition_url": "",
                "api_management_api_id": "",
                "app_command_line": "",
                "app_scale_limit": 0,
                "app_service_logs": [],
                "application_insights_connection_string": "",
                "application_insights_key": "",
                "application_stack": [],
                "container_registry_managed_identity_client_id": "",
                "container_registry_use_managed_identity": false,
                "cors": [],
                "default_documents": [
                  "Default.htm",
                  "Default.html",
                  "Default.asp",
                  "index.htm",
                  "index.html",
                  "iisstart.htm",
                  "default.aspx",
                  "index.php"
                ],
                "detailed_error_logging_enabled": false,
                "elastic_instance_minimum": 0,
                "ftps_state": "Disabled",
                "health_check_eviction_time_in_min": 0,
                "health_check_path": "",
                "http2_enabled": false,
                "ip_restriction": [],
                "linux_fx_version": "",
                "load_balancing_mode": "LeastRequests",
                "managed_pipeline_mode": "Integrated",
                "minimum_tls_version": "1.2",
                "pre_warmed_instance_count": 0,
                "remote_debugging_enabled": false,
                "remote_debugging_version": "",
                "runtime_scale_monitoring_enabled": false,
                "scm_ip_restriction": [],
                "scm_minimum_tls_version": "1.2",
                "scm_type": "None",
                "scm_use_main_ip_restriction": false,
                "use_32_bit_worker": false,
                "vnet_route_all_enabled": false,
                "websockets_enabled": false,
                "worker_count": 1
              }
            ],
            "site_credential": [
              {
                "name": "$fna-sc-d-verifyendeddocscron-01",
                "password": "tAfTgnXGXYj1fnmxSfXPwv9T4nrWKhW0g4P6SsAg0a4E9wLkBard0nDxPor1"
              }
            ],
            "storage_account_access_key": "e3XarFAIUh1waTwJoQvH3CJbimS3UaAiAjRKxKjMAxASH+1LDPJ1MOav2E7Aqug880ktYp4hmCjH+AStyJosDA==",
            "storage_account_name": "stscdstgappfunctions01",
            "storage_key_vault_secret_id": "",
            "storage_uses_managed_identity": false,
            "tags": {
              "architect": "Marco Callisaya",
              "creation_date": "13/09/24",
              "deploy_method": "Terraform",
              "environmnet": "DES",
              "location": "swedencentral",
              "owner": "AI",
              "provider": "Azure"
            },
            "timeouts": null
          },
          "sensitive_attributes": [
            [
              {
                "type": "get_attr",
                "value": "storage_account_access_key"
              }
            ],
            [
              {
                "type": "get_attr",
                "value": "custom_domain_verification_id"
              }
            ],
            [
              {
                "type": "get_attr",
                "value": "site_config"
              },
              {
                "type": "index",
                "value": {
                  "value": 0,
                  "type": "number"
                }
              },
              {
                "type": "get_attr",
                "value": "application_insights_connection_string"
              }
            ],
            [
              {
                "type": "get_attr",
                "value": "site_config"
              },
              {
                "type": "index",
                "value": {
                  "value": 0,
                  "type": "number"
                }
              },
              {
                "type": "get_attr",
                "value": "application_insights_key"
              }
            ]
          ],
          "private": "eyJlMmJmYjczMC1lY2FhLTExZTYtOGY4OC0zNDM2M2JjN2M0YzAiOnsiY3JlYXRlIjoxODAwMDAwMDAwMDAwLCJkZWxldGUiOjE4MDAwMDAwMDAwMDAsInJlYWQiOjMwMDAwMDAwMDAwMCwidXBkYXRlIjoxODAwMDAwMDAwMDAwfX0=",
          "dependencies": [
            "module.app_service.azurerm_service_plan.plan",
            "module.azure_function.azurerm_storage_account.example"
          ]
        }
      ]
    },
    {
      "module": "module.azure_function",
      "mode": "managed",
      "type": "azurerm_storage_account",
      "name": "example",
      "provider": "provider[\"registry.terraform.io/hashicorp/azurerm\"]",
      "instances": [
        {
          "schema_version": 3,
          "attributes": {
            "access_tier": "Hot",
            "account_kind": "StorageV2",
            "account_replication_type": "LRS",
            "account_tier": "Standard",
            "allow_nested_items_to_be_public": true,
            "azure_files_authentication": [],
            "blob_properties": [
              {
                "change_feed_enabled": false,
                "container_delete_retention_policy": [],
                "cors_rule": [],
                "default_service_version": "",
                "delete_retention_policy": [],
                "last_access_time_enabled": false,
                "versioning_enabled": false
              }
            ],
            "custom_domain": [],
            "customer_managed_key": [],
            "edge_zone": "",
            "enable_https_traffic_only": true,
            "id": "/subscriptions/0f039cb4-2405-4c79-a4c9-9660c38a6b78/resourceGroups/rg-sc-d-ocr-01/providers/Microsoft.Storage/storageAccounts/stscdstgappfunctions01",
            "identity": [],
            "infrastructure_encryption_enabled": false,
            "is_hns_enabled": false,
            "large_file_share_enabled": null,
            "location": "swedencentral",
            "min_tls_version": "TLS1_2",
            "name": "stscdstgappfunctions01",
            "network_rules": [
              {
                "bypass": [
                  "AzureServices"
                ],
                "default_action": "Allow",
                "ip_rules": [],
                "private_link_access": [],
                "virtual_network_subnet_ids": []
              }
            ],
            "nfsv3_enabled": false,
            "primary_access_key": "e3XarFAIUh1waTwJoQvH3CJbimS3UaAiAjRKxKjMAxASH+1LDPJ1MOav2E7Aqug880ktYp4hmCjH+AStyJosDA==",
            "primary_blob_connection_string": "DefaultEndpointsProtocol=https;BlobEndpoint=https://stscdstgappfunctions01.blob.core.windows.net/;AccountName=stscdstgappfunctions01;AccountKey=e3XarFAIUh1waTwJoQvH3CJbimS3UaAiAjRKxKjMAxASH+1LDPJ1MOav2E7Aqug880ktYp4hmCjH+AStyJosDA==",
            "primary_blob_endpoint": "https://stscdstgappfunctions01.blob.core.windows.net/",
            "primary_blob_host": "stscdstgappfunctions01.blob.core.windows.net",
            "primary_connection_string": "DefaultEndpointsProtocol=https;AccountName=stscdstgappfunctions01;AccountKey=e3XarFAIUh1waTwJoQvH3CJbimS3UaAiAjRKxKjMAxASH+1LDPJ1MOav2E7Aqug880ktYp4hmCjH+AStyJosDA==;EndpointSuffix=core.windows.net",
            "primary_dfs_endpoint": "https://stscdstgappfunctions01.dfs.core.windows.net/",
            "primary_dfs_host": "stscdstgappfunctions01.dfs.core.windows.net",
            "primary_file_endpoint": "https://stscdstgappfunctions01.file.core.windows.net/",
            "primary_file_host": "stscdstgappfunctions01.file.core.windows.net",
            "primary_location": "swedencentral",
            "primary_queue_endpoint": "https://stscdstgappfunctions01.queue.core.windows.net/",
            "primary_queue_host": "stscdstgappfunctions01.queue.core.windows.net",
            "primary_table_endpoint": "https://stscdstgappfunctions01.table.core.windows.net/",
            "primary_table_host": "stscdstgappfunctions01.table.core.windows.net",
            "primary_web_endpoint": "https://stscdstgappfunctions01.z1.web.core.windows.net/",
            "primary_web_host": "stscdstgappfunctions01.z1.web.core.windows.net",
            "queue_encryption_key_type": "Service",
            "queue_properties": [
              {
                "cors_rule": [],
                "hour_metrics": [
                  {
                    "enabled": true,
                    "include_apis": true,
                    "retention_policy_days": 7,
                    "version": "1.0"
                  }
                ],
                "logging": [
                  {
                    "delete": false,
                    "read": false,
                    "retention_policy_days": 0,
                    "version": "1.0",
                    "write": false
                  }
                ],
                "minute_metrics": [
                  {
                    "enabled": false,
                    "include_apis": false,
                    "retention_policy_days": 0,
                    "version": "1.0"
                  }
                ]
              }
            ],
            "resource_group_name": "rg-sc-d-ocr-01",
            "routing": [],
            "secondary_access_key": "ZaWoW8wBG/ZgOb9sh6HKZNvlMpXlBhnBN8vRCNNy0UZXhc8t1Knf6eVMp668IQD4dxrG4fNOTQw6+AStgorI/w==",
            "secondary_blob_connection_string": "",
            "secondary_blob_endpoint": null,
            "secondary_blob_host": null,
            "secondary_connection_string": "DefaultEndpointsProtocol=https;AccountName=stscdstgappfunctions01;AccountKey=ZaWoW8wBG/ZgOb9sh6HKZNvlMpXlBhnBN8vRCNNy0UZXhc8t1Knf6eVMp668IQD4dxrG4fNOTQw6+AStgorI/w==;EndpointSuffix=core.windows.net",
            "secondary_dfs_endpoint": null,
            "secondary_dfs_host": null,
            "secondary_file_endpoint": null,
            "secondary_file_host": null,
            "secondary_location": "",
            "secondary_queue_endpoint": null,
            "secondary_queue_host": null,
            "secondary_table_endpoint": null,
            "secondary_table_host": null,
            "secondary_web_endpoint": null,
            "secondary_web_host": null,
            "share_properties": [
              {
                "cors_rule": [],
                "retention_policy": [
                  {
                    "days": 7
                  }
                ],
                "smb": []
              }
            ],
            "shared_access_key_enabled": true,
            "static_website": [],
            "table_encryption_key_type": "Service",
            "tags": {
              "architect": "Marco Callisaya",
              "creation_date": "13/09/24",
              "deploy_method": "Terraform",
              "environmnet": "DES",
              "location": "swedencentral",
              "owner": "AI",
              "provider": "Azure"
            },
            "timeouts": null
          },
          "sensitive_attributes": [
            [
              {
                "type": "get_attr",
                "value": "secondary_blob_connection_string"
              }
            ],
            [
              {
                "type": "get_attr",
                "value": "primary_blob_connection_string"
              }
            ],
            [
              {
                "type": "get_attr",
                "value": "secondary_access_key"
              }
            ],
            [
              {
                "type": "get_attr",
                "value": "primary_access_key"
              }
            ],
            [
              {
                "type": "get_attr",
                "value": "secondary_connection_string"
              }
            ],
            [
              {
                "type": "get_attr",
                "value": "primary_connection_string"
              }
            ]
          ],
          "private": "eyJlMmJmYjczMC1lY2FhLTExZTYtOGY4OC0zNDM2M2JjN2M0YzAiOnsiY3JlYXRlIjozNjAwMDAwMDAwMDAwLCJkZWxldGUiOjM2MDAwMDAwMDAwMDAsInJlYWQiOjMwMDAwMDAwMDAwMCwidXBkYXRlIjozNjAwMDAwMDAwMDAwfSwic2NoZW1hX3ZlcnNpb24iOiIzIn0="
        }
      ]
    },
    {
      "module": "module.service_bus",
      "mode": "managed",
      "type": "azurerm_servicebus_namespace",
      "name": "example",
      "provider": "provider[\"registry.terraform.io/hashicorp/azurerm\"]",
      "instances": [
        {
          "schema_version": 1,
          "attributes": {
            "capacity": 0,
            "default_primary_connection_string": "Endpoint=sb://sb-sc-d-apiocr-01.servicebus.windows.net/;SharedAccessKeyName=RootManageSharedAccessKey;SharedAccessKey=5zfwG8SNB4MZBLGQF9axIaxz8wcG8M9S3+ASbKMnoes=",
            "default_primary_key": "5zfwG8SNB4MZBLGQF9axIaxz8wcG8M9S3+ASbKMnoes=",
            "default_secondary_connection_string": "Endpoint=sb://sb-sc-d-apiocr-01.servicebus.windows.net/;SharedAccessKeyName=RootManageSharedAccessKey;SharedAccessKey=oZTk80xiZPtymHMSASEGWublrz4uyJRxb+ASbExdtVk=",
            "default_secondary_key": "oZTk80xiZPtymHMSASEGWublrz4uyJRxb+ASbExdtVk=",
            "id": "/subscriptions/0f039cb4-2405-4c79-a4c9-9660c38a6b78/resourceGroups/rg-sc-d-ocr-01/providers/Microsoft.ServiceBus/namespaces/sb-sc-d-apiocr-01",
            "identity": [],
            "location": "swedencentral",
            "name": "sb-sc-d-apiocr-01",
            "resource_group_name": "rg-sc-d-ocr-01",
            "sku": "Standard",
            "tags": {
              "architect": "Marco Callisaya",
              "creation_date": "13/09/24",
              "deploy_method": "Terraform",
              "environmnet": "DES",
              "location": "swedencentral",
              "owner": "AI",
              "provider": "Azure"
            },
            "timeouts": null,
            "zone_redundant": false
          },
          "sensitive_attributes": [
            [
              {
                "type": "get_attr",
                "value": "default_primary_connection_string"
              }
            ],
            [
              {
                "type": "get_attr",
                "value": "default_secondary_connection_string"
              }
            ],
            [
              {
                "type": "get_attr",
                "value": "default_primary_key"
              }
            ],
            [
              {
                "type": "get_attr",
                "value": "default_secondary_key"
              }
            ]
          ],
          "private": "eyJlMmJmYjczMC1lY2FhLTExZTYtOGY4OC0zNDM2M2JjN2M0YzAiOnsiY3JlYXRlIjoxODAwMDAwMDAwMDAwLCJkZWxldGUiOjE4MDAwMDAwMDAwMDAsInJlYWQiOjMwMDAwMDAwMDAwMCwidXBkYXRlIjoxODAwMDAwMDAwMDAwfSwic2NoZW1hX3ZlcnNpb24iOiIxIn0="
        }
      ]
    },
    {
      "module": "module.service_bus",
      "mode": "managed",
      "type": "azurerm_servicebus_queue",
      "name": "example",
      "provider": "provider[\"registry.terraform.io/hashicorp/azurerm\"]",
      "instances": [
        {
          "index_key": "queue1",
          "schema_version": 0,
          "attributes": {
            "auto_delete_on_idle": "P10675199DT2H48M5.4775807S",
            "dead_lettering_on_message_expiration": true,
            "default_message_ttl": "P1D",
            "duplicate_detection_history_time_window": "PT10M",
            "enable_batched_operations": true,
            "enable_express": false,
            "enable_partitioning": false,
            "forward_dead_lettered_messages_to": "",
            "forward_to": "",
            "id": "/subscriptions/0f039cb4-2405-4c79-a4c9-9660c38a6b78/resourceGroups/rg-sc-d-ocr-01/providers/Microsoft.ServiceBus/namespaces/sb-sc-d-apiocr-01/queues/processfilequeue",
            "lock_duration": "PT5M",
            "max_delivery_count": 10,
            "max_message_size_in_kilobytes": 256,
            "max_size_in_megabytes": 1024,
            "name": "processfilequeue",
            "namespace_id": "/subscriptions/0f039cb4-2405-4c79-a4c9-9660c38a6b78/resourceGroups/rg-sc-d-ocr-01/providers/Microsoft.ServiceBus/namespaces/sb-sc-d-apiocr-01",
            "requires_duplicate_detection": true,
            "requires_session": false,
            "status": "Active",
            "timeouts": null
          },
          "sensitive_attributes": [],
          "private": "eyJlMmJmYjczMC1lY2FhLTExZTYtOGY4OC0zNDM2M2JjN2M0YzAiOnsiY3JlYXRlIjoxODAwMDAwMDAwMDAwLCJkZWxldGUiOjE4MDAwMDAwMDAwMDAsInJlYWQiOjMwMDAwMDAwMDAwMCwidXBkYXRlIjoxODAwMDAwMDAwMDAwfX0=",
          "dependencies": [
            "module.service_bus.azurerm_servicebus_namespace.example"
          ]
        },
        {
          "index_key": "queue10",
          "schema_version": 0,
          "attributes": {
            "auto_delete_on_idle": "P10675199DT2H48M5.4775807S",
            "dead_lettering_on_message_expiration": true,
            "default_message_ttl": "P1D",
            "duplicate_detection_history_time_window": "PT10M",
            "enable_batched_operations": true,
            "enable_express": false,
            "enable_partitioning": false,
            "forward_dead_lettered_messages_to": "",
            "forward_to": "",
            "id": "/subscriptions/0f039cb4-2405-4c79-a4c9-9660c38a6b78/resourceGroups/rg-sc-d-ocr-01/providers/Microsoft.ServiceBus/namespaces/sb-sc-d-apiocr-01/queues/datavalidationqueue",
            "lock_duration": "PT5M",
            "max_delivery_count": 10,
            "max_message_size_in_kilobytes": 256,
            "max_size_in_megabytes": 1024,
            "name": "datavalidationqueue",
            "namespace_id": "/subscriptions/0f039cb4-2405-4c79-a4c9-9660c38a6b78/resourceGroups/rg-sc-d-ocr-01/providers/Microsoft.ServiceBus/namespaces/sb-sc-d-apiocr-01",
            "requires_duplicate_detection": true,
            "requires_session": false,
            "status": "Active",
            "timeouts": null
          },
          "sensitive_attributes": [],
          "private": "eyJlMmJmYjczMC1lY2FhLTExZTYtOGY4OC0zNDM2M2JjN2M0YzAiOnsiY3JlYXRlIjoxODAwMDAwMDAwMDAwLCJkZWxldGUiOjE4MDAwMDAwMDAwMDAsInJlYWQiOjMwMDAwMDAwMDAwMCwidXBkYXRlIjoxODAwMDAwMDAwMDAwfX0=",
          "dependencies": [
            "module.service_bus.azurerm_servicebus_namespace.example"
          ]
        },
        {
          "index_key": "queue2",
          "schema_version": 0,
          "attributes": {
            "auto_delete_on_idle": "P10675199DT2H48M5.4775807S",
            "dead_lettering_on_message_expiration": true,
            "default_message_ttl": "P1D",
            "duplicate_detection_history_time_window": "PT10M",
            "enable_batched_operations": true,
            "enable_express": false,
            "enable_partitioning": false,
            "forward_dead_lettered_messages_to": "",
            "forward_to": "",
            "id": "/subscriptions/0f039cb4-2405-4c79-a4c9-9660c38a6b78/resourceGroups/rg-sc-d-ocr-01/providers/Microsoft.ServiceBus/namespaces/sb-sc-d-apiocr-01/queues/iafulltextqueue",
            "lock_duration": "PT5M",
            "max_delivery_count": 10,
            "max_message_size_in_kilobytes": 256,
            "max_size_in_megabytes": 1024,
            "name": "iafulltextqueue",
            "namespace_id": "/subscriptions/0f039cb4-2405-4c79-a4c9-9660c38a6b78/resourceGroups/rg-sc-d-ocr-01/providers/Microsoft.ServiceBus/namespaces/sb-sc-d-apiocr-01",
            "requires_duplicate_detection": true,
            "requires_session": false,
            "status": "Active",
            "timeouts": null
          },
          "sensitive_attributes": [],
          "private": "eyJlMmJmYjczMC1lY2FhLTExZTYtOGY4OC0zNDM2M2JjN2M0YzAiOnsiY3JlYXRlIjoxODAwMDAwMDAwMDAwLCJkZWxldGUiOjE4MDAwMDAwMDAwMDAsInJlYWQiOjMwMDAwMDAwMDAwMCwidXBkYXRlIjoxODAwMDAwMDAwMDAwfX0=",
          "dependencies": [
            "module.service_bus.azurerm_servicebus_namespace.example"
          ]
        },
        {
          "index_key": "queue3",
          "schema_version": 0,
          "attributes": {
            "auto_delete_on_idle": "P10675199DT2H48M5.4775807S",
            "dead_lettering_on_message_expiration": true,
            "default_message_ttl": "P1D",
            "duplicate_detection_history_time_window": "PT10M",
            "enable_batched_operations": true,
            "enable_express": false,
            "enable_partitioning": false,
            "forward_dead_lettered_messages_to": "",
            "forward_to": "",
            "id": "/subscriptions/0f039cb4-2405-4c79-a4c9-9660c38a6b78/resourceGroups/rg-sc-d-ocr-01/providers/Microsoft.ServiceBus/namespaces/sb-sc-d-apiocr-01/queues/matchingqueue",
            "lock_duration": "PT5M",
            "max_delivery_count": 10,
            "max_message_size_in_kilobytes": 256,
            "max_size_in_megabytes": 1024,
            "name": "matchingqueue",
            "namespace_id": "/subscriptions/0f039cb4-2405-4c79-a4c9-9660c38a6b78/resourceGroups/rg-sc-d-ocr-01/providers/Microsoft.ServiceBus/namespaces/sb-sc-d-apiocr-01",
            "requires_duplicate_detection": true,
            "requires_session": false,
            "status": "Active",
            "timeouts": null
          },
          "sensitive_attributes": [],
          "private": "eyJlMmJmYjczMC1lY2FhLTExZTYtOGY4OC0zNDM2M2JjN2M0YzAiOnsiY3JlYXRlIjoxODAwMDAwMDAwMDAwLCJkZWxldGUiOjE4MDAwMDAwMDAwMDAsInJlYWQiOjMwMDAwMDAwMDAwMCwidXBkYXRlIjoxODAwMDAwMDAwMDAwfX0=",
          "dependencies": [
            "module.service_bus.azurerm_servicebus_namespace.example"
          ]
        },
        {
          "index_key": "queue4",
          "schema_version": 0,
          "attributes": {
            "auto_delete_on_idle": "P10675199DT2H48M5.4775807S",
            "dead_lettering_on_message_expiration": true,
            "default_message_ttl": "P1D",
            "duplicate_detection_history_time_window": "PT10M",
            "enable_batched_operations": true,
            "enable_express": false,
            "enable_partitioning": false,
            "forward_dead_lettered_messages_to": "",
            "forward_to": "",
            "id": "/subscriptions/0f039cb4-2405-4c79-a4c9-9660c38a6b78/resourceGroups/rg-sc-d-ocr-01/providers/Microsoft.ServiceBus/namespaces/sb-sc-d-apiocr-01/queues/pendingyearqueue",
            "lock_duration": "PT5M",
            "max_delivery_count": 10,
            "max_message_size_in_kilobytes": 256,
            "max_size_in_megabytes": 1024,
            "name": "pendingyearqueue",
            "namespace_id": "/subscriptions/0f039cb4-2405-4c79-a4c9-9660c38a6b78/resourceGroups/rg-sc-d-ocr-01/providers/Microsoft.ServiceBus/namespaces/sb-sc-d-apiocr-01",
            "requires_duplicate_detection": true,
            "requires_session": false,
            "status": "Active",
            "timeouts": null
          },
          "sensitive_attributes": [],
          "private": "eyJlMmJmYjczMC1lY2FhLTExZTYtOGY4OC0zNDM2M2JjN2M0YzAiOnsiY3JlYXRlIjoxODAwMDAwMDAwMDAwLCJkZWxldGUiOjE4MDAwMDAwMDAwMDAsInJlYWQiOjMwMDAwMDAwMDAwMCwidXBkYXRlIjoxODAwMDAwMDAwMDAwfX0=",
          "dependencies": [
            "module.service_bus.azurerm_servicebus_namespace.example"
          ]
        },
        {
          "index_key": "queue5",
          "schema_version": 0,
          "attributes": {
            "auto_delete_on_idle": "P10675199DT2H48M5.4775807S",
            "dead_lettering_on_message_expiration": true,
            "default_message_ttl": "P1D",
            "duplicate_detection_history_time_window": "PT10M",
            "enable_batched_operations": true,
            "enable_express": false,
            "enable_partitioning": false,
            "forward_dead_lettered_messages_to": "",
            "forward_to": "",
            "id": "/subscriptions/0f039cb4-2405-4c79-a4c9-9660c38a6b78/resourceGroups/rg-sc-d-ocr-01/providers/Microsoft.ServiceBus/namespaces/sb-sc-d-apiocr-01/queues/yearxmlmatchingqueue",
            "lock_duration": "PT5M",
            "max_delivery_count": 10,
            "max_message_size_in_kilobytes": 256,
            "max_size_in_megabytes": 1024,
            "name": "yearxmlmatchingqueue",
            "namespace_id": "/subscriptions/0f039cb4-2405-4c79-a4c9-9660c38a6b78/resourceGroups/rg-sc-d-ocr-01/providers/Microsoft.ServiceBus/namespaces/sb-sc-d-apiocr-01",
            "requires_duplicate_detection": true,
            "requires_session": false,
            "status": "Active",
            "timeouts": null
          },
          "sensitive_attributes": [],
          "private": "eyJlMmJmYjczMC1lY2FhLTExZTYtOGY4OC0zNDM2M2JjN2M0YzAiOnsiY3JlYXRlIjoxODAwMDAwMDAwMDAwLCJkZWxldGUiOjE4MDAwMDAwMDAwMDAsInJlYWQiOjMwMDAwMDAwMDAwMCwidXBkYXRlIjoxODAwMDAwMDAwMDAwfX0=",
          "dependencies": [
            "module.service_bus.azurerm_servicebus_namespace.example"
          ]
        },
        {
          "index_key": "queue6",
          "schema_version": 0,
          "attributes": {
            "auto_delete_on_idle": "P10675199DT2H48M5.4775807S",
            "dead_lettering_on_message_expiration": true,
            "default_message_ttl": "P1D",
            "duplicate_detection_history_time_window": "PT10M",
            "enable_batched_operations": true,
            "enable_express": false,
            "enable_partitioning": false,
            "forward_dead_lettered_messages_to": "",
            "forward_to": "",
            "id": "/subscriptions/0f039cb4-2405-4c79-a4c9-9660c38a6b78/resourceGroups/rg-sc-d-ocr-01/providers/Microsoft.ServiceBus/namespaces/sb-sc-d-apiocr-01/queues/pendingsniesvalidationqueue",
            "lock_duration": "PT5M",
            "max_delivery_count": 10,
            "max_message_size_in_kilobytes": 256,
            "max_size_in_megabytes": 1024,
            "name": "pendingsniesvalidationqueue",
            "namespace_id": "/subscriptions/0f039cb4-2405-4c79-a4c9-9660c38a6b78/resourceGroups/rg-sc-d-ocr-01/providers/Microsoft.ServiceBus/namespaces/sb-sc-d-apiocr-01",
            "requires_duplicate_detection": true,
            "requires_session": false,
            "status": "Active",
            "timeouts": null
          },
          "sensitive_attributes": [],
          "private": "eyJlMmJmYjczMC1lY2FhLTExZTYtOGY4OC0zNDM2M2JjN2M0YzAiOnsiY3JlYXRlIjoxODAwMDAwMDAwMDAwLCJkZWxldGUiOjE4MDAwMDAwMDAwMDAsInJlYWQiOjMwMDAwMDAwMDAwMCwidXBkYXRlIjoxODAwMDAwMDAwMDAwfX0=",
          "dependencies": [
            "module.service_bus.azurerm_servicebus_namespace.example"
          ]
        },
        {
          "index_key": "queue7",
          "schema_version": 0,
          "attributes": {
            "auto_delete_on_idle": "P10675199DT2H48M5.4775807S",
            "dead_lettering_on_message_expiration": true,
            "default_message_ttl": "P1D",
            "duplicate_detection_history_time_window": "PT10M",
            "enable_batched_operations": true,
            "enable_express": false,
            "enable_partitioning": false,
            "forward_dead_lettered_messages_to": "",
            "forward_to": "",
            "id": "/subscriptions/0f039cb4-2405-4c79-a4c9-9660c38a6b78/resourceGroups/rg-sc-d-ocr-01/providers/Microsoft.ServiceBus/namespaces/sb-sc-d-apiocr-01/queues/docprovidedqueue",
            "lock_duration": "PT5M",
            "max_delivery_count": 10,
            "max_message_size_in_kilobytes": 256,
            "max_size_in_megabytes": 1024,
            "name": "docprovidedqueue",
            "namespace_id": "/subscriptions/0f039cb4-2405-4c79-a4c9-9660c38a6b78/resourceGroups/rg-sc-d-ocr-01/providers/Microsoft.ServiceBus/namespaces/sb-sc-d-apiocr-01",
            "requires_duplicate_detection": true,
            "requires_session": false,
            "status": "Active",
            "timeouts": null
          },
          "sensitive_attributes": [],
          "private": "eyJlMmJmYjczMC1lY2FhLTExZTYtOGY4OC0zNDM2M2JjN2M0YzAiOnsiY3JlYXRlIjoxODAwMDAwMDAwMDAwLCJkZWxldGUiOjE4MDAwMDAwMDAwMDAsInJlYWQiOjMwMDAwMDAwMDAwMCwidXBkYXRlIjoxODAwMDAwMDAwMDAwfX0=",
          "dependencies": [
            "module.service_bus.azurerm_servicebus_namespace.example"
          ]
        },
        {
          "index_key": "queue8",
          "schema_version": 0,
          "attributes": {
            "auto_delete_on_idle": "P10675199DT2H48M5.4775807S",
            "dead_lettering_on_message_expiration": true,
            "default_message_ttl": "P1D",
            "duplicate_detection_history_time_window": "PT10M",
            "enable_batched_operations": true,
            "enable_express": false,
            "enable_partitioning": false,
            "forward_dead_lettered_messages_to": "",
            "forward_to": "",
            "id": "/subscriptions/0f039cb4-2405-4c79-a4c9-9660c38a6b78/resourceGroups/rg-sc-d-ocr-01/providers/Microsoft.ServiceBus/namespaces/sb-sc-d-apiocr-01/queues/iafulltextmatchingqueue",
            "lock_duration": "PT5M",
            "max_delivery_count": 10,
            "max_message_size_in_kilobytes": 256,
            "max_size_in_megabytes": 1024,
            "name": "iafulltextmatchingqueue",
            "namespace_id": "/subscriptions/0f039cb4-2405-4c79-a4c9-9660c38a6b78/resourceGroups/rg-sc-d-ocr-01/providers/Microsoft.ServiceBus/namespaces/sb-sc-d-apiocr-01",
            "requires_duplicate_detection": true,
            "requires_session": false,
            "status": "Active",
            "timeouts": null
          },
          "sensitive_attributes": [],
          "private": "eyJlMmJmYjczMC1lY2FhLTExZTYtOGY4OC0zNDM2M2JjN2M0YzAiOnsiY3JlYXRlIjoxODAwMDAwMDAwMDAwLCJkZWxldGUiOjE4MDAwMDAwMDAwMDAsInJlYWQiOjMwMDAwMDAwMDAwMCwidXBkYXRlIjoxODAwMDAwMDAwMDAwfX0=",
          "dependencies": [
            "module.service_bus.azurerm_servicebus_namespace.example"
          ]
        },
        {
          "index_key": "queue9",
          "schema_version": 0,
          "attributes": {
            "auto_delete_on_idle": "P10675199DT2H48M5.4775807S",
            "dead_lettering_on_message_expiration": true,
            "default_message_ttl": "P1D",
            "duplicate_detection_history_time_window": "PT10M",
            "enable_batched_operations": true,
            "enable_express": false,
            "enable_partitioning": false,
            "forward_dead_lettered_messages_to": "",
            "forward_to": "",
            "id": "/subscriptions/0f039cb4-2405-4c79-a4c9-9660c38a6b78/resourceGroups/rg-sc-d-ocr-01/providers/Microsoft.ServiceBus/namespaces/sb-sc-d-apiocr-01/queues/requestpendingdocqueue",
            "lock_duration": "PT5M",
            "max_delivery_count": 10,
            "max_message_size_in_kilobytes": 256,
            "max_size_in_megabytes": 1024,
            "name": "requestpendingdocqueue",
            "namespace_id": "/subscriptions/0f039cb4-2405-4c79-a4c9-9660c38a6b78/resourceGroups/rg-sc-d-ocr-01/providers/Microsoft.ServiceBus/namespaces/sb-sc-d-apiocr-01",
            "requires_duplicate_detection": true,
            "requires_session": false,
            "status": "Active",
            "timeouts": null
          },
          "sensitive_attributes": [],
          "private": "eyJlMmJmYjczMC1lY2FhLTExZTYtOGY4OC0zNDM2M2JjN2M0YzAiOnsiY3JlYXRlIjoxODAwMDAwMDAwMDAwLCJkZWxldGUiOjE4MDAwMDAwMDAwMDAsInJlYWQiOjMwMDAwMDAwMDAwMCwidXBkYXRlIjoxODAwMDAwMDAwMDAwfX0=",
          "dependencies": [
            "module.service_bus.azurerm_servicebus_namespace.example"
          ]
        }
      ]
    },
    {
      "module": "module.sql_server",
      "mode": "managed",
      "type": "azurerm_mssql_server",
      "name": "example",
      "provider": "provider[\"registry.terraform.io/hashicorp/azurerm\"]",
      "instances": [
        {
          "schema_version": 0,
          "attributes": {
            "administrator_login": "useradmin",
            "administrator_login_password": "5k9aH4gENsBm*b2",
            "azuread_administrator": [
              {
                "azuread_authentication_only": false,
                "login_username": "adm_marcoemilio.callisaya@unir.net",
                "object_id": "3401f20a-79fb-4966-9397-2d09bafde6b0",
                "tenant_id": "22c8b4a4-d926-43b2-bcc7-87b998590b47"
              }
            ],
            "connection_policy": "Default",
            "fully_qualified_domain_name": "sqlm-sc-d-ocrdbcommon-01.database.windows.net",
            "id": "/subscriptions/0f039cb4-2405-4c79-a4c9-9660c38a6b78/resourceGroups/rg-sc-d-ocr-01/providers/Microsoft.Sql/servers/sqlm-sc-d-ocrdbcommon-01",
            "identity": [],
            "location": "swedencentral",
            "minimum_tls_version": "1.2",
            "name": "sqlm-sc-d-ocrdbcommon-01",
            "outbound_network_restriction_enabled": false,
            "primary_user_assigned_identity_id": "",
            "public_network_access_enabled": true,
            "resource_group_name": "rg-sc-d-ocr-01",
            "restorable_dropped_database_ids": [],
            "tags": {
              "architect": "Marco Callisaya",
              "creation_date": "13/09/24",
              "deploy_method": "Terraform",
              "environmnet": "DES",
              "location": "swedencentral",
              "owner": "AI",
              "provider": "Azure"
            },
            "timeouts": null,
            "version": "12.0"
          },
          "sensitive_attributes": [
            [
              {
                "type": "get_attr",
                "value": "administrator_login_password"
              }
            ]
          ],
          "private": "eyJlMmJmYjczMC1lY2FhLTExZTYtOGY4OC0zNDM2M2JjN2M0YzAiOnsiY3JlYXRlIjozNjAwMDAwMDAwMDAwLCJkZWxldGUiOjM2MDAwMDAwMDAwMDAsInJlYWQiOjMwMDAwMDAwMDAwMCwidXBkYXRlIjozNjAwMDAwMDAwMDAwfX0="
        }
      ]
    }
  ],
  "check_results": null
}
