{
  "version": 4,
  "terraform_version": "1.9.5",
  "serial": 9,
  "lineage": "0a5d4ea2-9d9c-1dd3-defd-a35cdfd10bd6",
  "outputs": {},
  "resources": [
    {
      "module": "module.app_service",
      "mode": "managed",
      "type": "azurerm_linux_web_app",
      "name": "api",
      "provider": "provider[\"registry.terraform.io/hashicorp/azurerm\"]",
      "instances": [
        {
          "index_key": "app1",
          "schema_version": 0,
          "attributes": {
            "app_settings": null,
            "auth_settings": [
              {
                "active_directory": [],
                "additional_login_parameters": {},
                "allowed_external_redirect_urls": [],
                "default_provider": "",
                "enabled": false,
                "facebook": [],
                "github": [],
                "google": [],
                "issuer": "",
                "microsoft": [],
                "runtime_version": "",
                "token_refresh_extension_hours": 0,
                "token_store_enabled": false,
                "twitter": [],
                "unauthenticated_client_action": ""
              }
            ],
            "backup": [],
            "client_affinity_enabled": false,
            "client_certificate_enabled": false,
            "client_certificate_mode": "Required",
            "connection_string": [],
            "custom_domain_verification_id": "F7DFAF60145CE8C0D8B6F0828F7580D78301A23D54C8BCF5129167B2D40D58B5",
            "default_hostname": "asw-sc-d-ia-ocr-automatismo-be-01.azurewebsites.net",
            "enabled": true,
            "https_only": false,
            "id": "/subscriptions/0f039cb4-2405-4c79-a4c9-9660c38a6b78/resourceGroups/rg-sc-d-ocr-01/providers/Microsoft.Web/sites/asw-sc-d-ia-ocr-automatismo-be-01",
            "identity": [],
            "key_vault_reference_identity_id": "SystemAssigned",
            "kind": "app,linux,container",
            "location": "swedencentral",
            "logs": [],
            "name": "asw-sc-d-ia-ocr-automatismo-be-01",
            "outbound_ip_address_list": [
              "4.225.78.152",
              "4.225.199.217",
              "4.225.79.236",
              "4.225.78.165",
              "4.225.24.11",
              "4.225.24.110",
              "51.12.31.8"
            ],
            "outbound_ip_addresses": "4.225.78.152,4.225.199.217,4.225.79.236,4.225.78.165,4.225.24.11,4.225.24.110,51.12.31.8",
            "possible_outbound_ip_address_list": [
              "4.225.195.99",
              "4.225.24.190",
              "4.225.24.198",
              "4.225.24.204",
              "74.241.204.158",
              "74.241.207.29",
              "74.241.209.196",
              "74.241.210.225",
              "74.241.210.245",
              "74.241.211.183",
              "74.241.212.216",
              "74.241.212.222",
              "74.241.213.67",
              "135.225.16.25",
              "135.225.16.84",
              "4.225.77.153",
              "74.241.142.64",
              "4.225.78.82",
              "4.225.78.152",
              "4.225.199.217",
              "4.225.79.236",
              "4.225.78.165",
              "4.225.24.11",
              "4.225.24.110",
              "4.225.195.99",
              "4.225.24.190",
              "4.225.24.198",
              "4.225.24.204",
              "74.241.204.158",
              "74.241.207.29",
              "4.225.76.9",
              "4.225.25.42",
              "74.241.203.193",
              "4.225.25.74",
              "4.225.25.129",
              "4.225.25.132",
              "51.12.31.8"
            ],
            "possible_outbound_ip_addresses": "4.225.195.99,4.225.24.190,4.225.24.198,4.225.24.204,74.241.204.158,74.241.207.29,74.241.209.196,74.241.210.225,74.241.210.245,74.241.211.183,74.241.212.216,74.241.212.222,74.241.213.67,135.225.16.25,135.225.16.84,4.225.77.153,74.241.142.64,4.225.78.82,4.225.78.152,4.225.199.217,4.225.79.236,4.225.78.165,4.225.24.11,4.225.24.110,4.225.195.99,4.225.24.190,4.225.24.198,4.225.24.204,74.241.204.158,74.241.207.29,4.225.76.9,4.225.25.42,74.241.203.193,4.225.25.74,4.225.25.129,4.225.25.132,51.12.31.8",
            "resource_group_name": "rg-sc-d-ocr-01",
            "service_plan_id": "/subscriptions/0f039cb4-2405-4c79-a4c9-9660c38a6b78/resourceGroups/rg-sc-d-ocr-01/providers/Microsoft.Web/serverfarms/plan-sc-d-ocr-01",
            "site_config": [
              {
                "always_on": true,
                "api_definition_url": "",
                "api_management_api_id": "",
                "app_command_line": "",
                "application_stack": [
                  {
                    "docker_image": "arquitectura-referencecqrs",
                    "docker_image_tag": "1.0.12",
                    "dotnet_version": "",
                    "java_server": "",
                    "java_server_version": "",
                    "java_version": "",
                    "node_version": "",
                    "php_version": "",
                    "python_version": "",
                    "ruby_version": ""
                  }
                ],
                "auto_heal_enabled": false,
                "auto_heal_setting": [],
                "container_registry_managed_identity_client_id": "",
                "container_registry_use_managed_identity": false,
                "cors": [],
                "default_documents": [
                  "Default.htm",
                  "Default.html",
                  "Default.asp",
                  "index.htm",
                  "index.html",
                  "iisstart.htm",
                  "default.aspx",
                  "index.php",
                  "hostingstart.html"
                ],
                "detailed_error_logging_enabled": false,
                "ftps_state": "Disabled",
                "health_check_eviction_time_in_min": 0,
                "health_check_path": "",
                "http2_enabled": false,
                "ip_restriction": [],
                "linux_fx_version": "DOCKER|arquitectura-referencecqrs:1.0.12",
                "load_balancing_mode": "LeastRequests",
                "local_mysql_enabled": false,
                "managed_pipeline_mode": "Integrated",
                "minimum_tls_version": "1.2",
                "remote_debugging_enabled": false,
                "remote_debugging_version": "VS2022",
                "scm_ip_restriction": [],
                "scm_minimum_tls_version": "1.2",
                "scm_type": "None",
                "scm_use_main_ip_restriction": false,
                "use_32_bit_worker": true,
                "vnet_route_all_enabled": false,
                "websockets_enabled": false,
                "worker_count": 1
              }
            ],
            "site_credential": [
              {
                "name": "$asw-sc-d-ia-ocr-automatismo-be-01",
                "password": "xq4pEDcCuejml1cdP0o5F91pc0ijfgnwoDtGBaEQSb3NNk4R0kelRAYwFoR6"
              }
            ],
            "storage_account": [],
            "tags": {
              "architect": "Marco Callisaya",
              "creation_date": "13/09/24",
              "deploy_method": "Terraform",
              "environmnet": "DES",
              "location": "swedencentral",
              "owner": "AI",
              "project": "OCR",
              "provider": "Azure"
            },
            "timeouts": null
          },
          "sensitive_attributes": [
            [
              {
                "type": "get_attr",
                "value": "custom_domain_verification_id"
              }
            ]
          ],
          "private": "eyJlMmJmYjczMC1lY2FhLTExZTYtOGY4OC0zNDM2M2JjN2M0YzAiOnsiY3JlYXRlIjoxODAwMDAwMDAwMDAwLCJkZWxldGUiOjE4MDAwMDAwMDAwMDAsInJlYWQiOjMwMDAwMDAwMDAwMCwidXBkYXRlIjoxODAwMDAwMDAwMDAwfX0=",
          "dependencies": [
            "module.app_service.azurerm_service_plan.plan"
          ]
        },
        {
          "index_key": "app2",
          "schema_version": 0,
          "attributes": {
            "app_settings": null,
            "auth_settings": [
              {
                "active_directory": [],
                "additional_login_parameters": {},
                "allowed_external_redirect_urls": [],
                "default_provider": "",
                "enabled": false,
                "facebook": [],
                "github": [],
                "google": [],
                "issuer": "",
                "microsoft": [],
                "runtime_version": "",
                "token_refresh_extension_hours": 0,
                "token_store_enabled": false,
                "twitter": [],
                "unauthenticated_client_action": ""
              }
            ],
            "backup": [],
            "client_affinity_enabled": false,
            "client_certificate_enabled": false,
            "client_certificate_mode": "Required",
            "connection_string": [],
            "custom_domain_verification_id": "F7DFAF60145CE8C0D8B6F0828F7580D78301A23D54C8BCF5129167B2D40D58B5",
            "default_hostname": "asw-sc-d-ia-ocr-matching-01-be.azurewebsites.net",
            "enabled": true,
            "https_only": false,
            "id": "/subscriptions/0f039cb4-2405-4c79-a4c9-9660c38a6b78/resourceGroups/rg-sc-d-ocr-01/providers/Microsoft.Web/sites/asw-sc-d-ia-ocr-matching-01-be",
            "identity": [],
            "key_vault_reference_identity_id": "SystemAssigned",
            "kind": "app,linux,container",
            "location": "swedencentral",
            "logs": [],
            "name": "asw-sc-d-ia-ocr-matching-01-be",
            "outbound_ip_address_list": [
              "4.225.78.152",
              "4.225.199.217",
              "4.225.79.236",
              "4.225.78.165",
              "4.225.24.11",
              "4.225.24.110",
              "51.12.31.8"
            ],
            "outbound_ip_addresses": "4.225.78.152,4.225.199.217,4.225.79.236,4.225.78.165,4.225.24.11,4.225.24.110,51.12.31.8",
            "possible_outbound_ip_address_list": [
              "4.225.195.99",
              "4.225.24.190",
              "4.225.24.198",
              "4.225.24.204",
              "74.241.204.158",
              "74.241.207.29",
              "74.241.209.196",
              "74.241.210.225",
              "74.241.210.245",
              "74.241.211.183",
              "74.241.212.216",
              "74.241.212.222",
              "74.241.213.67",
              "135.225.16.25",
              "135.225.16.84",
              "4.225.77.153",
              "74.241.142.64",
              "4.225.78.82",
              "4.225.78.152",
              "4.225.199.217",
              "4.225.79.236",
              "4.225.78.165",
              "4.225.24.11",
              "4.225.24.110",
              "4.225.195.99",
              "4.225.24.190",
              "4.225.24.198",
              "4.225.24.204",
              "74.241.204.158",
              "74.241.207.29",
              "4.225.76.9",
              "4.225.25.42",
              "74.241.203.193",
              "4.225.25.74",
              "4.225.25.129",
              "4.225.25.132",
              "51.12.31.8"
            ],
            "possible_outbound_ip_addresses": "4.225.195.99,4.225.24.190,4.225.24.198,4.225.24.204,74.241.204.158,74.241.207.29,74.241.209.196,74.241.210.225,74.241.210.245,74.241.211.183,74.241.212.216,74.241.212.222,74.241.213.67,135.225.16.25,135.225.16.84,4.225.77.153,74.241.142.64,4.225.78.82,4.225.78.152,4.225.199.217,4.225.79.236,4.225.78.165,4.225.24.11,4.225.24.110,4.225.195.99,4.225.24.190,4.225.24.198,4.225.24.204,74.241.204.158,74.241.207.29,4.225.76.9,4.225.25.42,74.241.203.193,4.225.25.74,4.225.25.129,4.225.25.132,51.12.31.8",
            "resource_group_name": "rg-sc-d-ocr-01",
            "service_plan_id": "/subscriptions/0f039cb4-2405-4c79-a4c9-9660c38a6b78/resourceGroups/rg-sc-d-ocr-01/providers/Microsoft.Web/serverfarms/plan-sc-d-ocr-01",
            "site_config": [
              {
                "always_on": true,
                "api_definition_url": "",
                "api_management_api_id": "",
                "app_command_line": "",
                "application_stack": [
                  {
                    "docker_image": "arquitectura-referencecqrs",
                    "docker_image_tag": "1.0.12",
                    "dotnet_version": "",
                    "java_server": "",
                    "java_server_version": "",
                    "java_version": "",
                    "node_version": "",
                    "php_version": "",
                    "python_version": "",
                    "ruby_version": ""
                  }
                ],
                "auto_heal_enabled": false,
                "auto_heal_setting": [],
                "container_registry_managed_identity_client_id": "",
                "container_registry_use_managed_identity": false,
                "cors": [],
                "default_documents": [
                  "Default.htm",
                  "Default.html",
                  "Default.asp",
                  "index.htm",
                  "index.html",
                  "iisstart.htm",
                  "default.aspx",
                  "index.php",
                  "hostingstart.html"
                ],
                "detailed_error_logging_enabled": false,
                "ftps_state": "Disabled",
                "health_check_eviction_time_in_min": 0,
                "health_check_path": "",
                "http2_enabled": false,
                "ip_restriction": [],
                "linux_fx_version": "DOCKER|arquitectura-referencecqrs:1.0.12",
                "load_balancing_mode": "LeastRequests",
                "local_mysql_enabled": false,
                "managed_pipeline_mode": "Integrated",
                "minimum_tls_version": "1.2",
                "remote_debugging_enabled": false,
                "remote_debugging_version": "VS2022",
                "scm_ip_restriction": [],
                "scm_minimum_tls_version": "1.2",
                "scm_type": "None",
                "scm_use_main_ip_restriction": false,
                "use_32_bit_worker": true,
                "vnet_route_all_enabled": false,
                "websockets_enabled": false,
                "worker_count": 1
              }
            ],
            "site_credential": [
              {
                "name": "$asw-sc-d-ia-ocr-matching-01-be",
                "password": "7WMbkRBDqYcNPondbge285NkqsaWChLvYfpEa3cSnWg2wQyuZ3AEAHqjelmw"
              }
            ],
            "storage_account": [],
            "tags": {
              "architect": "Marco Callisaya",
              "creation_date": "13/09/24",
              "deploy_method": "Terraform",
              "environmnet": "DES",
              "location": "swedencentral",
              "owner": "AI",
              "project": "OCR",
              "provider": "Azure"
            },
            "timeouts": null
          },
          "sensitive_attributes": [
            [
              {
                "type": "get_attr",
                "value": "custom_domain_verification_id"
              }
            ]
          ],
          "private": "eyJlMmJmYjczMC1lY2FhLTExZTYtOGY4OC0zNDM2M2JjN2M0YzAiOnsiY3JlYXRlIjoxODAwMDAwMDAwMDAwLCJkZWxldGUiOjE4MDAwMDAwMDAwMDAsInJlYWQiOjMwMDAwMDAwMDAwMCwidXBkYXRlIjoxODAwMDAwMDAwMDAwfX0=",
          "dependencies": [
            "module.app_service.azurerm_service_plan.plan"
          ]
        },
        {
          "index_key": "app3",
          "schema_version": 0,
          "attributes": {
            "app_settings": null,
            "auth_settings": [
              {
                "active_directory": [],
                "additional_login_parameters": {},
                "allowed_external_redirect_urls": [],
                "default_provider": "",
                "enabled": false,
                "facebook": [],
                "github": [],
                "google": [],
                "issuer": "",
                "microsoft": [],
                "runtime_version": "",
                "token_refresh_extension_hours": 0,
                "token_store_enabled": false,
                "twitter": [],
                "unauthenticated_client_action": ""
              }
            ],
            "backup": [],
            "client_affinity_enabled": false,
            "client_certificate_enabled": false,
            "client_certificate_mode": "Required",
            "connection_string": [],
            "custom_domain_verification_id": "F7DFAF60145CE8C0D8B6F0828F7580D78301A23D54C8BCF5129167B2D40D58B5",
            "default_hostname": "asw-sc-d-ia-ocr-iarecognition-be-01.azurewebsites.net",
            "enabled": true,
            "https_only": false,
            "id": "/subscriptions/0f039cb4-2405-4c79-a4c9-9660c38a6b78/resourceGroups/rg-sc-d-ocr-01/providers/Microsoft.Web/sites/asw-sc-d-ia-ocr-iarecognition-be-01",
            "identity": [],
            "key_vault_reference_identity_id": "SystemAssigned",
            "kind": "app,linux,container",
            "location": "swedencentral",
            "logs": [],
            "name": "asw-sc-d-ia-ocr-iarecognition-be-01",
            "outbound_ip_address_list": [
              "4.225.78.152",
              "4.225.199.217",
              "4.225.79.236",
              "4.225.78.165",
              "4.225.24.11",
              "4.225.24.110",
              "51.12.31.8"
            ],
            "outbound_ip_addresses": "4.225.78.152,4.225.199.217,4.225.79.236,4.225.78.165,4.225.24.11,4.225.24.110,51.12.31.8",
            "possible_outbound_ip_address_list": [
              "4.225.195.99",
              "4.225.24.190",
              "4.225.24.198",
              "4.225.24.204",
              "74.241.204.158",
              "74.241.207.29",
              "74.241.209.196",
              "74.241.210.225",
              "74.241.210.245",
              "74.241.211.183",
              "74.241.212.216",
              "74.241.212.222",
              "74.241.213.67",
              "135.225.16.25",
              "135.225.16.84",
              "4.225.77.153",
              "74.241.142.64",
              "4.225.78.82",
              "4.225.78.152",
              "4.225.199.217",
              "4.225.79.236",
              "4.225.78.165",
              "4.225.24.11",
              "4.225.24.110",
              "4.225.195.99",
              "4.225.24.190",
              "4.225.24.198",
              "4.225.24.204",
              "74.241.204.158",
              "74.241.207.29",
              "4.225.76.9",
              "4.225.25.42",
              "74.241.203.193",
              "4.225.25.74",
              "4.225.25.129",
              "4.225.25.132",
              "51.12.31.8"
            ],
            "possible_outbound_ip_addresses": "4.225.195.99,4.225.24.190,4.225.24.198,4.225.24.204,74.241.204.158,74.241.207.29,74.241.209.196,74.241.210.225,74.241.210.245,74.241.211.183,74.241.212.216,74.241.212.222,74.241.213.67,135.225.16.25,135.225.16.84,4.225.77.153,74.241.142.64,4.225.78.82,4.225.78.152,4.225.199.217,4.225.79.236,4.225.78.165,4.225.24.11,4.225.24.110,4.225.195.99,4.225.24.190,4.225.24.198,4.225.24.204,74.241.204.158,74.241.207.29,4.225.76.9,4.225.25.42,74.241.203.193,4.225.25.74,4.225.25.129,4.225.25.132,51.12.31.8",
            "resource_group_name": "rg-sc-d-ocr-01",
            "service_plan_id": "/subscriptions/0f039cb4-2405-4c79-a4c9-9660c38a6b78/resourceGroups/rg-sc-d-ocr-01/providers/Microsoft.Web/serverfarms/plan-sc-d-ocr-01",
            "site_config": [
              {
                "always_on": true,
                "api_definition_url": "",
                "api_management_api_id": "",
                "app_command_line": "",
                "application_stack": [
                  {
                    "docker_image": "arquitectura-referencecqrs",
                    "docker_image_tag": "1.0.12",
                    "dotnet_version": "",
                    "java_server": "",
                    "java_server_version": "",
                    "java_version": "",
                    "node_version": "",
                    "php_version": "",
                    "python_version": "",
                    "ruby_version": ""
                  }
                ],
                "auto_heal_enabled": false,
                "auto_heal_setting": [],
                "container_registry_managed_identity_client_id": "",
                "container_registry_use_managed_identity": false,
                "cors": [],
                "default_documents": [
                  "Default.htm",
                  "Default.html",
                  "Default.asp",
                  "index.htm",
                  "index.html",
                  "iisstart.htm",
                  "default.aspx",
                  "index.php",
                  "hostingstart.html"
                ],
                "detailed_error_logging_enabled": false,
                "ftps_state": "Disabled",
                "health_check_eviction_time_in_min": 0,
                "health_check_path": "",
                "http2_enabled": false,
                "ip_restriction": [],
                "linux_fx_version": "DOCKER|arquitectura-referencecqrs:1.0.12",
                "load_balancing_mode": "LeastRequests",
                "local_mysql_enabled": false,
                "managed_pipeline_mode": "Integrated",
                "minimum_tls_version": "1.2",
                "remote_debugging_enabled": false,
                "remote_debugging_version": "VS2022",
                "scm_ip_restriction": [],
                "scm_minimum_tls_version": "1.2",
                "scm_type": "None",
                "scm_use_main_ip_restriction": false,
                "use_32_bit_worker": true,
                "vnet_route_all_enabled": false,
                "websockets_enabled": false,
                "worker_count": 1
              }
            ],
            "site_credential": [
              {
                "name": "$asw-sc-d-ia-ocr-iarecognition-be-01",
                "password": "L429CDdJqmsKgKPSC0likxyyg6ZGgeuzeM0KDpEgsKXyrDWvh805LYFnfZuk"
              }
            ],
            "storage_account": [],
            "tags": {
              "architect": "Marco Callisaya",
              "creation_date": "13/09/24",
              "deploy_method": "Terraform",
              "environmnet": "DES",
              "location": "swedencentral",
              "owner": "AI",
              "project": "OCR",
              "provider": "Azure"
            },
            "timeouts": null
          },
          "sensitive_attributes": [
            [
              {
                "type": "get_attr",
                "value": "custom_domain_verification_id"
              }
            ]
          ],
          "private": "eyJlMmJmYjczMC1lY2FhLTExZTYtOGY4OC0zNDM2M2JjN2M0YzAiOnsiY3JlYXRlIjoxODAwMDAwMDAwMDAwLCJkZWxldGUiOjE4MDAwMDAwMDAwMDAsInJlYWQiOjMwMDAwMDAwMDAwMCwidXBkYXRlIjoxODAwMDAwMDAwMDAwfX0=",
          "dependencies": [
            "module.app_service.azurerm_service_plan.plan"
          ]
        },
        {
          "index_key": "app4",
          "schema_version": 0,
          "attributes": {
            "app_settings": null,
            "auth_settings": [
              {
                "active_directory": [],
                "additional_login_parameters": {},
                "allowed_external_redirect_urls": [],
                "default_provider": "",
                "enabled": false,
                "facebook": [],
                "github": [],
                "google": [],
                "issuer": "",
                "microsoft": [],
                "runtime_version": "",
                "token_refresh_extension_hours": 0,
                "token_store_enabled": false,
                "twitter": [],
                "unauthenticated_client_action": ""
              }
            ],
            "backup": [],
            "client_affinity_enabled": false,
            "client_certificate_enabled": false,
            "client_certificate_mode": "Required",
            "connection_string": [],
            "custom_domain_verification_id": "F7DFAF60145CE8C0D8B6F0828F7580D78301A23D54C8BCF5129167B2D40D58B5",
            "default_hostname": "asw-sc-d-ia-ocr-secretaria-be-01.azurewebsites.net",
            "enabled": true,
            "https_only": false,
            "id": "/subscriptions/0f039cb4-2405-4c79-a4c9-9660c38a6b78/resourceGroups/rg-sc-d-ocr-01/providers/Microsoft.Web/sites/asw-sc-d-ia-ocr-secretaria-be-01",
            "identity": [],
            "key_vault_reference_identity_id": "SystemAssigned",
            "kind": "app,linux,container",
            "location": "swedencentral",
            "logs": [],
            "name": "asw-sc-d-ia-ocr-secretaria-be-01",
            "outbound_ip_address_list": [
              "4.225.78.152",
              "4.225.199.217",
              "4.225.79.236",
              "4.225.78.165",
              "4.225.24.11",
              "4.225.24.110",
              "51.12.31.8"
            ],
            "outbound_ip_addresses": "4.225.78.152,4.225.199.217,4.225.79.236,4.225.78.165,4.225.24.11,4.225.24.110,51.12.31.8",
            "possible_outbound_ip_address_list": [
              "4.225.195.99",
              "4.225.24.190",
              "4.225.24.198",
              "4.225.24.204",
              "74.241.204.158",
              "74.241.207.29",
              "74.241.209.196",
              "74.241.210.225",
              "74.241.210.245",
              "74.241.211.183",
              "74.241.212.216",
              "74.241.212.222",
              "74.241.213.67",
              "135.225.16.25",
              "135.225.16.84",
              "4.225.77.153",
              "74.241.142.64",
              "4.225.78.82",
              "4.225.78.152",
              "4.225.199.217",
              "4.225.79.236",
              "4.225.78.165",
              "4.225.24.11",
              "4.225.24.110",
              "4.225.195.99",
              "4.225.24.190",
              "4.225.24.198",
              "4.225.24.204",
              "74.241.204.158",
              "74.241.207.29",
              "4.225.76.9",
              "4.225.25.42",
              "74.241.203.193",
              "4.225.25.74",
              "4.225.25.129",
              "4.225.25.132",
              "51.12.31.8"
            ],
            "possible_outbound_ip_addresses": "4.225.195.99,4.225.24.190,4.225.24.198,4.225.24.204,74.241.204.158,74.241.207.29,74.241.209.196,74.241.210.225,74.241.210.245,74.241.211.183,74.241.212.216,74.241.212.222,74.241.213.67,135.225.16.25,135.225.16.84,4.225.77.153,74.241.142.64,4.225.78.82,4.225.78.152,4.225.199.217,4.225.79.236,4.225.78.165,4.225.24.11,4.225.24.110,4.225.195.99,4.225.24.190,4.225.24.198,4.225.24.204,74.241.204.158,74.241.207.29,4.225.76.9,4.225.25.42,74.241.203.193,4.225.25.74,4.225.25.129,4.225.25.132,51.12.31.8",
            "resource_group_name": "rg-sc-d-ocr-01",
            "service_plan_id": "/subscriptions/0f039cb4-2405-4c79-a4c9-9660c38a6b78/resourceGroups/rg-sc-d-ocr-01/providers/Microsoft.Web/serverfarms/plan-sc-d-ocr-01",
            "site_config": [
              {
                "always_on": true,
                "api_definition_url": "",
                "api_management_api_id": "",
                "app_command_line": "",
                "application_stack": [
                  {
                    "docker_image": "arquitectura-referencecqrs",
                    "docker_image_tag": "1.0.12",
                    "dotnet_version": "",
                    "java_server": "",
                    "java_server_version": "",
                    "java_version": "",
                    "node_version": "",
                    "php_version": "",
                    "python_version": "",
                    "ruby_version": ""
                  }
                ],
                "auto_heal_enabled": false,
                "auto_heal_setting": [],
                "container_registry_managed_identity_client_id": "",
                "container_registry_use_managed_identity": false,
                "cors": [],
                "default_documents": [
                  "Default.htm",
                  "Default.html",
                  "Default.asp",
                  "index.htm",
                  "index.html",
                  "iisstart.htm",
                  "default.aspx",
                  "index.php",
                  "hostingstart.html"
                ],
                "detailed_error_logging_enabled": false,
                "ftps_state": "Disabled",
                "health_check_eviction_time_in_min": 0,
                "health_check_path": "",
                "http2_enabled": false,
                "ip_restriction": [],
                "linux_fx_version": "DOCKER|arquitectura-referencecqrs:1.0.12",
                "load_balancing_mode": "LeastRequests",
                "local_mysql_enabled": false,
                "managed_pipeline_mode": "Integrated",
                "minimum_tls_version": "1.2",
                "remote_debugging_enabled": false,
                "remote_debugging_version": "VS2022",
                "scm_ip_restriction": [],
                "scm_minimum_tls_version": "1.2",
                "scm_type": "None",
                "scm_use_main_ip_restriction": false,
                "use_32_bit_worker": true,
                "vnet_route_all_enabled": false,
                "websockets_enabled": false,
                "worker_count": 1
              }
            ],
            "site_credential": [
              {
                "name": "$asw-sc-d-ia-ocr-secretaria-be-01",
                "password": "2XuPcMMShbSzbZjEqYS9QrD7HgYKMtnEHjapajYEXf1MMrBgXhPgyMsQ7BzZ"
              }
            ],
            "storage_account": [],
            "tags": {
              "architect": "Marco Callisaya",
              "creation_date": "13/09/24",
              "deploy_method": "Terraform",
              "environmnet": "DES",
              "location": "swedencentral",
              "owner": "AI",
              "project": "OCR",
              "provider": "Azure"
            },
            "timeouts": null
          },
          "sensitive_attributes": [
            [
              {
                "type": "get_attr",
                "value": "custom_domain_verification_id"
              }
            ]
          ],
          "private": "eyJlMmJmYjczMC1lY2FhLTExZTYtOGY4OC0zNDM2M2JjN2M0YzAiOnsiY3JlYXRlIjoxODAwMDAwMDAwMDAwLCJkZWxldGUiOjE4MDAwMDAwMDAwMDAsInJlYWQiOjMwMDAwMDAwMDAwMCwidXBkYXRlIjoxODAwMDAwMDAwMDAwfX0=",
          "dependencies": [
            "module.app_service.azurerm_service_plan.plan"
          ]
        },
        {
          "index_key": "app5",
          "schema_version": 0,
          "attributes": {
            "app_settings": null,
            "auth_settings": [
              {
                "active_directory": [],
                "additional_login_parameters": {},
                "allowed_external_redirect_urls": [],
                "default_provider": "",
                "enabled": false,
                "facebook": [],
                "github": [],
                "google": [],
                "issuer": "",
                "microsoft": [],
                "runtime_version": "",
                "token_refresh_extension_hours": 0,
                "token_store_enabled": false,
                "twitter": [],
                "unauthenticated_client_action": ""
              }
            ],
            "backup": [],
            "client_affinity_enabled": false,
            "client_certificate_enabled": false,
            "client_certificate_mode": "Required",
            "connection_string": [],
            "custom_domain_verification_id": "F7DFAF60145CE8C0D8B6F0828F7580D78301A23D54C8BCF5129167B2D40D58B5",
            "default_hostname": "asw-sc-d-ia-ocr-snies-be-01.azurewebsites.net",
            "enabled": true,
            "https_only": false,
            "id": "/subscriptions/0f039cb4-2405-4c79-a4c9-9660c38a6b78/resourceGroups/rg-sc-d-ocr-01/providers/Microsoft.Web/sites/asw-sc-d-ia-ocr-snies-be-01",
            "identity": [],
            "key_vault_reference_identity_id": "SystemAssigned",
            "kind": "app,linux,container",
            "location": "swedencentral",
            "logs": [],
            "name": "asw-sc-d-ia-ocr-snies-be-01",
            "outbound_ip_address_list": [
              "4.225.78.152",
              "4.225.199.217",
              "4.225.79.236",
              "4.225.78.165",
              "4.225.24.11",
              "4.225.24.110",
              "51.12.31.8"
            ],
            "outbound_ip_addresses": "4.225.78.152,4.225.199.217,4.225.79.236,4.225.78.165,4.225.24.11,4.225.24.110,51.12.31.8",
            "possible_outbound_ip_address_list": [
              "4.225.195.99",
              "4.225.24.190",
              "4.225.24.198",
              "4.225.24.204",
              "74.241.204.158",
              "74.241.207.29",
              "74.241.209.196",
              "74.241.210.225",
              "74.241.210.245",
              "74.241.211.183",
              "74.241.212.216",
              "74.241.212.222",
              "74.241.213.67",
              "135.225.16.25",
              "135.225.16.84",
              "4.225.77.153",
              "74.241.142.64",
              "4.225.78.82",
              "4.225.78.152",
              "4.225.199.217",
              "4.225.79.236",
              "4.225.78.165",
              "4.225.24.11",
              "4.225.24.110",
              "4.225.195.99",
              "4.225.24.190",
              "4.225.24.198",
              "4.225.24.204",
              "74.241.204.158",
              "74.241.207.29",
              "4.225.76.9",
              "4.225.25.42",
              "74.241.203.193",
              "4.225.25.74",
              "4.225.25.129",
              "4.225.25.132",
              "51.12.31.8"
            ],
            "possible_outbound_ip_addresses": "4.225.195.99,4.225.24.190,4.225.24.198,4.225.24.204,74.241.204.158,74.241.207.29,74.241.209.196,74.241.210.225,74.241.210.245,74.241.211.183,74.241.212.216,74.241.212.222,74.241.213.67,135.225.16.25,135.225.16.84,4.225.77.153,74.241.142.64,4.225.78.82,4.225.78.152,4.225.199.217,4.225.79.236,4.225.78.165,4.225.24.11,4.225.24.110,4.225.195.99,4.225.24.190,4.225.24.198,4.225.24.204,74.241.204.158,74.241.207.29,4.225.76.9,4.225.25.42,74.241.203.193,4.225.25.74,4.225.25.129,4.225.25.132,51.12.31.8",
            "resource_group_name": "rg-sc-d-ocr-01",
            "service_plan_id": "/subscriptions/0f039cb4-2405-4c79-a4c9-9660c38a6b78/resourceGroups/rg-sc-d-ocr-01/providers/Microsoft.Web/serverfarms/plan-sc-d-ocr-01",
            "site_config": [
              {
                "always_on": true,
                "api_definition_url": "",
                "api_management_api_id": "",
                "app_command_line": "",
                "application_stack": [
                  {
                    "docker_image": "arquitectura-referencecqrs",
                    "docker_image_tag": "1.0.12",
                    "dotnet_version": "",
                    "java_server": "",
                    "java_server_version": "",
                    "java_version": "",
                    "node_version": "",
                    "php_version": "",
                    "python_version": "",
                    "ruby_version": ""
                  }
                ],
                "auto_heal_enabled": false,
                "auto_heal_setting": [],
                "container_registry_managed_identity_client_id": "",
                "container_registry_use_managed_identity": false,
                "cors": [],
                "default_documents": [
                  "Default.htm",
                  "Default.html",
                  "Default.asp",
                  "index.htm",
                  "index.html",
                  "iisstart.htm",
                  "default.aspx",
                  "index.php",
                  "hostingstart.html"
                ],
                "detailed_error_logging_enabled": false,
                "ftps_state": "Disabled",
                "health_check_eviction_time_in_min": 0,
                "health_check_path": "",
                "http2_enabled": false,
                "ip_restriction": [],
                "linux_fx_version": "DOCKER|arquitectura-referencecqrs:1.0.12",
                "load_balancing_mode": "LeastRequests",
                "local_mysql_enabled": false,
                "managed_pipeline_mode": "Integrated",
                "minimum_tls_version": "1.2",
                "remote_debugging_enabled": false,
                "remote_debugging_version": "VS2022",
                "scm_ip_restriction": [],
                "scm_minimum_tls_version": "1.2",
                "scm_type": "None",
                "scm_use_main_ip_restriction": false,
                "use_32_bit_worker": true,
                "vnet_route_all_enabled": false,
                "websockets_enabled": false,
                "worker_count": 1
              }
            ],
            "site_credential": [
              {
                "name": "$asw-sc-d-ia-ocr-snies-be-01",
                "password": "epvXGpdGsTK1d3Zb9EsenSGngi0ZNhHox9ZRlhmNnwpDM5Gl5tjv6iejuxQ0"
              }
            ],
            "storage_account": [],
            "tags": {
              "architect": "Marco Callisaya",
              "creation_date": "13/09/24",
              "deploy_method": "Terraform",
              "environmnet": "DES",
              "location": "swedencentral",
              "owner": "AI",
              "project": "OCR",
              "provider": "Azure"
            },
            "timeouts": null
          },
          "sensitive_attributes": [
            [
              {
                "type": "get_attr",
                "value": "custom_domain_verification_id"
              }
            ]
          ],
          "private": "eyJlMmJmYjczMC1lY2FhLTExZTYtOGY4OC0zNDM2M2JjN2M0YzAiOnsiY3JlYXRlIjoxODAwMDAwMDAwMDAwLCJkZWxldGUiOjE4MDAwMDAwMDAwMDAsInJlYWQiOjMwMDAwMDAwMDAwMCwidXBkYXRlIjoxODAwMDAwMDAwMDAwfX0=",
          "dependencies": [
            "module.app_service.azurerm_service_plan.plan"
          ]
        },
        {
          "index_key": "app6",
          "schema_version": 0,
          "attributes": {
            "app_settings": null,
            "auth_settings": [
              {
                "active_directory": [],
                "additional_login_parameters": {},
                "allowed_external_redirect_urls": [],
                "default_provider": "",
                "enabled": false,
                "facebook": [],
                "github": [],
                "google": [],
                "issuer": "",
                "microsoft": [],
                "runtime_version": "",
                "token_refresh_extension_hours": 0,
                "token_store_enabled": false,
                "twitter": [],
                "unauthenticated_client_action": ""
              }
            ],
            "backup": [],
            "client_affinity_enabled": false,
            "client_certificate_enabled": false,
            "client_certificate_mode": "Required",
            "connection_string": [],
            "custom_domain_verification_id": "F7DFAF60145CE8C0D8B6F0828F7580D78301A23D54C8BCF5129167B2D40D58B5",
            "default_hostname": "asw-sc-d-ia-ocr-ructboe-findyearxml-be-01.azurewebsites.net",
            "enabled": true,
            "https_only": false,
            "id": "/subscriptions/0f039cb4-2405-4c79-a4c9-9660c38a6b78/resourceGroups/rg-sc-d-ocr-01/providers/Microsoft.Web/sites/asw-sc-d-ia-ocr-ructboe-findyearxml-be-01",
            "identity": [],
            "key_vault_reference_identity_id": "SystemAssigned",
            "kind": "app,linux,container",
            "location": "swedencentral",
            "logs": [],
            "name": "asw-sc-d-ia-ocr-ructboe-findyearxml-be-01",
            "outbound_ip_address_list": [
              "4.225.78.152",
              "4.225.199.217",
              "4.225.79.236",
              "4.225.78.165",
              "4.225.24.11",
              "4.225.24.110",
              "51.12.31.8"
            ],
            "outbound_ip_addresses": "4.225.78.152,4.225.199.217,4.225.79.236,4.225.78.165,4.225.24.11,4.225.24.110,51.12.31.8",
            "possible_outbound_ip_address_list": [
              "4.225.195.99",
              "4.225.24.190",
              "4.225.24.198",
              "4.225.24.204",
              "74.241.204.158",
              "74.241.207.29",
              "74.241.209.196",
              "74.241.210.225",
              "74.241.210.245",
              "74.241.211.183",
              "74.241.212.216",
              "74.241.212.222",
              "74.241.213.67",
              "135.225.16.25",
              "135.225.16.84",
              "4.225.77.153",
              "74.241.142.64",
              "4.225.78.82",
              "4.225.78.152",
              "4.225.199.217",
              "4.225.79.236",
              "4.225.78.165",
              "4.225.24.11",
              "4.225.24.110",
              "4.225.195.99",
              "4.225.24.190",
              "4.225.24.198",
              "4.225.24.204",
              "74.241.204.158",
              "74.241.207.29",
              "4.225.76.9",
              "4.225.25.42",
              "74.241.203.193",
              "4.225.25.74",
              "4.225.25.129",
              "4.225.25.132",
              "51.12.31.8"
            ],
            "possible_outbound_ip_addresses": "4.225.195.99,4.225.24.190,4.225.24.198,4.225.24.204,74.241.204.158,74.241.207.29,74.241.209.196,74.241.210.225,74.241.210.245,74.241.211.183,74.241.212.216,74.241.212.222,74.241.213.67,135.225.16.25,135.225.16.84,4.225.77.153,74.241.142.64,4.225.78.82,4.225.78.152,4.225.199.217,4.225.79.236,4.225.78.165,4.225.24.11,4.225.24.110,4.225.195.99,4.225.24.190,4.225.24.198,4.225.24.204,74.241.204.158,74.241.207.29,4.225.76.9,4.225.25.42,74.241.203.193,4.225.25.74,4.225.25.129,4.225.25.132,51.12.31.8",
            "resource_group_name": "rg-sc-d-ocr-01",
            "service_plan_id": "/subscriptions/0f039cb4-2405-4c79-a4c9-9660c38a6b78/resourceGroups/rg-sc-d-ocr-01/providers/Microsoft.Web/serverfarms/plan-sc-d-ocr-01",
            "site_config": [
              {
                "always_on": true,
                "api_definition_url": "",
                "api_management_api_id": "",
                "app_command_line": "",
                "application_stack": [
                  {
                    "docker_image": "arquitectura-referencecqrs",
                    "docker_image_tag": "1.0.12",
                    "dotnet_version": "",
                    "java_server": "",
                    "java_server_version": "",
                    "java_version": "",
                    "node_version": "",
                    "php_version": "",
                    "python_version": "",
                    "ruby_version": ""
                  }
                ],
                "auto_heal_enabled": false,
                "auto_heal_setting": [],
                "container_registry_managed_identity_client_id": "",
                "container_registry_use_managed_identity": false,
                "cors": [],
                "default_documents": [
                  "Default.htm",
                  "Default.html",
                  "Default.asp",
                  "index.htm",
                  "index.html",
                  "iisstart.htm",
                  "default.aspx",
                  "index.php",
                  "hostingstart.html"
                ],
                "detailed_error_logging_enabled": false,
                "ftps_state": "Disabled",
                "health_check_eviction_time_in_min": 0,
                "health_check_path": "",
                "http2_enabled": false,
                "ip_restriction": [],
                "linux_fx_version": "DOCKER|arquitectura-referencecqrs:1.0.12",
                "load_balancing_mode": "LeastRequests",
                "local_mysql_enabled": false,
                "managed_pipeline_mode": "Integrated",
                "minimum_tls_version": "1.2",
                "remote_debugging_enabled": false,
                "remote_debugging_version": "VS2022",
                "scm_ip_restriction": [],
                "scm_minimum_tls_version": "1.2",
                "scm_type": "None",
                "scm_use_main_ip_restriction": false,
                "use_32_bit_worker": true,
                "vnet_route_all_enabled": false,
                "websockets_enabled": false,
                "worker_count": 1
              }
            ],
            "site_credential": [
              {
                "name": "$asw-sc-d-ia-ocr-ructboe-findyearxml-be-01",
                "password": "Xaa6dR8b3gl3axqGM0wrWbqZYzTc4wwuFRscz7ers3Dv1nKHTRTg6lLtnaDT"
              }
            ],
            "storage_account": [],
            "tags": {
              "architect": "Marco Callisaya",
              "creation_date": "13/09/24",
              "deploy_method": "Terraform",
              "environmnet": "DES",
              "location": "swedencentral",
              "owner": "AI",
              "project": "OCR",
              "provider": "Azure"
            },
            "timeouts": null
          },
          "sensitive_attributes": [
            [
              {
                "type": "get_attr",
                "value": "custom_domain_verification_id"
              }
            ]
          ],
          "private": "eyJlMmJmYjczMC1lY2FhLTExZTYtOGY4OC0zNDM2M2JjN2M0YzAiOnsiY3JlYXRlIjoxODAwMDAwMDAwMDAwLCJkZWxldGUiOjE4MDAwMDAwMDAwMDAsInJlYWQiOjMwMDAwMDAwMDAwMCwidXBkYXRlIjoxODAwMDAwMDAwMDAwfX0=",
          "dependencies": [
            "module.app_service.azurerm_service_plan.plan"
          ]
        },
        {
          "index_key": "app7",
          "schema_version": 0,
          "attributes": {
            "app_settings": null,
            "auth_settings": [
              {
                "active_directory": [],
                "additional_login_parameters": {},
                "allowed_external_redirect_urls": [],
                "default_provider": "",
                "enabled": false,
                "facebook": [],
                "github": [],
                "google": [],
                "issuer": "",
                "microsoft": [],
                "runtime_version": "",
                "token_refresh_extension_hours": 0,
                "token_store_enabled": false,
                "twitter": [],
                "unauthenticated_client_action": ""
              }
            ],
            "backup": [],
            "client_affinity_enabled": false,
            "client_certificate_enabled": false,
            "client_certificate_mode": "Required",
            "connection_string": [],
            "custom_domain_verification_id": "F7DFAF60145CE8C0D8B6F0828F7580D78301A23D54C8BCF5129167B2D40D58B5",
            "default_hostname": "asw-sc-d-ia-ocr-spa-01.azurewebsites.net",
            "enabled": true,
            "https_only": false,
            "id": "/subscriptions/0f039cb4-2405-4c79-a4c9-9660c38a6b78/resourceGroups/rg-sc-d-ocr-01/providers/Microsoft.Web/sites/asw-sc-d-ia-ocr-spa-01",
            "identity": [],
            "key_vault_reference_identity_id": "SystemAssigned",
            "kind": "app,linux,container",
            "location": "swedencentral",
            "logs": [],
            "name": "asw-sc-d-ia-ocr-spa-01",
            "outbound_ip_address_list": [
              "4.225.78.152",
              "4.225.199.217",
              "4.225.79.236",
              "4.225.78.165",
              "4.225.24.11",
              "4.225.24.110",
              "51.12.31.8"
            ],
            "outbound_ip_addresses": "4.225.78.152,4.225.199.217,4.225.79.236,4.225.78.165,4.225.24.11,4.225.24.110,51.12.31.8",
            "possible_outbound_ip_address_list": [
              "4.225.195.99",
              "4.225.24.190",
              "4.225.24.198",
              "4.225.24.204",
              "74.241.204.158",
              "74.241.207.29",
              "74.241.209.196",
              "74.241.210.225",
              "74.241.210.245",
              "74.241.211.183",
              "74.241.212.216",
              "74.241.212.222",
              "74.241.213.67",
              "135.225.16.25",
              "135.225.16.84",
              "4.225.77.153",
              "74.241.142.64",
              "4.225.78.82",
              "4.225.78.152",
              "4.225.199.217",
              "4.225.79.236",
              "4.225.78.165",
              "4.225.24.11",
              "4.225.24.110",
              "4.225.195.99",
              "4.225.24.190",
              "4.225.24.198",
              "4.225.24.204",
              "74.241.204.158",
              "74.241.207.29",
              "4.225.76.9",
              "4.225.25.42",
              "74.241.203.193",
              "4.225.25.74",
              "4.225.25.129",
              "4.225.25.132",
              "51.12.31.8"
            ],
            "possible_outbound_ip_addresses": "4.225.195.99,4.225.24.190,4.225.24.198,4.225.24.204,74.241.204.158,74.241.207.29,74.241.209.196,74.241.210.225,74.241.210.245,74.241.211.183,74.241.212.216,74.241.212.222,74.241.213.67,135.225.16.25,135.225.16.84,4.225.77.153,74.241.142.64,4.225.78.82,4.225.78.152,4.225.199.217,4.225.79.236,4.225.78.165,4.225.24.11,4.225.24.110,4.225.195.99,4.225.24.190,4.225.24.198,4.225.24.204,74.241.204.158,74.241.207.29,4.225.76.9,4.225.25.42,74.241.203.193,4.225.25.74,4.225.25.129,4.225.25.132,51.12.31.8",
            "resource_group_name": "rg-sc-d-ocr-01",
            "service_plan_id": "/subscriptions/0f039cb4-2405-4c79-a4c9-9660c38a6b78/resourceGroups/rg-sc-d-ocr-01/providers/Microsoft.Web/serverfarms/plan-sc-d-ocr-01",
            "site_config": [
              {
                "always_on": true,
                "api_definition_url": "",
                "api_management_api_id": "",
                "app_command_line": "",
                "application_stack": [
                  {
                    "docker_image": "arquitectura-referencecqrs",
                    "docker_image_tag": "1.0.12",
                    "dotnet_version": "",
                    "java_server": "",
                    "java_server_version": "",
                    "java_version": "",
                    "node_version": "",
                    "php_version": "",
                    "python_version": "",
                    "ruby_version": ""
                  }
                ],
                "auto_heal_enabled": false,
                "auto_heal_setting": [],
                "container_registry_managed_identity_client_id": "",
                "container_registry_use_managed_identity": false,
                "cors": [],
                "default_documents": [
                  "Default.htm",
                  "Default.html",
                  "Default.asp",
                  "index.htm",
                  "index.html",
                  "iisstart.htm",
                  "default.aspx",
                  "index.php",
                  "hostingstart.html"
                ],
                "detailed_error_logging_enabled": false,
                "ftps_state": "Disabled",
                "health_check_eviction_time_in_min": 0,
                "health_check_path": "",
                "http2_enabled": false,
                "ip_restriction": [],
                "linux_fx_version": "DOCKER|arquitectura-referencecqrs:1.0.12",
                "load_balancing_mode": "LeastRequests",
                "local_mysql_enabled": false,
                "managed_pipeline_mode": "Integrated",
                "minimum_tls_version": "1.2",
                "remote_debugging_enabled": false,
                "remote_debugging_version": "VS2022",
                "scm_ip_restriction": [],
                "scm_minimum_tls_version": "1.2",
                "scm_type": "None",
                "scm_use_main_ip_restriction": false,
                "use_32_bit_worker": true,
                "vnet_route_all_enabled": false,
                "websockets_enabled": false,
                "worker_count": 1
              }
            ],
            "site_credential": [
              {
                "name": "$asw-sc-d-ia-ocr-spa-01",
                "password": "bAhuHd64l8BfrAA1h7fZCdmPj5dKAYDin8hPW9qgCjcrTlvpFlB6MEmrTFmp"
              }
            ],
            "storage_account": [],
            "tags": {
              "architect": "Marco Callisaya",
              "creation_date": "13/09/24",
              "deploy_method": "Terraform",
              "environmnet": "DES",
              "location": "swedencentral",
              "owner": "AI",
              "project": "OCR",
              "provider": "Azure"
            },
            "timeouts": null
          },
          "sensitive_attributes": [
            [
              {
                "type": "get_attr",
                "value": "custom_domain_verification_id"
              }
            ]
          ],
          "private": "eyJlMmJmYjczMC1lY2FhLTExZTYtOGY4OC0zNDM2M2JjN2M0YzAiOnsiY3JlYXRlIjoxODAwMDAwMDAwMDAwLCJkZWxldGUiOjE4MDAwMDAwMDAwMDAsInJlYWQiOjMwMDAwMDAwMDAwMCwidXBkYXRlIjoxODAwMDAwMDAwMDAwfX0=",
          "dependencies": [
            "module.app_service.azurerm_service_plan.plan"
          ]
        }
      ]
    },
    {
      "module": "module.app_service",
      "mode": "managed",
      "type": "azurerm_service_plan",
      "name": "plan",
      "provider": "provider[\"registry.terraform.io/hashicorp/azurerm\"]",
      "instances": [
        {
          "schema_version": 0,
          "attributes": {
            "app_service_environment_id": "",
            "id": "/subscriptions/0f039cb4-2405-4c79-a4c9-9660c38a6b78/resourceGroups/rg-sc-d-ocr-01/providers/Microsoft.Web/serverfarms/plan-sc-d-ocr-01",
            "kind": "linux",
            "location": "swedencentral",
            "maximum_elastic_worker_count": 1,
            "name": "plan-sc-d-ocr-01",
            "os_type": "Linux",
            "per_site_scaling_enabled": false,
            "reserved": true,
            "resource_group_name": "rg-sc-d-ocr-01",
            "sku_name": "P1v3",
            "tags": {
              "architect": "Marco Callisaya",
              "creation_date": "13/09/24",
              "deploy_method": "Terraform",
              "environmnet": "DES",
              "location": "swedencentral",
              "owner": "AI",
              "project": "OCR",
              "provider": "Azure"
            },
            "timeouts": null,
            "worker_count": 1
          },
          "sensitive_attributes": [],
          "private": "eyJlMmJmYjczMC1lY2FhLTExZTYtOGY4OC0zNDM2M2JjN2M0YzAiOnsiY3JlYXRlIjozNjAwMDAwMDAwMDAwLCJkZWxldGUiOjM2MDAwMDAwMDAwMDAsInJlYWQiOjMwMDAwMDAwMDAwMCwidXBkYXRlIjozNjAwMDAwMDAwMDAwfX0="
        }
      ]
    }
  ],
  "check_results": null
}
