{
  "version": 4,
  "terraform_version": "1.9.5",
  "serial": 12,
  "lineage": "e2cfc108-3eef-bfc6-061b-c561f0055d3c",
  "outputs": {},
  "resources": [
    {
      "module": "module.service_bus",
      "mode": "managed",
      "type": "azurerm_servicebus_namespace",
      "name": "example",
      "provider": "provider[\"registry.terraform.io/hashicorp/azurerm\"]",
      "instances": [
        {
          "schema_version": 1,
          "attributes": {
            "capacity": 0,
            "default_primary_connection_string": "Endpoint=sb://sb-sc-u-ocr-01.servicebus.windows.net/;SharedAccessKeyName=RootManageSharedAccessKey;SharedAccessKey=G0NF01USZfkanF310Q6qKxEX1XmDFzMUL+ASbGLNyWU=",
            "default_primary_key": "G0NF01USZfkanF310Q6qKxEX1XmDFzMUL+ASbGLNyWU=",
            "default_secondary_connection_string": "Endpoint=sb://sb-sc-u-ocr-01.servicebus.windows.net/;SharedAccessKeyName=RootManageSharedAccessKey;SharedAccessKey=wBhYmPP+i+lPxbS2WKrdUSRrXX9hjxk4r+ASbJIuHFw=",
            "default_secondary_key": "wBhYmPP+i+lPxbS2WKrdUSRrXX9hjxk4r+ASbJIuHFw=",
            "id": "/subscriptions/0f039cb4-2405-4c79-a4c9-9660c38a6b78/resourceGroups/rg-sc-u-ocr-01/providers/Microsoft.ServiceBus/namespaces/sb-sc-u-ocr-01",
            "identity": [],
            "location": "swedencentral",
            "name": "sb-sc-u-ocr-01",
            "resource_group_name": "rg-sc-u-ocr-01",
            "sku": "Standard",
            "tags": {
              "architect": "Marco Callisaya",
              "creation_date": "13/09/24",
              "deploy_method": "Terraform",
              "environmnet": "PRE",
              "location": "swedencentral",
              "owner": "AI",
              "project": "OCR",
              "provider": "Azure"
            },
            "timeouts": null,
            "zone_redundant": false
          },
          "sensitive_attributes": [
            [
              {
                "type": "get_attr",
                "value": "default_secondary_key"
              }
            ],
            [
              {
                "type": "get_attr",
                "value": "default_secondary_connection_string"
              }
            ],
            [
              {
                "type": "get_attr",
                "value": "default_primary_key"
              }
            ],
            [
              {
                "type": "get_attr",
                "value": "default_primary_connection_string"
              }
            ]
          ],
          "private": "eyJlMmJmYjczMC1lY2FhLTExZTYtOGY4OC0zNDM2M2JjN2M0YzAiOnsiY3JlYXRlIjoxODAwMDAwMDAwMDAwLCJkZWxldGUiOjE4MDAwMDAwMDAwMDAsInJlYWQiOjMwMDAwMDAwMDAwMCwidXBkYXRlIjoxODAwMDAwMDAwMDAwfSwic2NoZW1hX3ZlcnNpb24iOiIxIn0="
        }
      ]
    },
    {
      "module": "module.service_bus",
      "mode": "managed",
      "type": "azurerm_servicebus_queue",
      "name": "example",
      "provider": "provider[\"registry.terraform.io/hashicorp/azurerm\"]",
      "instances": [
        {
          "index_key": "queue1",
          "schema_version": 0,
          "attributes": {
            "auto_delete_on_idle": "P10675199DT2H48M5.4775807S",
            "dead_lettering_on_message_expiration": true,
            "default_message_ttl": "P1D",
            "duplicate_detection_history_time_window": "PT10M",
            "enable_batched_operations": true,
            "enable_express": false,
            "enable_partitioning": false,
            "forward_dead_lettered_messages_to": "",
            "forward_to": "",
            "id": "/subscriptions/0f039cb4-2405-4c79-a4c9-9660c38a6b78/resourceGroups/rg-sc-u-ocr-01/providers/Microsoft.ServiceBus/namespaces/sb-sc-u-ocr-01/queues/processfilequeue",
            "lock_duration": "PT5M",
            "max_delivery_count": 10,
            "max_message_size_in_kilobytes": 256,
            "max_size_in_megabytes": 1024,
            "name": "processfilequeue",
            "namespace_id": "/subscriptions/0f039cb4-2405-4c79-a4c9-9660c38a6b78/resourceGroups/rg-sc-u-ocr-01/providers/Microsoft.ServiceBus/namespaces/sb-sc-u-ocr-01",
            "requires_duplicate_detection": true,
            "requires_session": false,
            "status": "Active",
            "timeouts": null
          },
          "sensitive_attributes": [],
          "private": "eyJlMmJmYjczMC1lY2FhLTExZTYtOGY4OC0zNDM2M2JjN2M0YzAiOnsiY3JlYXRlIjoxODAwMDAwMDAwMDAwLCJkZWxldGUiOjE4MDAwMDAwMDAwMDAsInJlYWQiOjMwMDAwMDAwMDAwMCwidXBkYXRlIjoxODAwMDAwMDAwMDAwfX0=",
          "dependencies": [
            "module.service_bus.azurerm_servicebus_namespace.example"
          ]
        },
        {
          "index_key": "queue10",
          "schema_version": 0,
          "attributes": {
            "auto_delete_on_idle": "P10675199DT2H48M5.4775807S",
            "dead_lettering_on_message_expiration": true,
            "default_message_ttl": "P1D",
            "duplicate_detection_history_time_window": "PT10M",
            "enable_batched_operations": true,
            "enable_express": false,
            "enable_partitioning": false,
            "forward_dead_lettered_messages_to": "",
            "forward_to": "",
            "id": "/subscriptions/0f039cb4-2405-4c79-a4c9-9660c38a6b78/resourceGroups/rg-sc-u-ocr-01/providers/Microsoft.ServiceBus/namespaces/sb-sc-u-ocr-01/queues/datavalidationqueue",
            "lock_duration": "PT5M",
            "max_delivery_count": 10,
            "max_message_size_in_kilobytes": 256,
            "max_size_in_megabytes": 1024,
            "name": "datavalidationqueue",
            "namespace_id": "/subscriptions/0f039cb4-2405-4c79-a4c9-9660c38a6b78/resourceGroups/rg-sc-u-ocr-01/providers/Microsoft.ServiceBus/namespaces/sb-sc-u-ocr-01",
            "requires_duplicate_detection": true,
            "requires_session": false,
            "status": "Active",
            "timeouts": null
          },
          "sensitive_attributes": [],
          "private": "eyJlMmJmYjczMC1lY2FhLTExZTYtOGY4OC0zNDM2M2JjN2M0YzAiOnsiY3JlYXRlIjoxODAwMDAwMDAwMDAwLCJkZWxldGUiOjE4MDAwMDAwMDAwMDAsInJlYWQiOjMwMDAwMDAwMDAwMCwidXBkYXRlIjoxODAwMDAwMDAwMDAwfX0=",
          "dependencies": [
            "module.service_bus.azurerm_servicebus_namespace.example"
          ]
        },
        {
          "index_key": "queue2",
          "schema_version": 0,
          "attributes": {
            "auto_delete_on_idle": "P10675199DT2H48M5.4775807S",
            "dead_lettering_on_message_expiration": true,
            "default_message_ttl": "P1D",
            "duplicate_detection_history_time_window": "PT10M",
            "enable_batched_operations": true,
            "enable_express": false,
            "enable_partitioning": false,
            "forward_dead_lettered_messages_to": "",
            "forward_to": "",
            "id": "/subscriptions/0f039cb4-2405-4c79-a4c9-9660c38a6b78/resourceGroups/rg-sc-u-ocr-01/providers/Microsoft.ServiceBus/namespaces/sb-sc-u-ocr-01/queues/iafulltextqueue",
            "lock_duration": "PT5M",
            "max_delivery_count": 10,
            "max_message_size_in_kilobytes": 256,
            "max_size_in_megabytes": 1024,
            "name": "iafulltextqueue",
            "namespace_id": "/subscriptions/0f039cb4-2405-4c79-a4c9-9660c38a6b78/resourceGroups/rg-sc-u-ocr-01/providers/Microsoft.ServiceBus/namespaces/sb-sc-u-ocr-01",
            "requires_duplicate_detection": true,
            "requires_session": false,
            "status": "Active",
            "timeouts": null
          },
          "sensitive_attributes": [],
          "private": "eyJlMmJmYjczMC1lY2FhLTExZTYtOGY4OC0zNDM2M2JjN2M0YzAiOnsiY3JlYXRlIjoxODAwMDAwMDAwMDAwLCJkZWxldGUiOjE4MDAwMDAwMDAwMDAsInJlYWQiOjMwMDAwMDAwMDAwMCwidXBkYXRlIjoxODAwMDAwMDAwMDAwfX0=",
          "dependencies": [
            "module.service_bus.azurerm_servicebus_namespace.example"
          ]
        },
        {
          "index_key": "queue3",
          "schema_version": 0,
          "attributes": {
            "auto_delete_on_idle": "P10675199DT2H48M5.4775807S",
            "dead_lettering_on_message_expiration": true,
            "default_message_ttl": "P1D",
            "duplicate_detection_history_time_window": "PT10M",
            "enable_batched_operations": true,
            "enable_express": false,
            "enable_partitioning": false,
            "forward_dead_lettered_messages_to": "",
            "forward_to": "",
            "id": "/subscriptions/0f039cb4-2405-4c79-a4c9-9660c38a6b78/resourceGroups/rg-sc-u-ocr-01/providers/Microsoft.ServiceBus/namespaces/sb-sc-u-ocr-01/queues/matchingqueue",
            "lock_duration": "PT5M",
            "max_delivery_count": 10,
            "max_message_size_in_kilobytes": 256,
            "max_size_in_megabytes": 1024,
            "name": "matchingqueue",
            "namespace_id": "/subscriptions/0f039cb4-2405-4c79-a4c9-9660c38a6b78/resourceGroups/rg-sc-u-ocr-01/providers/Microsoft.ServiceBus/namespaces/sb-sc-u-ocr-01",
            "requires_duplicate_detection": true,
            "requires_session": false,
            "status": "Active",
            "timeouts": null
          },
          "sensitive_attributes": [],
          "private": "eyJlMmJmYjczMC1lY2FhLTExZTYtOGY4OC0zNDM2M2JjN2M0YzAiOnsiY3JlYXRlIjoxODAwMDAwMDAwMDAwLCJkZWxldGUiOjE4MDAwMDAwMDAwMDAsInJlYWQiOjMwMDAwMDAwMDAwMCwidXBkYXRlIjoxODAwMDAwMDAwMDAwfX0=",
          "dependencies": [
            "module.service_bus.azurerm_servicebus_namespace.example"
          ]
        },
        {
          "index_key": "queue4",
          "schema_version": 0,
          "attributes": {
            "auto_delete_on_idle": "P10675199DT2H48M5.4775807S",
            "dead_lettering_on_message_expiration": true,
            "default_message_ttl": "P1D",
            "duplicate_detection_history_time_window": "PT10M",
            "enable_batched_operations": true,
            "enable_express": false,
            "enable_partitioning": false,
            "forward_dead_lettered_messages_to": "",
            "forward_to": "",
            "id": "/subscriptions/0f039cb4-2405-4c79-a4c9-9660c38a6b78/resourceGroups/rg-sc-u-ocr-01/providers/Microsoft.ServiceBus/namespaces/sb-sc-u-ocr-01/queues/pendingyearqueue",
            "lock_duration": "PT5M",
            "max_delivery_count": 10,
            "max_message_size_in_kilobytes": 256,
            "max_size_in_megabytes": 1024,
            "name": "pendingyearqueue",
            "namespace_id": "/subscriptions/0f039cb4-2405-4c79-a4c9-9660c38a6b78/resourceGroups/rg-sc-u-ocr-01/providers/Microsoft.ServiceBus/namespaces/sb-sc-u-ocr-01",
            "requires_duplicate_detection": true,
            "requires_session": false,
            "status": "Active",
            "timeouts": null
          },
          "sensitive_attributes": [],
          "private": "eyJlMmJmYjczMC1lY2FhLTExZTYtOGY4OC0zNDM2M2JjN2M0YzAiOnsiY3JlYXRlIjoxODAwMDAwMDAwMDAwLCJkZWxldGUiOjE4MDAwMDAwMDAwMDAsInJlYWQiOjMwMDAwMDAwMDAwMCwidXBkYXRlIjoxODAwMDAwMDAwMDAwfX0=",
          "dependencies": [
            "module.service_bus.azurerm_servicebus_namespace.example"
          ]
        },
        {
          "index_key": "queue5",
          "schema_version": 0,
          "attributes": {
            "auto_delete_on_idle": "P10675199DT2H48M5.4775807S",
            "dead_lettering_on_message_expiration": true,
            "default_message_ttl": "P1D",
            "duplicate_detection_history_time_window": "PT10M",
            "enable_batched_operations": true,
            "enable_express": false,
            "enable_partitioning": false,
            "forward_dead_lettered_messages_to": "",
            "forward_to": "",
            "id": "/subscriptions/0f039cb4-2405-4c79-a4c9-9660c38a6b78/resourceGroups/rg-sc-u-ocr-01/providers/Microsoft.ServiceBus/namespaces/sb-sc-u-ocr-01/queues/yearxmlmatchingqueue",
            "lock_duration": "PT5M",
            "max_delivery_count": 10,
            "max_message_size_in_kilobytes": 256,
            "max_size_in_megabytes": 1024,
            "name": "yearxmlmatchingqueue",
            "namespace_id": "/subscriptions/0f039cb4-2405-4c79-a4c9-9660c38a6b78/resourceGroups/rg-sc-u-ocr-01/providers/Microsoft.ServiceBus/namespaces/sb-sc-u-ocr-01",
            "requires_duplicate_detection": true,
            "requires_session": false,
            "status": "Active",
            "timeouts": null
          },
          "sensitive_attributes": [],
          "private": "eyJlMmJmYjczMC1lY2FhLTExZTYtOGY4OC0zNDM2M2JjN2M0YzAiOnsiY3JlYXRlIjoxODAwMDAwMDAwMDAwLCJkZWxldGUiOjE4MDAwMDAwMDAwMDAsInJlYWQiOjMwMDAwMDAwMDAwMCwidXBkYXRlIjoxODAwMDAwMDAwMDAwfX0=",
          "dependencies": [
            "module.service_bus.azurerm_servicebus_namespace.example"
          ]
        },
        {
          "index_key": "queue6",
          "schema_version": 0,
          "attributes": {
            "auto_delete_on_idle": "P10675199DT2H48M5.4775807S",
            "dead_lettering_on_message_expiration": true,
            "default_message_ttl": "P1D",
            "duplicate_detection_history_time_window": "PT10M",
            "enable_batched_operations": true,
            "enable_express": false,
            "enable_partitioning": false,
            "forward_dead_lettered_messages_to": "",
            "forward_to": "",
            "id": "/subscriptions/0f039cb4-2405-4c79-a4c9-9660c38a6b78/resourceGroups/rg-sc-u-ocr-01/providers/Microsoft.ServiceBus/namespaces/sb-sc-u-ocr-01/queues/pendingsniesvalidationqueue",
            "lock_duration": "PT5M",
            "max_delivery_count": 10,
            "max_message_size_in_kilobytes": 256,
            "max_size_in_megabytes": 1024,
            "name": "pendingsniesvalidationqueue",
            "namespace_id": "/subscriptions/0f039cb4-2405-4c79-a4c9-9660c38a6b78/resourceGroups/rg-sc-u-ocr-01/providers/Microsoft.ServiceBus/namespaces/sb-sc-u-ocr-01",
            "requires_duplicate_detection": true,
            "requires_session": false,
            "status": "Active",
            "timeouts": null
          },
          "sensitive_attributes": [],
          "private": "eyJlMmJmYjczMC1lY2FhLTExZTYtOGY4OC0zNDM2M2JjN2M0YzAiOnsiY3JlYXRlIjoxODAwMDAwMDAwMDAwLCJkZWxldGUiOjE4MDAwMDAwMDAwMDAsInJlYWQiOjMwMDAwMDAwMDAwMCwidXBkYXRlIjoxODAwMDAwMDAwMDAwfX0=",
          "dependencies": [
            "module.service_bus.azurerm_servicebus_namespace.example"
          ]
        },
        {
          "index_key": "queue7",
          "schema_version": 0,
          "attributes": {
            "auto_delete_on_idle": "P10675199DT2H48M5.4775807S",
            "dead_lettering_on_message_expiration": true,
            "default_message_ttl": "P1D",
            "duplicate_detection_history_time_window": "PT10M",
            "enable_batched_operations": true,
            "enable_express": false,
            "enable_partitioning": false,
            "forward_dead_lettered_messages_to": "",
            "forward_to": "",
            "id": "/subscriptions/0f039cb4-2405-4c79-a4c9-9660c38a6b78/resourceGroups/rg-sc-u-ocr-01/providers/Microsoft.ServiceBus/namespaces/sb-sc-u-ocr-01/queues/docprovidedqueue",
            "lock_duration": "PT5M",
            "max_delivery_count": 10,
            "max_message_size_in_kilobytes": 256,
            "max_size_in_megabytes": 1024,
            "name": "docprovidedqueue",
            "namespace_id": "/subscriptions/0f039cb4-2405-4c79-a4c9-9660c38a6b78/resourceGroups/rg-sc-u-ocr-01/providers/Microsoft.ServiceBus/namespaces/sb-sc-u-ocr-01",
            "requires_duplicate_detection": true,
            "requires_session": false,
            "status": "Active",
            "timeouts": null
          },
          "sensitive_attributes": [],
          "private": "eyJlMmJmYjczMC1lY2FhLTExZTYtOGY4OC0zNDM2M2JjN2M0YzAiOnsiY3JlYXRlIjoxODAwMDAwMDAwMDAwLCJkZWxldGUiOjE4MDAwMDAwMDAwMDAsInJlYWQiOjMwMDAwMDAwMDAwMCwidXBkYXRlIjoxODAwMDAwMDAwMDAwfX0=",
          "dependencies": [
            "module.service_bus.azurerm_servicebus_namespace.example"
          ]
        },
        {
          "index_key": "queue8",
          "schema_version": 0,
          "attributes": {
            "auto_delete_on_idle": "P10675199DT2H48M5.4775807S",
            "dead_lettering_on_message_expiration": true,
            "default_message_ttl": "P1D",
            "duplicate_detection_history_time_window": "PT10M",
            "enable_batched_operations": true,
            "enable_express": false,
            "enable_partitioning": false,
            "forward_dead_lettered_messages_to": "",
            "forward_to": "",
            "id": "/subscriptions/0f039cb4-2405-4c79-a4c9-9660c38a6b78/resourceGroups/rg-sc-u-ocr-01/providers/Microsoft.ServiceBus/namespaces/sb-sc-u-ocr-01/queues/iafulltextmatchingqueue",
            "lock_duration": "PT5M",
            "max_delivery_count": 10,
            "max_message_size_in_kilobytes": 256,
            "max_size_in_megabytes": 1024,
            "name": "iafulltextmatchingqueue",
            "namespace_id": "/subscriptions/0f039cb4-2405-4c79-a4c9-9660c38a6b78/resourceGroups/rg-sc-u-ocr-01/providers/Microsoft.ServiceBus/namespaces/sb-sc-u-ocr-01",
            "requires_duplicate_detection": true,
            "requires_session": false,
            "status": "Active",
            "timeouts": null
          },
          "sensitive_attributes": [],
          "private": "eyJlMmJmYjczMC1lY2FhLTExZTYtOGY4OC0zNDM2M2JjN2M0YzAiOnsiY3JlYXRlIjoxODAwMDAwMDAwMDAwLCJkZWxldGUiOjE4MDAwMDAwMDAwMDAsInJlYWQiOjMwMDAwMDAwMDAwMCwidXBkYXRlIjoxODAwMDAwMDAwMDAwfX0=",
          "dependencies": [
            "module.service_bus.azurerm_servicebus_namespace.example"
          ]
        },
        {
          "index_key": "queue9",
          "schema_version": 0,
          "attributes": {
            "auto_delete_on_idle": "P10675199DT2H48M5.4775807S",
            "dead_lettering_on_message_expiration": true,
            "default_message_ttl": "P1D",
            "duplicate_detection_history_time_window": "PT10M",
            "enable_batched_operations": true,
            "enable_express": false,
            "enable_partitioning": false,
            "forward_dead_lettered_messages_to": "",
            "forward_to": "",
            "id": "/subscriptions/0f039cb4-2405-4c79-a4c9-9660c38a6b78/resourceGroups/rg-sc-u-ocr-01/providers/Microsoft.ServiceBus/namespaces/sb-sc-u-ocr-01/queues/requestpendingdocqueue",
            "lock_duration": "PT5M",
            "max_delivery_count": 10,
            "max_message_size_in_kilobytes": 256,
            "max_size_in_megabytes": 1024,
            "name": "requestpendingdocqueue",
            "namespace_id": "/subscriptions/0f039cb4-2405-4c79-a4c9-9660c38a6b78/resourceGroups/rg-sc-u-ocr-01/providers/Microsoft.ServiceBus/namespaces/sb-sc-u-ocr-01",
            "requires_duplicate_detection": true,
            "requires_session": false,
            "status": "Active",
            "timeouts": null
          },
          "sensitive_attributes": [],
          "private": "eyJlMmJmYjczMC1lY2FhLTExZTYtOGY4OC0zNDM2M2JjN2M0YzAiOnsiY3JlYXRlIjoxODAwMDAwMDAwMDAwLCJkZWxldGUiOjE4MDAwMDAwMDAwMDAsInJlYWQiOjMwMDAwMDAwMDAwMCwidXBkYXRlIjoxODAwMDAwMDAwMDAwfX0=",
          "dependencies": [
            "module.service_bus.azurerm_servicebus_namespace.example"
          ]
        }
      ]
    }
  ],
  "check_results": null
}
