{
  "version": 4,
  "terraform_version": "1.9.5",
  "serial": 37,
  "lineage": "57877c73-d807-632c-b9b9-5954b108199a",
  "outputs": {},
  "resources": [
    {
      "module": "module.app_insight",
      "mode": "managed",
      "type": "azurerm_application_insights",
      "name": "example",
      "provider": "provider[\"registry.terraform.io/hashicorp/azurerm\"]",
      "instances": [
        {
          "index_key": "insight1",
          "schema_version": 1,
          "attributes": {
            "app_id": "f46873e0-981d-4184-b9c8-69f92a98b30e",
            "application_type": "web",
            "connection_string": "InstrumentationKey=382cdee8-8371-4790-8d24-7adeb227284f;IngestionEndpoint=https://swedencentral-0.in.applicationinsights.azure.com/;ApplicationId=f46873e0-981d-4184-b9c8-69f92a98b30e",
            "daily_data_cap_in_gb": 100,
            "daily_data_cap_notifications_disabled": false,
            "disable_ip_masking": false,
            "force_customer_storage_for_profiler": false,
            "id": "/subscriptions/0f039cb4-2405-4c79-a4c9-9660c38a6b78/resourceGroups/rg-sc-u-ocr-01/providers/Microsoft.Insights/components/ai-sc-u-ia-ocr-automatismo-be-01",
            "instrumentation_key": "382cdee8-8371-4790-8d24-7adeb227284f",
            "internet_ingestion_enabled": true,
            "internet_query_enabled": true,
            "local_authentication_disabled": false,
            "location": "swedencentral",
            "name": "ai-sc-u-ia-ocr-automatismo-be-01",
            "resource_group_name": "rg-sc-u-ocr-01",
            "retention_in_days": 90,
            "sampling_percentage": 100,
            "tags": null,
            "timeouts": null,
            "workspace_id": "/subscriptions/0f039cb4-2405-4c79-a4c9-9660c38a6b78/resourceGroups/rg-sc-u-ocr-01/providers/Microsoft.OperationalInsights/workspaces/logw-sc-d-ocr-01"
          },
          "sensitive_attributes": [
            [
              {
                "type": "get_attr",
                "value": "connection_string"
              }
            ],
            [
              {
                "type": "get_attr",
                "value": "instrumentation_key"
              }
            ]
          ],
          "private": "eyJlMmJmYjczMC1lY2FhLTExZTYtOGY4OC0zNDM2M2JjN2M0YzAiOnsiY3JlYXRlIjozNjAwMDAwMDAwMDAwLCJkZWxldGUiOjE4MDAwMDAwMDAwMDAsInJlYWQiOjMwMDAwMDAwMDAwMCwidXBkYXRlIjoxODAwMDAwMDAwMDAwfSwic2NoZW1hX3ZlcnNpb24iOiIxIn0=",
          "dependencies": [
            "module.app_insight.azurerm_log_analytics_workspace.example"
          ]
        },
        {
          "index_key": "insight2",
          "schema_version": 1,
          "attributes": {
            "app_id": "58f7c6de-6d0d-4ce2-8870-2bcad0f0d928",
            "application_type": "web",
            "connection_string": "InstrumentationKey=618a8b79-5a06-4a63-9328-22b918dccb84;IngestionEndpoint=https://swedencentral-0.in.applicationinsights.azure.com/;ApplicationId=58f7c6de-6d0d-4ce2-8870-2bcad0f0d928",
            "daily_data_cap_in_gb": 100,
            "daily_data_cap_notifications_disabled": false,
            "disable_ip_masking": false,
            "force_customer_storage_for_profiler": false,
            "id": "/subscriptions/0f039cb4-2405-4c79-a4c9-9660c38a6b78/resourceGroups/rg-sc-u-ocr-01/providers/Microsoft.Insights/components/ai-sc-u-ia-ocr-matching-01-be",
            "instrumentation_key": "618a8b79-5a06-4a63-9328-22b918dccb84",
            "internet_ingestion_enabled": true,
            "internet_query_enabled": true,
            "local_authentication_disabled": false,
            "location": "swedencentral",
            "name": "ai-sc-u-ia-ocr-matching-01-be",
            "resource_group_name": "rg-sc-u-ocr-01",
            "retention_in_days": 90,
            "sampling_percentage": 100,
            "tags": null,
            "timeouts": null,
            "workspace_id": "/subscriptions/0f039cb4-2405-4c79-a4c9-9660c38a6b78/resourceGroups/rg-sc-u-ocr-01/providers/Microsoft.OperationalInsights/workspaces/logw-sc-d-ocr-01"
          },
          "sensitive_attributes": [
            [
              {
                "type": "get_attr",
                "value": "instrumentation_key"
              }
            ],
            [
              {
                "type": "get_attr",
                "value": "connection_string"
              }
            ]
          ],
          "private": "eyJlMmJmYjczMC1lY2FhLTExZTYtOGY4OC0zNDM2M2JjN2M0YzAiOnsiY3JlYXRlIjozNjAwMDAwMDAwMDAwLCJkZWxldGUiOjE4MDAwMDAwMDAwMDAsInJlYWQiOjMwMDAwMDAwMDAwMCwidXBkYXRlIjoxODAwMDAwMDAwMDAwfSwic2NoZW1hX3ZlcnNpb24iOiIxIn0=",
          "dependencies": [
            "module.app_insight.azurerm_log_analytics_workspace.example"
          ]
        },
        {
          "index_key": "insight3",
          "schema_version": 1,
          "attributes": {
            "app_id": "10d8a64b-be0b-4ae4-b9aa-ff47a2cff19a",
            "application_type": "web",
            "connection_string": "InstrumentationKey=1fa02e99-c181-4a83-8389-7ba0381d501d;IngestionEndpoint=https://swedencentral-0.in.applicationinsights.azure.com/;ApplicationId=10d8a64b-be0b-4ae4-b9aa-ff47a2cff19a",
            "daily_data_cap_in_gb": 100,
            "daily_data_cap_notifications_disabled": false,
            "disable_ip_masking": false,
            "force_customer_storage_for_profiler": false,
            "id": "/subscriptions/0f039cb4-2405-4c79-a4c9-9660c38a6b78/resourceGroups/rg-sc-u-ocr-01/providers/Microsoft.Insights/components/ai-sc-u-ia-ocr-iarecognition-be-01",
            "instrumentation_key": "1fa02e99-c181-4a83-8389-7ba0381d501d",
            "internet_ingestion_enabled": true,
            "internet_query_enabled": true,
            "local_authentication_disabled": false,
            "location": "swedencentral",
            "name": "ai-sc-u-ia-ocr-iarecognition-be-01",
            "resource_group_name": "rg-sc-u-ocr-01",
            "retention_in_days": 90,
            "sampling_percentage": 100,
            "tags": null,
            "timeouts": null,
            "workspace_id": "/subscriptions/0f039cb4-2405-4c79-a4c9-9660c38a6b78/resourceGroups/rg-sc-u-ocr-01/providers/Microsoft.OperationalInsights/workspaces/logw-sc-d-ocr-01"
          },
          "sensitive_attributes": [
            [
              {
                "type": "get_attr",
                "value": "connection_string"
              }
            ],
            [
              {
                "type": "get_attr",
                "value": "instrumentation_key"
              }
            ]
          ],
          "private": "eyJlMmJmYjczMC1lY2FhLTExZTYtOGY4OC0zNDM2M2JjN2M0YzAiOnsiY3JlYXRlIjozNjAwMDAwMDAwMDAwLCJkZWxldGUiOjE4MDAwMDAwMDAwMDAsInJlYWQiOjMwMDAwMDAwMDAwMCwidXBkYXRlIjoxODAwMDAwMDAwMDAwfSwic2NoZW1hX3ZlcnNpb24iOiIxIn0=",
          "dependencies": [
            "module.app_insight.azurerm_log_analytics_workspace.example"
          ]
        },
        {
          "index_key": "insight4",
          "schema_version": 1,
          "attributes": {
            "app_id": "1b874bf9-beb8-4f53-8e55-d60ffe57eab0",
            "application_type": "web",
            "connection_string": "InstrumentationKey=d237bb75-3191-4312-86c2-a6f7365b00e7;IngestionEndpoint=https://swedencentral-0.in.applicationinsights.azure.com/;ApplicationId=1b874bf9-beb8-4f53-8e55-d60ffe57eab0",
            "daily_data_cap_in_gb": 100,
            "daily_data_cap_notifications_disabled": false,
            "disable_ip_masking": false,
            "force_customer_storage_for_profiler": false,
            "id": "/subscriptions/0f039cb4-2405-4c79-a4c9-9660c38a6b78/resourceGroups/rg-sc-u-ocr-01/providers/Microsoft.Insights/components/ai-sc-u-ia-ocr-secretaria-be-01",
            "instrumentation_key": "d237bb75-3191-4312-86c2-a6f7365b00e7",
            "internet_ingestion_enabled": true,
            "internet_query_enabled": true,
            "local_authentication_disabled": false,
            "location": "swedencentral",
            "name": "ai-sc-u-ia-ocr-secretaria-be-01",
            "resource_group_name": "rg-sc-u-ocr-01",
            "retention_in_days": 90,
            "sampling_percentage": 100,
            "tags": null,
            "timeouts": null,
            "workspace_id": "/subscriptions/0f039cb4-2405-4c79-a4c9-9660c38a6b78/resourceGroups/rg-sc-u-ocr-01/providers/Microsoft.OperationalInsights/workspaces/logw-sc-d-ocr-01"
          },
          "sensitive_attributes": [
            [
              {
                "type": "get_attr",
                "value": "connection_string"
              }
            ],
            [
              {
                "type": "get_attr",
                "value": "instrumentation_key"
              }
            ]
          ],
          "private": "eyJlMmJmYjczMC1lY2FhLTExZTYtOGY4OC0zNDM2M2JjN2M0YzAiOnsiY3JlYXRlIjozNjAwMDAwMDAwMDAwLCJkZWxldGUiOjE4MDAwMDAwMDAwMDAsInJlYWQiOjMwMDAwMDAwMDAwMCwidXBkYXRlIjoxODAwMDAwMDAwMDAwfSwic2NoZW1hX3ZlcnNpb24iOiIxIn0=",
          "dependencies": [
            "module.app_insight.azurerm_log_analytics_workspace.example"
          ]
        },
        {
          "index_key": "insight5",
          "schema_version": 1,
          "attributes": {
            "app_id": "6938a8a4-1ddf-48ce-ad6b-7043d92e2cc9",
            "application_type": "web",
            "connection_string": "InstrumentationKey=6c556d83-b91a-4f4f-a7c8-cfbe3bbc2461;IngestionEndpoint=https://swedencentral-0.in.applicationinsights.azure.com/;ApplicationId=6938a8a4-1ddf-48ce-ad6b-7043d92e2cc9",
            "daily_data_cap_in_gb": 100,
            "daily_data_cap_notifications_disabled": false,
            "disable_ip_masking": false,
            "force_customer_storage_for_profiler": false,
            "id": "/subscriptions/0f039cb4-2405-4c79-a4c9-9660c38a6b78/resourceGroups/rg-sc-u-ocr-01/providers/Microsoft.Insights/components/ai-sc-u-ia-ocr-snies-be-01",
            "instrumentation_key": "6c556d83-b91a-4f4f-a7c8-cfbe3bbc2461",
            "internet_ingestion_enabled": true,
            "internet_query_enabled": true,
            "local_authentication_disabled": false,
            "location": "swedencentral",
            "name": "ai-sc-u-ia-ocr-snies-be-01",
            "resource_group_name": "rg-sc-u-ocr-01",
            "retention_in_days": 90,
            "sampling_percentage": 100,
            "tags": null,
            "timeouts": null,
            "workspace_id": "/subscriptions/0f039cb4-2405-4c79-a4c9-9660c38a6b78/resourceGroups/rg-sc-u-ocr-01/providers/Microsoft.OperationalInsights/workspaces/logw-sc-d-ocr-01"
          },
          "sensitive_attributes": [
            [
              {
                "type": "get_attr",
                "value": "connection_string"
              }
            ],
            [
              {
                "type": "get_attr",
                "value": "instrumentation_key"
              }
            ]
          ],
          "private": "eyJlMmJmYjczMC1lY2FhLTExZTYtOGY4OC0zNDM2M2JjN2M0YzAiOnsiY3JlYXRlIjozNjAwMDAwMDAwMDAwLCJkZWxldGUiOjE4MDAwMDAwMDAwMDAsInJlYWQiOjMwMDAwMDAwMDAwMCwidXBkYXRlIjoxODAwMDAwMDAwMDAwfSwic2NoZW1hX3ZlcnNpb24iOiIxIn0=",
          "dependencies": [
            "module.app_insight.azurerm_log_analytics_workspace.example"
          ]
        },
        {
          "index_key": "insight6",
          "schema_version": 1,
          "attributes": {
            "app_id": "efe646d0-41ed-41e1-9746-b95a15351a8a",
            "application_type": "web",
            "connection_string": "InstrumentationKey=43d48c27-359b-4188-aae3-89b834ed4686;IngestionEndpoint=https://swedencentral-0.in.applicationinsights.azure.com/;ApplicationId=efe646d0-41ed-41e1-9746-b95a15351a8a",
            "daily_data_cap_in_gb": 100,
            "daily_data_cap_notifications_disabled": false,
            "disable_ip_masking": false,
            "force_customer_storage_for_profiler": false,
            "id": "/subscriptions/0f039cb4-2405-4c79-a4c9-9660c38a6b78/resourceGroups/rg-sc-u-ocr-01/providers/Microsoft.Insights/components/ai-sc-u-ia-ocr-ructboe-findyearxml-be-01",
            "instrumentation_key": "43d48c27-359b-4188-aae3-89b834ed4686",
            "internet_ingestion_enabled": true,
            "internet_query_enabled": true,
            "local_authentication_disabled": false,
            "location": "swedencentral",
            "name": "ai-sc-u-ia-ocr-ructboe-findyearxml-be-01",
            "resource_group_name": "rg-sc-u-ocr-01",
            "retention_in_days": 90,
            "sampling_percentage": 100,
            "tags": null,
            "timeouts": null,
            "workspace_id": "/subscriptions/0f039cb4-2405-4c79-a4c9-9660c38a6b78/resourceGroups/rg-sc-u-ocr-01/providers/Microsoft.OperationalInsights/workspaces/logw-sc-d-ocr-01"
          },
          "sensitive_attributes": [
            [
              {
                "type": "get_attr",
                "value": "instrumentation_key"
              }
            ],
            [
              {
                "type": "get_attr",
                "value": "connection_string"
              }
            ]
          ],
          "private": "eyJlMmJmYjczMC1lY2FhLTExZTYtOGY4OC0zNDM2M2JjN2M0YzAiOnsiY3JlYXRlIjozNjAwMDAwMDAwMDAwLCJkZWxldGUiOjE4MDAwMDAwMDAwMDAsInJlYWQiOjMwMDAwMDAwMDAwMCwidXBkYXRlIjoxODAwMDAwMDAwMDAwfSwic2NoZW1hX3ZlcnNpb24iOiIxIn0=",
          "dependencies": [
            "module.app_insight.azurerm_log_analytics_workspace.example"
          ]
        },
        {
          "index_key": "insight7",
          "schema_version": 1,
          "attributes": {
            "app_id": "cc94e6bc-11ec-4e2e-9e87-6c323a727018",
            "application_type": "web",
            "connection_string": "InstrumentationKey=4ab684ef-54ad-49eb-9490-2f5abb9ba4ef;IngestionEndpoint=https://swedencentral-0.in.applicationinsights.azure.com/;ApplicationId=cc94e6bc-11ec-4e2e-9e87-6c323a727018",
            "daily_data_cap_in_gb": 100,
            "daily_data_cap_notifications_disabled": false,
            "disable_ip_masking": false,
            "force_customer_storage_for_profiler": false,
            "id": "/subscriptions/0f039cb4-2405-4c79-a4c9-9660c38a6b78/resourceGroups/rg-sc-u-ocr-01/providers/Microsoft.Insights/components/ai-sc-u-ia-ocr-spa-01",
            "instrumentation_key": "4ab684ef-54ad-49eb-9490-2f5abb9ba4ef",
            "internet_ingestion_enabled": true,
            "internet_query_enabled": true,
            "local_authentication_disabled": false,
            "location": "swedencentral",
            "name": "ai-sc-u-ia-ocr-spa-01",
            "resource_group_name": "rg-sc-u-ocr-01",
            "retention_in_days": 90,
            "sampling_percentage": 100,
            "tags": null,
            "timeouts": null,
            "workspace_id": "/subscriptions/0f039cb4-2405-4c79-a4c9-9660c38a6b78/resourceGroups/rg-sc-u-ocr-01/providers/Microsoft.OperationalInsights/workspaces/logw-sc-d-ocr-01"
          },
          "sensitive_attributes": [
            [
              {
                "type": "get_attr",
                "value": "connection_string"
              }
            ],
            [
              {
                "type": "get_attr",
                "value": "instrumentation_key"
              }
            ]
          ],
          "private": "eyJlMmJmYjczMC1lY2FhLTExZTYtOGY4OC0zNDM2M2JjN2M0YzAiOnsiY3JlYXRlIjozNjAwMDAwMDAwMDAwLCJkZWxldGUiOjE4MDAwMDAwMDAwMDAsInJlYWQiOjMwMDAwMDAwMDAwMCwidXBkYXRlIjoxODAwMDAwMDAwMDAwfSwic2NoZW1hX3ZlcnNpb24iOiIxIn0=",
          "dependencies": [
            "module.app_insight.azurerm_log_analytics_workspace.example"
          ]
        },
        {
          "index_key": "insight8",
          "schema_version": 1,
          "attributes": {
            "app_id": "918e21ef-5a7b-494d-8c3e-c56f64dce894",
            "application_type": "web",
            "connection_string": "InstrumentationKey=de4271a7-84d4-4587-99ca-17f9b5fae372;IngestionEndpoint=https://swedencentral-0.in.applicationinsights.azure.com/;ApplicationId=918e21ef-5a7b-494d-8c3e-c56f64dce894",
            "daily_data_cap_in_gb": 100,
            "daily_data_cap_notifications_disabled": false,
            "disable_ip_masking": false,
            "force_customer_storage_for_profiler": false,
            "id": "/subscriptions/0f039cb4-2405-4c79-a4c9-9660c38a6b78/resourceGroups/rg-sc-u-ocr-01/providers/Microsoft.Insights/components/ai-sc-u-ia-ocr-01",
            "instrumentation_key": "de4271a7-84d4-4587-99ca-17f9b5fae372",
            "internet_ingestion_enabled": true,
            "internet_query_enabled": true,
            "local_authentication_disabled": false,
            "location": "swedencentral",
            "name": "ai-sc-u-ia-ocr-01",
            "resource_group_name": "rg-sc-u-ocr-01",
            "retention_in_days": 90,
            "sampling_percentage": 100,
            "tags": null,
            "timeouts": null,
            "workspace_id": "/subscriptions/0f039cb4-2405-4c79-a4c9-9660c38a6b78/resourceGroups/rg-sc-u-ocr-01/providers/Microsoft.OperationalInsights/workspaces/logw-sc-d-ocr-01"
          },
          "sensitive_attributes": [
            [
              {
                "type": "get_attr",
                "value": "connection_string"
              }
            ],
            [
              {
                "type": "get_attr",
                "value": "instrumentation_key"
              }
            ]
          ],
          "private": "eyJlMmJmYjczMC1lY2FhLTExZTYtOGY4OC0zNDM2M2JjN2M0YzAiOnsiY3JlYXRlIjozNjAwMDAwMDAwMDAwLCJkZWxldGUiOjE4MDAwMDAwMDAwMDAsInJlYWQiOjMwMDAwMDAwMDAwMCwidXBkYXRlIjoxODAwMDAwMDAwMDAwfSwic2NoZW1hX3ZlcnNpb24iOiIxIn0=",
          "dependencies": [
            "module.app_insight.azurerm_log_analytics_workspace.example"
          ]
        }
      ]
    },
    {
      "module": "module.app_insight",
      "mode": "managed",
      "type": "azurerm_log_analytics_workspace",
      "name": "example",
      "provider": "provider[\"registry.terraform.io/hashicorp/azurerm\"]",
      "instances": [
        {
          "schema_version": 2,
          "attributes": {
            "daily_quota_gb": -1,
            "id": "/subscriptions/0f039cb4-2405-4c79-a4c9-9660c38a6b78/resourceGroups/rg-sc-u-ocr-01/providers/Microsoft.OperationalInsights/workspaces/logw-sc-d-ocr-01",
            "internet_ingestion_enabled": true,
            "internet_query_enabled": true,
            "location": "swedencentral",
            "name": "logw-sc-d-ocr-01",
            "primary_shared_key": "YqanqZKQQGTahT+sLZ2pAXPuDrWm986YrL9YTCO83uyCZ6nuQet5fDGGToEc8QjrQsoXztYiV2bNaQH1t9gwhw==",
            "reservation_capacity_in_gb_per_day": null,
            "resource_group_name": "rg-sc-u-ocr-01",
            "retention_in_days": 30,
            "secondary_shared_key": "88YYl/nTc5xdyZwvBfJ+ndu7IUcnHAKrX7hTTU7c+A1z2f5kilBvxjQLyMpprT9S59KIUOEMbM/O14qmzz8UfA==",
            "sku": "PerGB2018",
            "tags": null,
            "timeouts": null,
            "workspace_id": "9f71002f-c239-4913-84a3-c4ad01f095f8"
          },
          "sensitive_attributes": [
            [
              {
                "type": "get_attr",
                "value": "primary_shared_key"
              }
            ],
            [
              {
                "type": "get_attr",
                "value": "secondary_shared_key"
              }
            ]
          ],
          "private": "eyJlMmJmYjczMC1lY2FhLTExZTYtOGY4OC0zNDM2M2JjN2M0YzAiOnsiY3JlYXRlIjoxODAwMDAwMDAwMDAwLCJkZWxldGUiOjE4MDAwMDAwMDAwMDAsInJlYWQiOjMwMDAwMDAwMDAwMCwidXBkYXRlIjoxODAwMDAwMDAwMDAwfSwic2NoZW1hX3ZlcnNpb24iOiIyIn0="
        }
      ]
    },
    {
      "module": "module.app_service",
      "mode": "managed",
      "type": "azurerm_linux_web_app",
      "name": "api",
      "provider": "provider[\"registry.terraform.io/hashicorp/azurerm\"]",
      "instances": [
        {
          "index_key": "app1",
          "schema_version": 0,
          "attributes": {
            "app_settings": null,
            "auth_settings": [
              {
                "active_directory": [],
                "additional_login_parameters": {},
                "allowed_external_redirect_urls": [],
                "default_provider": "",
                "enabled": false,
                "facebook": [],
                "github": [],
                "google": [],
                "issuer": "",
                "microsoft": [],
                "runtime_version": "",
                "token_refresh_extension_hours": 0,
                "token_store_enabled": false,
                "twitter": [],
                "unauthenticated_client_action": ""
              }
            ],
            "backup": [],
            "client_affinity_enabled": false,
            "client_certificate_enabled": false,
            "client_certificate_mode": "Required",
            "connection_string": [],
            "custom_domain_verification_id": "F7DFAF60145CE8C0D8B6F0828F7580D78301A23D54C8BCF5129167B2D40D58B5",
            "default_hostname": "asw-sc-u-ia-ocr-automatismo-be-01.azurewebsites.net",
            "enabled": true,
            "https_only": false,
            "id": "/subscriptions/0f039cb4-2405-4c79-a4c9-9660c38a6b78/resourceGroups/rg-sc-u-ocr-01/providers/Microsoft.Web/sites/asw-sc-u-ia-ocr-automatismo-be-01",
            "identity": [],
            "key_vault_reference_identity_id": "SystemAssigned",
            "kind": "app,linux,container",
            "location": "swedencentral",
            "logs": [],
            "name": "asw-sc-u-ia-ocr-automatismo-be-01",
            "outbound_ip_address_list": [
              "4.225.197.189",
              "4.225.197.194",
              "4.225.197.198",
              "4.225.197.218",
              "4.225.197.231",
              "4.225.197.242",
              "51.12.31.6"
            ],
            "outbound_ip_addresses": "4.225.197.189,4.225.197.194,4.225.197.198,4.225.197.218,4.225.197.231,4.225.197.242,51.12.31.6",
            "possible_outbound_ip_address_list": [
              "4.225.197.246",
              "4.225.197.249",
              "4.225.197.252",
              "4.225.198.7",
              "4.225.198.17",
              "4.225.198.28",
              "4.225.197.167",
              "4.225.197.169",
              "4.225.197.174",
              "4.225.195.243",
              "4.225.192.27",
              "4.225.194.230",
              "4.225.195.194",
              "4.225.197.181",
              "4.225.195.19",
              "4.225.194.85",
              "4.225.197.6",
              "4.225.197.10",
              "4.225.197.189",
              "4.225.197.194",
              "4.225.197.198",
              "4.225.197.218",
              "4.225.197.231",
              "4.225.197.242",
              "4.225.197.246",
              "4.225.197.249",
              "4.225.197.252",
              "4.225.198.7",
              "4.225.198.17",
              "4.225.198.28",
              "4.225.198.34",
              "4.225.198.43",
              "4.225.198.44",
              "4.225.198.49",
              "4.225.198.67",
              "4.225.198.70",
              "51.12.31.6"
            ],
            "possible_outbound_ip_addresses": "4.225.197.246,4.225.197.249,4.225.197.252,4.225.198.7,4.225.198.17,4.225.198.28,4.225.197.167,4.225.197.169,4.225.197.174,4.225.195.243,4.225.192.27,4.225.194.230,4.225.195.194,4.225.197.181,4.225.195.19,4.225.194.85,4.225.197.6,4.225.197.10,4.225.197.189,4.225.197.194,4.225.197.198,4.225.197.218,4.225.197.231,4.225.197.242,4.225.197.246,4.225.197.249,4.225.197.252,4.225.198.7,4.225.198.17,4.225.198.28,4.225.198.34,4.225.198.43,4.225.198.44,4.225.198.49,4.225.198.67,4.225.198.70,51.12.31.6",
            "resource_group_name": "rg-sc-u-ocr-01",
            "service_plan_id": "/subscriptions/0f039cb4-2405-4c79-a4c9-9660c38a6b78/resourceGroups/rg-sc-u-ocr-01/providers/Microsoft.Web/serverfarms/plan-sc-u-ocr-01",
            "site_config": [
              {
                "always_on": true,
                "api_definition_url": "",
                "api_management_api_id": "",
                "app_command_line": "",
                "application_stack": [
                  {
                    "docker_image": "arquitectura-referencecqrs",
                    "docker_image_tag": "1.0.12",
                    "dotnet_version": "",
                    "java_server": "",
                    "java_server_version": "",
                    "java_version": "",
                    "node_version": "",
                    "php_version": "",
                    "python_version": "",
                    "ruby_version": ""
                  }
                ],
                "auto_heal_enabled": false,
                "auto_heal_setting": [],
                "container_registry_managed_identity_client_id": "",
                "container_registry_use_managed_identity": false,
                "cors": [],
                "default_documents": [
                  "Default.htm",
                  "Default.html",
                  "Default.asp",
                  "index.htm",
                  "index.html",
                  "iisstart.htm",
                  "default.aspx",
                  "index.php",
                  "hostingstart.html"
                ],
                "detailed_error_logging_enabled": false,
                "ftps_state": "Disabled",
                "health_check_eviction_time_in_min": 0,
                "health_check_path": "",
                "http2_enabled": false,
                "ip_restriction": [],
                "linux_fx_version": "DOCKER|arquitectura-referencecqrs:1.0.12",
                "load_balancing_mode": "LeastRequests",
                "local_mysql_enabled": false,
                "managed_pipeline_mode": "Integrated",
                "minimum_tls_version": "1.2",
                "remote_debugging_enabled": false,
                "remote_debugging_version": "VS2022",
                "scm_ip_restriction": [],
                "scm_minimum_tls_version": "1.2",
                "scm_type": "None",
                "scm_use_main_ip_restriction": false,
                "use_32_bit_worker": true,
                "vnet_route_all_enabled": false,
                "websockets_enabled": false,
                "worker_count": 1
              }
            ],
            "site_credential": [
              {
                "name": "$asw-sc-u-ia-ocr-automatismo-be-01",
                "password": "qNlW0GAb1lbPaiWvJsTFbgip8BEZ6mY1eZYBft9cJdctXCn4p3Z8ikNxuvmt"
              }
            ],
            "storage_account": [],
            "tags": {
              "architect": "Marco Callisaya",
              "creation_date": "13/09/24",
              "deploy_method": "Terraform",
              "environmnet": "PRE",
              "location": "swedencentral",
              "owner": "AI",
              "project": "OCR",
              "provider": "Azure"
            },
            "timeouts": null
          },
          "sensitive_attributes": [
            [
              {
                "type": "get_attr",
                "value": "custom_domain_verification_id"
              }
            ]
          ],
          "private": "eyJlMmJmYjczMC1lY2FhLTExZTYtOGY4OC0zNDM2M2JjN2M0YzAiOnsiY3JlYXRlIjoxODAwMDAwMDAwMDAwLCJkZWxldGUiOjE4MDAwMDAwMDAwMDAsInJlYWQiOjMwMDAwMDAwMDAwMCwidXBkYXRlIjoxODAwMDAwMDAwMDAwfX0=",
          "dependencies": [
            "module.app_service.azurerm_service_plan.plan"
          ]
        },
        {
          "index_key": "app2",
          "schema_version": 0,
          "attributes": {
            "app_settings": null,
            "auth_settings": [
              {
                "active_directory": [],
                "additional_login_parameters": {},
                "allowed_external_redirect_urls": [],
                "default_provider": "",
                "enabled": false,
                "facebook": [],
                "github": [],
                "google": [],
                "issuer": "",
                "microsoft": [],
                "runtime_version": "",
                "token_refresh_extension_hours": 0,
                "token_store_enabled": false,
                "twitter": [],
                "unauthenticated_client_action": ""
              }
            ],
            "backup": [],
            "client_affinity_enabled": false,
            "client_certificate_enabled": false,
            "client_certificate_mode": "Required",
            "connection_string": [],
            "custom_domain_verification_id": "F7DFAF60145CE8C0D8B6F0828F7580D78301A23D54C8BCF5129167B2D40D58B5",
            "default_hostname": "asw-sc-u-ia-ocr-matching-01-be.azurewebsites.net",
            "enabled": true,
            "https_only": false,
            "id": "/subscriptions/0f039cb4-2405-4c79-a4c9-9660c38a6b78/resourceGroups/rg-sc-u-ocr-01/providers/Microsoft.Web/sites/asw-sc-u-ia-ocr-matching-01-be",
            "identity": [],
            "key_vault_reference_identity_id": "SystemAssigned",
            "kind": "app,linux,container",
            "location": "swedencentral",
            "logs": [],
            "name": "asw-sc-u-ia-ocr-matching-01-be",
            "outbound_ip_address_list": [
              "4.225.197.189",
              "4.225.197.194",
              "4.225.197.198",
              "4.225.197.218",
              "4.225.197.231",
              "4.225.197.242",
              "51.12.31.6"
            ],
            "outbound_ip_addresses": "4.225.197.189,4.225.197.194,4.225.197.198,4.225.197.218,4.225.197.231,4.225.197.242,51.12.31.6",
            "possible_outbound_ip_address_list": [
              "4.225.197.246",
              "4.225.197.249",
              "4.225.197.252",
              "4.225.198.7",
              "4.225.198.17",
              "4.225.198.28",
              "4.225.197.167",
              "4.225.197.169",
              "4.225.197.174",
              "4.225.195.243",
              "4.225.192.27",
              "4.225.194.230",
              "4.225.195.194",
              "4.225.197.181",
              "4.225.195.19",
              "4.225.194.85",
              "4.225.197.6",
              "4.225.197.10",
              "4.225.197.189",
              "4.225.197.194",
              "4.225.197.198",
              "4.225.197.218",
              "4.225.197.231",
              "4.225.197.242",
              "4.225.197.246",
              "4.225.197.249",
              "4.225.197.252",
              "4.225.198.7",
              "4.225.198.17",
              "4.225.198.28",
              "4.225.198.34",
              "4.225.198.43",
              "4.225.198.44",
              "4.225.198.49",
              "4.225.198.67",
              "4.225.198.70",
              "51.12.31.6"
            ],
            "possible_outbound_ip_addresses": "4.225.197.246,4.225.197.249,4.225.197.252,4.225.198.7,4.225.198.17,4.225.198.28,4.225.197.167,4.225.197.169,4.225.197.174,4.225.195.243,4.225.192.27,4.225.194.230,4.225.195.194,4.225.197.181,4.225.195.19,4.225.194.85,4.225.197.6,4.225.197.10,4.225.197.189,4.225.197.194,4.225.197.198,4.225.197.218,4.225.197.231,4.225.197.242,4.225.197.246,4.225.197.249,4.225.197.252,4.225.198.7,4.225.198.17,4.225.198.28,4.225.198.34,4.225.198.43,4.225.198.44,4.225.198.49,4.225.198.67,4.225.198.70,51.12.31.6",
            "resource_group_name": "rg-sc-u-ocr-01",
            "service_plan_id": "/subscriptions/0f039cb4-2405-4c79-a4c9-9660c38a6b78/resourceGroups/rg-sc-u-ocr-01/providers/Microsoft.Web/serverfarms/plan-sc-u-ocr-01",
            "site_config": [
              {
                "always_on": true,
                "api_definition_url": "",
                "api_management_api_id": "",
                "app_command_line": "",
                "application_stack": [
                  {
                    "docker_image": "arquitectura-referencecqrs",
                    "docker_image_tag": "1.0.12",
                    "dotnet_version": "",
                    "java_server": "",
                    "java_server_version": "",
                    "java_version": "",
                    "node_version": "",
                    "php_version": "",
                    "python_version": "",
                    "ruby_version": ""
                  }
                ],
                "auto_heal_enabled": false,
                "auto_heal_setting": [],
                "container_registry_managed_identity_client_id": "",
                "container_registry_use_managed_identity": false,
                "cors": [],
                "default_documents": [
                  "Default.htm",
                  "Default.html",
                  "Default.asp",
                  "index.htm",
                  "index.html",
                  "iisstart.htm",
                  "default.aspx",
                  "index.php",
                  "hostingstart.html"
                ],
                "detailed_error_logging_enabled": false,
                "ftps_state": "Disabled",
                "health_check_eviction_time_in_min": 0,
                "health_check_path": "",
                "http2_enabled": false,
                "ip_restriction": [],
                "linux_fx_version": "DOCKER|arquitectura-referencecqrs:1.0.12",
                "load_balancing_mode": "LeastRequests",
                "local_mysql_enabled": false,
                "managed_pipeline_mode": "Integrated",
                "minimum_tls_version": "1.2",
                "remote_debugging_enabled": false,
                "remote_debugging_version": "VS2022",
                "scm_ip_restriction": [],
                "scm_minimum_tls_version": "1.2",
                "scm_type": "None",
                "scm_use_main_ip_restriction": false,
                "use_32_bit_worker": true,
                "vnet_route_all_enabled": false,
                "websockets_enabled": false,
                "worker_count": 1
              }
            ],
            "site_credential": [
              {
                "name": "$asw-sc-u-ia-ocr-matching-01-be",
                "password": "kwuuDKJGdtLfPCQxBezcZhaa0tisbMlPxR5dex0xMzzqh0hxbh9v0ernR777"
              }
            ],
            "storage_account": [],
            "tags": {
              "architect": "Marco Callisaya",
              "creation_date": "13/09/24",
              "deploy_method": "Terraform",
              "environmnet": "PRE",
              "location": "swedencentral",
              "owner": "AI",
              "project": "OCR",
              "provider": "Azure"
            },
            "timeouts": null
          },
          "sensitive_attributes": [
            [
              {
                "type": "get_attr",
                "value": "custom_domain_verification_id"
              }
            ]
          ],
          "private": "eyJlMmJmYjczMC1lY2FhLTExZTYtOGY4OC0zNDM2M2JjN2M0YzAiOnsiY3JlYXRlIjoxODAwMDAwMDAwMDAwLCJkZWxldGUiOjE4MDAwMDAwMDAwMDAsInJlYWQiOjMwMDAwMDAwMDAwMCwidXBkYXRlIjoxODAwMDAwMDAwMDAwfX0=",
          "dependencies": [
            "module.app_service.azurerm_service_plan.plan"
          ]
        },
        {
          "index_key": "app3",
          "schema_version": 0,
          "attributes": {
            "app_settings": null,
            "auth_settings": [
              {
                "active_directory": [],
                "additional_login_parameters": {},
                "allowed_external_redirect_urls": [],
                "default_provider": "",
                "enabled": false,
                "facebook": [],
                "github": [],
                "google": [],
                "issuer": "",
                "microsoft": [],
                "runtime_version": "",
                "token_refresh_extension_hours": 0,
                "token_store_enabled": false,
                "twitter": [],
                "unauthenticated_client_action": ""
              }
            ],
            "backup": [],
            "client_affinity_enabled": false,
            "client_certificate_enabled": false,
            "client_certificate_mode": "Required",
            "connection_string": [],
            "custom_domain_verification_id": "F7DFAF60145CE8C0D8B6F0828F7580D78301A23D54C8BCF5129167B2D40D58B5",
            "default_hostname": "asw-sc-u-ia-ocr-iarecognition-be-01.azurewebsites.net",
            "enabled": true,
            "https_only": false,
            "id": "/subscriptions/0f039cb4-2405-4c79-a4c9-9660c38a6b78/resourceGroups/rg-sc-u-ocr-01/providers/Microsoft.Web/sites/asw-sc-u-ia-ocr-iarecognition-be-01",
            "identity": [],
            "key_vault_reference_identity_id": "SystemAssigned",
            "kind": "app,linux,container",
            "location": "swedencentral",
            "logs": [],
            "name": "asw-sc-u-ia-ocr-iarecognition-be-01",
            "outbound_ip_address_list": [
              "4.225.197.189",
              "4.225.197.194",
              "4.225.197.198",
              "4.225.197.218",
              "4.225.197.231",
              "4.225.197.242",
              "51.12.31.6"
            ],
            "outbound_ip_addresses": "4.225.197.189,4.225.197.194,4.225.197.198,4.225.197.218,4.225.197.231,4.225.197.242,51.12.31.6",
            "possible_outbound_ip_address_list": [
              "4.225.197.246",
              "4.225.197.249",
              "4.225.197.252",
              "4.225.198.7",
              "4.225.198.17",
              "4.225.198.28",
              "4.225.197.167",
              "4.225.197.169",
              "4.225.197.174",
              "4.225.195.243",
              "4.225.192.27",
              "4.225.194.230",
              "4.225.195.194",
              "4.225.197.181",
              "4.225.195.19",
              "4.225.194.85",
              "4.225.197.6",
              "4.225.197.10",
              "4.225.197.189",
              "4.225.197.194",
              "4.225.197.198",
              "4.225.197.218",
              "4.225.197.231",
              "4.225.197.242",
              "4.225.197.246",
              "4.225.197.249",
              "4.225.197.252",
              "4.225.198.7",
              "4.225.198.17",
              "4.225.198.28",
              "4.225.198.34",
              "4.225.198.43",
              "4.225.198.44",
              "4.225.198.49",
              "4.225.198.67",
              "4.225.198.70",
              "51.12.31.6"
            ],
            "possible_outbound_ip_addresses": "4.225.197.246,4.225.197.249,4.225.197.252,4.225.198.7,4.225.198.17,4.225.198.28,4.225.197.167,4.225.197.169,4.225.197.174,4.225.195.243,4.225.192.27,4.225.194.230,4.225.195.194,4.225.197.181,4.225.195.19,4.225.194.85,4.225.197.6,4.225.197.10,4.225.197.189,4.225.197.194,4.225.197.198,4.225.197.218,4.225.197.231,4.225.197.242,4.225.197.246,4.225.197.249,4.225.197.252,4.225.198.7,4.225.198.17,4.225.198.28,4.225.198.34,4.225.198.43,4.225.198.44,4.225.198.49,4.225.198.67,4.225.198.70,51.12.31.6",
            "resource_group_name": "rg-sc-u-ocr-01",
            "service_plan_id": "/subscriptions/0f039cb4-2405-4c79-a4c9-9660c38a6b78/resourceGroups/rg-sc-u-ocr-01/providers/Microsoft.Web/serverfarms/plan-sc-u-ocr-01",
            "site_config": [
              {
                "always_on": true,
                "api_definition_url": "",
                "api_management_api_id": "",
                "app_command_line": "",
                "application_stack": [
                  {
                    "docker_image": "arquitectura-referencecqrs",
                    "docker_image_tag": "1.0.12",
                    "dotnet_version": "",
                    "java_server": "",
                    "java_server_version": "",
                    "java_version": "",
                    "node_version": "",
                    "php_version": "",
                    "python_version": "",
                    "ruby_version": ""
                  }
                ],
                "auto_heal_enabled": false,
                "auto_heal_setting": [],
                "container_registry_managed_identity_client_id": "",
                "container_registry_use_managed_identity": false,
                "cors": [],
                "default_documents": [
                  "Default.htm",
                  "Default.html",
                  "Default.asp",
                  "index.htm",
                  "index.html",
                  "iisstart.htm",
                  "default.aspx",
                  "index.php",
                  "hostingstart.html"
                ],
                "detailed_error_logging_enabled": false,
                "ftps_state": "Disabled",
                "health_check_eviction_time_in_min": 0,
                "health_check_path": "",
                "http2_enabled": false,
                "ip_restriction": [],
                "linux_fx_version": "DOCKER|arquitectura-referencecqrs:1.0.12",
                "load_balancing_mode": "LeastRequests",
                "local_mysql_enabled": false,
                "managed_pipeline_mode": "Integrated",
                "minimum_tls_version": "1.2",
                "remote_debugging_enabled": false,
                "remote_debugging_version": "VS2022",
                "scm_ip_restriction": [],
                "scm_minimum_tls_version": "1.2",
                "scm_type": "None",
                "scm_use_main_ip_restriction": false,
                "use_32_bit_worker": true,
                "vnet_route_all_enabled": false,
                "websockets_enabled": false,
                "worker_count": 1
              }
            ],
            "site_credential": [
              {
                "name": "$asw-sc-u-ia-ocr-iarecognition-be-01",
                "password": "GlZiTJ4fnRLKftLkyyEMrcoYrz5cCLH8XswQ6yno3L2w3NDuvc1upHl2LvCP"
              }
            ],
            "storage_account": [],
            "tags": {
              "architect": "Marco Callisaya",
              "creation_date": "13/09/24",
              "deploy_method": "Terraform",
              "environmnet": "PRE",
              "location": "swedencentral",
              "owner": "AI",
              "project": "OCR",
              "provider": "Azure"
            },
            "timeouts": null
          },
          "sensitive_attributes": [
            [
              {
                "type": "get_attr",
                "value": "custom_domain_verification_id"
              }
            ]
          ],
          "private": "eyJlMmJmYjczMC1lY2FhLTExZTYtOGY4OC0zNDM2M2JjN2M0YzAiOnsiY3JlYXRlIjoxODAwMDAwMDAwMDAwLCJkZWxldGUiOjE4MDAwMDAwMDAwMDAsInJlYWQiOjMwMDAwMDAwMDAwMCwidXBkYXRlIjoxODAwMDAwMDAwMDAwfX0=",
          "dependencies": [
            "module.app_service.azurerm_service_plan.plan"
          ]
        },
        {
          "index_key": "app4",
          "schema_version": 0,
          "attributes": {
            "app_settings": null,
            "auth_settings": [
              {
                "active_directory": [],
                "additional_login_parameters": {},
                "allowed_external_redirect_urls": [],
                "default_provider": "",
                "enabled": false,
                "facebook": [],
                "github": [],
                "google": [],
                "issuer": "",
                "microsoft": [],
                "runtime_version": "",
                "token_refresh_extension_hours": 0,
                "token_store_enabled": false,
                "twitter": [],
                "unauthenticated_client_action": ""
              }
            ],
            "backup": [],
            "client_affinity_enabled": false,
            "client_certificate_enabled": false,
            "client_certificate_mode": "Required",
            "connection_string": [],
            "custom_domain_verification_id": "F7DFAF60145CE8C0D8B6F0828F7580D78301A23D54C8BCF5129167B2D40D58B5",
            "default_hostname": "asw-sc-u-ia-ocr-secretaria-be-01.azurewebsites.net",
            "enabled": true,
            "https_only": false,
            "id": "/subscriptions/0f039cb4-2405-4c79-a4c9-9660c38a6b78/resourceGroups/rg-sc-u-ocr-01/providers/Microsoft.Web/sites/asw-sc-u-ia-ocr-secretaria-be-01",
            "identity": [],
            "key_vault_reference_identity_id": "SystemAssigned",
            "kind": "app,linux,container",
            "location": "swedencentral",
            "logs": [],
            "name": "asw-sc-u-ia-ocr-secretaria-be-01",
            "outbound_ip_address_list": [
              "4.225.197.189",
              "4.225.197.194",
              "4.225.197.198",
              "4.225.197.218",
              "4.225.197.231",
              "4.225.197.242",
              "51.12.31.6"
            ],
            "outbound_ip_addresses": "4.225.197.189,4.225.197.194,4.225.197.198,4.225.197.218,4.225.197.231,4.225.197.242,51.12.31.6",
            "possible_outbound_ip_address_list": [
              "4.225.197.246",
              "4.225.197.249",
              "4.225.197.252",
              "4.225.198.7",
              "4.225.198.17",
              "4.225.198.28",
              "4.225.197.167",
              "4.225.197.169",
              "4.225.197.174",
              "4.225.195.243",
              "4.225.192.27",
              "4.225.194.230",
              "4.225.195.194",
              "4.225.197.181",
              "4.225.195.19",
              "4.225.194.85",
              "4.225.197.6",
              "4.225.197.10",
              "4.225.197.189",
              "4.225.197.194",
              "4.225.197.198",
              "4.225.197.218",
              "4.225.197.231",
              "4.225.197.242",
              "4.225.197.246",
              "4.225.197.249",
              "4.225.197.252",
              "4.225.198.7",
              "4.225.198.17",
              "4.225.198.28",
              "4.225.198.34",
              "4.225.198.43",
              "4.225.198.44",
              "4.225.198.49",
              "4.225.198.67",
              "4.225.198.70",
              "51.12.31.6"
            ],
            "possible_outbound_ip_addresses": "4.225.197.246,4.225.197.249,4.225.197.252,4.225.198.7,4.225.198.17,4.225.198.28,4.225.197.167,4.225.197.169,4.225.197.174,4.225.195.243,4.225.192.27,4.225.194.230,4.225.195.194,4.225.197.181,4.225.195.19,4.225.194.85,4.225.197.6,4.225.197.10,4.225.197.189,4.225.197.194,4.225.197.198,4.225.197.218,4.225.197.231,4.225.197.242,4.225.197.246,4.225.197.249,4.225.197.252,4.225.198.7,4.225.198.17,4.225.198.28,4.225.198.34,4.225.198.43,4.225.198.44,4.225.198.49,4.225.198.67,4.225.198.70,51.12.31.6",
            "resource_group_name": "rg-sc-u-ocr-01",
            "service_plan_id": "/subscriptions/0f039cb4-2405-4c79-a4c9-9660c38a6b78/resourceGroups/rg-sc-u-ocr-01/providers/Microsoft.Web/serverfarms/plan-sc-u-ocr-01",
            "site_config": [
              {
                "always_on": true,
                "api_definition_url": "",
                "api_management_api_id": "",
                "app_command_line": "",
                "application_stack": [
                  {
                    "docker_image": "arquitectura-referencecqrs",
                    "docker_image_tag": "1.0.12",
                    "dotnet_version": "",
                    "java_server": "",
                    "java_server_version": "",
                    "java_version": "",
                    "node_version": "",
                    "php_version": "",
                    "python_version": "",
                    "ruby_version": ""
                  }
                ],
                "auto_heal_enabled": false,
                "auto_heal_setting": [],
                "container_registry_managed_identity_client_id": "",
                "container_registry_use_managed_identity": false,
                "cors": [],
                "default_documents": [
                  "Default.htm",
                  "Default.html",
                  "Default.asp",
                  "index.htm",
                  "index.html",
                  "iisstart.htm",
                  "default.aspx",
                  "index.php",
                  "hostingstart.html"
                ],
                "detailed_error_logging_enabled": false,
                "ftps_state": "Disabled",
                "health_check_eviction_time_in_min": 0,
                "health_check_path": "",
                "http2_enabled": false,
                "ip_restriction": [],
                "linux_fx_version": "DOCKER|arquitectura-referencecqrs:1.0.12",
                "load_balancing_mode": "LeastRequests",
                "local_mysql_enabled": false,
                "managed_pipeline_mode": "Integrated",
                "minimum_tls_version": "1.2",
                "remote_debugging_enabled": false,
                "remote_debugging_version": "VS2022",
                "scm_ip_restriction": [],
                "scm_minimum_tls_version": "1.2",
                "scm_type": "None",
                "scm_use_main_ip_restriction": false,
                "use_32_bit_worker": true,
                "vnet_route_all_enabled": false,
                "websockets_enabled": false,
                "worker_count": 1
              }
            ],
            "site_credential": [
              {
                "name": "$asw-sc-u-ia-ocr-secretaria-be-01",
                "password": "XvQBi7Au7jLSaPphs9dbprjbaKJ1TiWy2aXj77iT7rwoby9d0j9aKrfo9G5e"
              }
            ],
            "storage_account": [],
            "tags": {
              "architect": "Marco Callisaya",
              "creation_date": "13/09/24",
              "deploy_method": "Terraform",
              "environmnet": "PRE",
              "location": "swedencentral",
              "owner": "AI",
              "project": "OCR",
              "provider": "Azure"
            },
            "timeouts": null
          },
          "sensitive_attributes": [
            [
              {
                "type": "get_attr",
                "value": "custom_domain_verification_id"
              }
            ]
          ],
          "private": "eyJlMmJmYjczMC1lY2FhLTExZTYtOGY4OC0zNDM2M2JjN2M0YzAiOnsiY3JlYXRlIjoxODAwMDAwMDAwMDAwLCJkZWxldGUiOjE4MDAwMDAwMDAwMDAsInJlYWQiOjMwMDAwMDAwMDAwMCwidXBkYXRlIjoxODAwMDAwMDAwMDAwfX0=",
          "dependencies": [
            "module.app_service.azurerm_service_plan.plan"
          ]
        },
        {
          "index_key": "app5",
          "schema_version": 0,
          "attributes": {
            "app_settings": null,
            "auth_settings": [
              {
                "active_directory": [],
                "additional_login_parameters": {},
                "allowed_external_redirect_urls": [],
                "default_provider": "",
                "enabled": false,
                "facebook": [],
                "github": [],
                "google": [],
                "issuer": "",
                "microsoft": [],
                "runtime_version": "",
                "token_refresh_extension_hours": 0,
                "token_store_enabled": false,
                "twitter": [],
                "unauthenticated_client_action": ""
              }
            ],
            "backup": [],
            "client_affinity_enabled": false,
            "client_certificate_enabled": false,
            "client_certificate_mode": "Required",
            "connection_string": [],
            "custom_domain_verification_id": "F7DFAF60145CE8C0D8B6F0828F7580D78301A23D54C8BCF5129167B2D40D58B5",
            "default_hostname": "asw-sc-u-ia-ocr-snies-be-01.azurewebsites.net",
            "enabled": true,
            "https_only": false,
            "id": "/subscriptions/0f039cb4-2405-4c79-a4c9-9660c38a6b78/resourceGroups/rg-sc-u-ocr-01/providers/Microsoft.Web/sites/asw-sc-u-ia-ocr-snies-be-01",
            "identity": [],
            "key_vault_reference_identity_id": "SystemAssigned",
            "kind": "app,linux,container",
            "location": "swedencentral",
            "logs": [],
            "name": "asw-sc-u-ia-ocr-snies-be-01",
            "outbound_ip_address_list": [
              "4.225.197.189",
              "4.225.197.194",
              "4.225.197.198",
              "4.225.197.218",
              "4.225.197.231",
              "4.225.197.242",
              "51.12.31.6"
            ],
            "outbound_ip_addresses": "4.225.197.189,4.225.197.194,4.225.197.198,4.225.197.218,4.225.197.231,4.225.197.242,51.12.31.6",
            "possible_outbound_ip_address_list": [
              "4.225.197.246",
              "4.225.197.249",
              "4.225.197.252",
              "4.225.198.7",
              "4.225.198.17",
              "4.225.198.28",
              "4.225.197.167",
              "4.225.197.169",
              "4.225.197.174",
              "4.225.195.243",
              "4.225.192.27",
              "4.225.194.230",
              "4.225.195.194",
              "4.225.197.181",
              "4.225.195.19",
              "4.225.194.85",
              "4.225.197.6",
              "4.225.197.10",
              "4.225.197.189",
              "4.225.197.194",
              "4.225.197.198",
              "4.225.197.218",
              "4.225.197.231",
              "4.225.197.242",
              "4.225.197.246",
              "4.225.197.249",
              "4.225.197.252",
              "4.225.198.7",
              "4.225.198.17",
              "4.225.198.28",
              "4.225.198.34",
              "4.225.198.43",
              "4.225.198.44",
              "4.225.198.49",
              "4.225.198.67",
              "4.225.198.70",
              "51.12.31.6"
            ],
            "possible_outbound_ip_addresses": "4.225.197.246,4.225.197.249,4.225.197.252,4.225.198.7,4.225.198.17,4.225.198.28,4.225.197.167,4.225.197.169,4.225.197.174,4.225.195.243,4.225.192.27,4.225.194.230,4.225.195.194,4.225.197.181,4.225.195.19,4.225.194.85,4.225.197.6,4.225.197.10,4.225.197.189,4.225.197.194,4.225.197.198,4.225.197.218,4.225.197.231,4.225.197.242,4.225.197.246,4.225.197.249,4.225.197.252,4.225.198.7,4.225.198.17,4.225.198.28,4.225.198.34,4.225.198.43,4.225.198.44,4.225.198.49,4.225.198.67,4.225.198.70,51.12.31.6",
            "resource_group_name": "rg-sc-u-ocr-01",
            "service_plan_id": "/subscriptions/0f039cb4-2405-4c79-a4c9-9660c38a6b78/resourceGroups/rg-sc-u-ocr-01/providers/Microsoft.Web/serverfarms/plan-sc-u-ocr-01",
            "site_config": [
              {
                "always_on": true,
                "api_definition_url": "",
                "api_management_api_id": "",
                "app_command_line": "",
                "application_stack": [
                  {
                    "docker_image": "arquitectura-referencecqrs",
                    "docker_image_tag": "1.0.12",
                    "dotnet_version": "",
                    "java_server": "",
                    "java_server_version": "",
                    "java_version": "",
                    "node_version": "",
                    "php_version": "",
                    "python_version": "",
                    "ruby_version": ""
                  }
                ],
                "auto_heal_enabled": false,
                "auto_heal_setting": [],
                "container_registry_managed_identity_client_id": "",
                "container_registry_use_managed_identity": false,
                "cors": [],
                "default_documents": [
                  "Default.htm",
                  "Default.html",
                  "Default.asp",
                  "index.htm",
                  "index.html",
                  "iisstart.htm",
                  "default.aspx",
                  "index.php",
                  "hostingstart.html"
                ],
                "detailed_error_logging_enabled": false,
                "ftps_state": "Disabled",
                "health_check_eviction_time_in_min": 0,
                "health_check_path": "",
                "http2_enabled": false,
                "ip_restriction": [],
                "linux_fx_version": "DOCKER|arquitectura-referencecqrs:1.0.12",
                "load_balancing_mode": "LeastRequests",
                "local_mysql_enabled": false,
                "managed_pipeline_mode": "Integrated",
                "minimum_tls_version": "1.2",
                "remote_debugging_enabled": false,
                "remote_debugging_version": "VS2022",
                "scm_ip_restriction": [],
                "scm_minimum_tls_version": "1.2",
                "scm_type": "None",
                "scm_use_main_ip_restriction": false,
                "use_32_bit_worker": true,
                "vnet_route_all_enabled": false,
                "websockets_enabled": false,
                "worker_count": 1
              }
            ],
            "site_credential": [
              {
                "name": "$asw-sc-u-ia-ocr-snies-be-01",
                "password": "RGfugZqm5YpWSn9WaZ2tMod2v2sSdfSLXpbTajsyh54gAtnaoyApilcfJHmn"
              }
            ],
            "storage_account": [],
            "tags": {
              "architect": "Marco Callisaya",
              "creation_date": "13/09/24",
              "deploy_method": "Terraform",
              "environmnet": "PRE",
              "location": "swedencentral",
              "owner": "AI",
              "project": "OCR",
              "provider": "Azure"
            },
            "timeouts": null
          },
          "sensitive_attributes": [
            [
              {
                "type": "get_attr",
                "value": "custom_domain_verification_id"
              }
            ]
          ],
          "private": "eyJlMmJmYjczMC1lY2FhLTExZTYtOGY4OC0zNDM2M2JjN2M0YzAiOnsiY3JlYXRlIjoxODAwMDAwMDAwMDAwLCJkZWxldGUiOjE4MDAwMDAwMDAwMDAsInJlYWQiOjMwMDAwMDAwMDAwMCwidXBkYXRlIjoxODAwMDAwMDAwMDAwfX0=",
          "dependencies": [
            "module.app_service.azurerm_service_plan.plan"
          ]
        },
        {
          "index_key": "app6",
          "schema_version": 0,
          "attributes": {
            "app_settings": null,
            "auth_settings": [
              {
                "active_directory": [],
                "additional_login_parameters": {},
                "allowed_external_redirect_urls": [],
                "default_provider": "",
                "enabled": false,
                "facebook": [],
                "github": [],
                "google": [],
                "issuer": "",
                "microsoft": [],
                "runtime_version": "",
                "token_refresh_extension_hours": 0,
                "token_store_enabled": false,
                "twitter": [],
                "unauthenticated_client_action": ""
              }
            ],
            "backup": [],
            "client_affinity_enabled": false,
            "client_certificate_enabled": false,
            "client_certificate_mode": "Required",
            "connection_string": [],
            "custom_domain_verification_id": "F7DFAF60145CE8C0D8B6F0828F7580D78301A23D54C8BCF5129167B2D40D58B5",
            "default_hostname": "asw-sc-u-ia-ocr-ructboe-findyearxml-be-01.azurewebsites.net",
            "enabled": true,
            "https_only": false,
            "id": "/subscriptions/0f039cb4-2405-4c79-a4c9-9660c38a6b78/resourceGroups/rg-sc-u-ocr-01/providers/Microsoft.Web/sites/asw-sc-u-ia-ocr-ructboe-findyearxml-be-01",
            "identity": [],
            "key_vault_reference_identity_id": "SystemAssigned",
            "kind": "app,linux,container",
            "location": "swedencentral",
            "logs": [],
            "name": "asw-sc-u-ia-ocr-ructboe-findyearxml-be-01",
            "outbound_ip_address_list": [
              "4.225.197.189",
              "4.225.197.194",
              "4.225.197.198",
              "4.225.197.218",
              "4.225.197.231",
              "4.225.197.242",
              "51.12.31.6"
            ],
            "outbound_ip_addresses": "4.225.197.189,4.225.197.194,4.225.197.198,4.225.197.218,4.225.197.231,4.225.197.242,51.12.31.6",
            "possible_outbound_ip_address_list": [
              "4.225.197.246",
              "4.225.197.249",
              "4.225.197.252",
              "4.225.198.7",
              "4.225.198.17",
              "4.225.198.28",
              "4.225.197.167",
              "4.225.197.169",
              "4.225.197.174",
              "4.225.195.243",
              "4.225.192.27",
              "4.225.194.230",
              "4.225.195.194",
              "4.225.197.181",
              "4.225.195.19",
              "4.225.194.85",
              "4.225.197.6",
              "4.225.197.10",
              "4.225.197.189",
              "4.225.197.194",
              "4.225.197.198",
              "4.225.197.218",
              "4.225.197.231",
              "4.225.197.242",
              "4.225.197.246",
              "4.225.197.249",
              "4.225.197.252",
              "4.225.198.7",
              "4.225.198.17",
              "4.225.198.28",
              "4.225.198.34",
              "4.225.198.43",
              "4.225.198.44",
              "4.225.198.49",
              "4.225.198.67",
              "4.225.198.70",
              "51.12.31.6"
            ],
            "possible_outbound_ip_addresses": "4.225.197.246,4.225.197.249,4.225.197.252,4.225.198.7,4.225.198.17,4.225.198.28,4.225.197.167,4.225.197.169,4.225.197.174,4.225.195.243,4.225.192.27,4.225.194.230,4.225.195.194,4.225.197.181,4.225.195.19,4.225.194.85,4.225.197.6,4.225.197.10,4.225.197.189,4.225.197.194,4.225.197.198,4.225.197.218,4.225.197.231,4.225.197.242,4.225.197.246,4.225.197.249,4.225.197.252,4.225.198.7,4.225.198.17,4.225.198.28,4.225.198.34,4.225.198.43,4.225.198.44,4.225.198.49,4.225.198.67,4.225.198.70,51.12.31.6",
            "resource_group_name": "rg-sc-u-ocr-01",
            "service_plan_id": "/subscriptions/0f039cb4-2405-4c79-a4c9-9660c38a6b78/resourceGroups/rg-sc-u-ocr-01/providers/Microsoft.Web/serverfarms/plan-sc-u-ocr-01",
            "site_config": [
              {
                "always_on": true,
                "api_definition_url": "",
                "api_management_api_id": "",
                "app_command_line": "",
                "application_stack": [
                  {
                    "docker_image": "arquitectura-referencecqrs",
                    "docker_image_tag": "1.0.12",
                    "dotnet_version": "",
                    "java_server": "",
                    "java_server_version": "",
                    "java_version": "",
                    "node_version": "",
                    "php_version": "",
                    "python_version": "",
                    "ruby_version": ""
                  }
                ],
                "auto_heal_enabled": false,
                "auto_heal_setting": [],
                "container_registry_managed_identity_client_id": "",
                "container_registry_use_managed_identity": false,
                "cors": [],
                "default_documents": [
                  "Default.htm",
                  "Default.html",
                  "Default.asp",
                  "index.htm",
                  "index.html",
                  "iisstart.htm",
                  "default.aspx",
                  "index.php",
                  "hostingstart.html"
                ],
                "detailed_error_logging_enabled": false,
                "ftps_state": "Disabled",
                "health_check_eviction_time_in_min": 0,
                "health_check_path": "",
                "http2_enabled": false,
                "ip_restriction": [],
                "linux_fx_version": "DOCKER|arquitectura-referencecqrs:1.0.12",
                "load_balancing_mode": "LeastRequests",
                "local_mysql_enabled": false,
                "managed_pipeline_mode": "Integrated",
                "minimum_tls_version": "1.2",
                "remote_debugging_enabled": false,
                "remote_debugging_version": "VS2022",
                "scm_ip_restriction": [],
                "scm_minimum_tls_version": "1.2",
                "scm_type": "None",
                "scm_use_main_ip_restriction": false,
                "use_32_bit_worker": true,
                "vnet_route_all_enabled": false,
                "websockets_enabled": false,
                "worker_count": 1
              }
            ],
            "site_credential": [
              {
                "name": "$asw-sc-u-ia-ocr-ructboe-findyearxml-be-01",
                "password": "xqxxnrfL65ysWuJtAflyhcrS62EioEdD25w1E4hNqfo4Q8FyQHFpH1RkiSHp"
              }
            ],
            "storage_account": [],
            "tags": {
              "architect": "Marco Callisaya",
              "creation_date": "13/09/24",
              "deploy_method": "Terraform",
              "environmnet": "PRE",
              "location": "swedencentral",
              "owner": "AI",
              "project": "OCR",
              "provider": "Azure"
            },
            "timeouts": null
          },
          "sensitive_attributes": [
            [
              {
                "type": "get_attr",
                "value": "custom_domain_verification_id"
              }
            ]
          ],
          "private": "eyJlMmJmYjczMC1lY2FhLTExZTYtOGY4OC0zNDM2M2JjN2M0YzAiOnsiY3JlYXRlIjoxODAwMDAwMDAwMDAwLCJkZWxldGUiOjE4MDAwMDAwMDAwMDAsInJlYWQiOjMwMDAwMDAwMDAwMCwidXBkYXRlIjoxODAwMDAwMDAwMDAwfX0=",
          "dependencies": [
            "module.app_service.azurerm_service_plan.plan"
          ]
        },
        {
          "index_key": "app7",
          "schema_version": 0,
          "attributes": {
            "app_settings": null,
            "auth_settings": [
              {
                "active_directory": [],
                "additional_login_parameters": {},
                "allowed_external_redirect_urls": [],
                "default_provider": "",
                "enabled": false,
                "facebook": [],
                "github": [],
                "google": [],
                "issuer": "",
                "microsoft": [],
                "runtime_version": "",
                "token_refresh_extension_hours": 0,
                "token_store_enabled": false,
                "twitter": [],
                "unauthenticated_client_action": ""
              }
            ],
            "backup": [],
            "client_affinity_enabled": false,
            "client_certificate_enabled": false,
            "client_certificate_mode": "Required",
            "connection_string": [],
            "custom_domain_verification_id": "F7DFAF60145CE8C0D8B6F0828F7580D78301A23D54C8BCF5129167B2D40D58B5",
            "default_hostname": "asw-sc-u-ia-ocr-spa-01.azurewebsites.net",
            "enabled": true,
            "https_only": false,
            "id": "/subscriptions/0f039cb4-2405-4c79-a4c9-9660c38a6b78/resourceGroups/rg-sc-u-ocr-01/providers/Microsoft.Web/sites/asw-sc-u-ia-ocr-spa-01",
            "identity": [],
            "key_vault_reference_identity_id": "SystemAssigned",
            "kind": "app,linux,container",
            "location": "swedencentral",
            "logs": [],
            "name": "asw-sc-u-ia-ocr-spa-01",
            "outbound_ip_address_list": [
              "4.225.197.189",
              "4.225.197.194",
              "4.225.197.198",
              "4.225.197.218",
              "4.225.197.231",
              "4.225.197.242",
              "51.12.31.6"
            ],
            "outbound_ip_addresses": "4.225.197.189,4.225.197.194,4.225.197.198,4.225.197.218,4.225.197.231,4.225.197.242,51.12.31.6",
            "possible_outbound_ip_address_list": [
              "4.225.197.246",
              "4.225.197.249",
              "4.225.197.252",
              "4.225.198.7",
              "4.225.198.17",
              "4.225.198.28",
              "4.225.197.167",
              "4.225.197.169",
              "4.225.197.174",
              "4.225.195.243",
              "4.225.192.27",
              "4.225.194.230",
              "4.225.195.194",
              "4.225.197.181",
              "4.225.195.19",
              "4.225.194.85",
              "4.225.197.6",
              "4.225.197.10",
              "4.225.197.189",
              "4.225.197.194",
              "4.225.197.198",
              "4.225.197.218",
              "4.225.197.231",
              "4.225.197.242",
              "4.225.197.246",
              "4.225.197.249",
              "4.225.197.252",
              "4.225.198.7",
              "4.225.198.17",
              "4.225.198.28",
              "4.225.198.34",
              "4.225.198.43",
              "4.225.198.44",
              "4.225.198.49",
              "4.225.198.67",
              "4.225.198.70",
              "51.12.31.6"
            ],
            "possible_outbound_ip_addresses": "4.225.197.246,4.225.197.249,4.225.197.252,4.225.198.7,4.225.198.17,4.225.198.28,4.225.197.167,4.225.197.169,4.225.197.174,4.225.195.243,4.225.192.27,4.225.194.230,4.225.195.194,4.225.197.181,4.225.195.19,4.225.194.85,4.225.197.6,4.225.197.10,4.225.197.189,4.225.197.194,4.225.197.198,4.225.197.218,4.225.197.231,4.225.197.242,4.225.197.246,4.225.197.249,4.225.197.252,4.225.198.7,4.225.198.17,4.225.198.28,4.225.198.34,4.225.198.43,4.225.198.44,4.225.198.49,4.225.198.67,4.225.198.70,51.12.31.6",
            "resource_group_name": "rg-sc-u-ocr-01",
            "service_plan_id": "/subscriptions/0f039cb4-2405-4c79-a4c9-9660c38a6b78/resourceGroups/rg-sc-u-ocr-01/providers/Microsoft.Web/serverfarms/plan-sc-u-ocr-01",
            "site_config": [
              {
                "always_on": true,
                "api_definition_url": "",
                "api_management_api_id": "",
                "app_command_line": "",
                "application_stack": [
                  {
                    "docker_image": "arquitectura-referencecqrs",
                    "docker_image_tag": "1.0.12",
                    "dotnet_version": "",
                    "java_server": "",
                    "java_server_version": "",
                    "java_version": "",
                    "node_version": "",
                    "php_version": "",
                    "python_version": "",
                    "ruby_version": ""
                  }
                ],
                "auto_heal_enabled": false,
                "auto_heal_setting": [],
                "container_registry_managed_identity_client_id": "",
                "container_registry_use_managed_identity": false,
                "cors": [],
                "default_documents": [
                  "Default.htm",
                  "Default.html",
                  "Default.asp",
                  "index.htm",
                  "index.html",
                  "iisstart.htm",
                  "default.aspx",
                  "index.php",
                  "hostingstart.html"
                ],
                "detailed_error_logging_enabled": false,
                "ftps_state": "Disabled",
                "health_check_eviction_time_in_min": 0,
                "health_check_path": "",
                "http2_enabled": false,
                "ip_restriction": [],
                "linux_fx_version": "DOCKER|arquitectura-referencecqrs:1.0.12",
                "load_balancing_mode": "LeastRequests",
                "local_mysql_enabled": false,
                "managed_pipeline_mode": "Integrated",
                "minimum_tls_version": "1.2",
                "remote_debugging_enabled": false,
                "remote_debugging_version": "VS2022",
                "scm_ip_restriction": [],
                "scm_minimum_tls_version": "1.2",
                "scm_type": "None",
                "scm_use_main_ip_restriction": false,
                "use_32_bit_worker": true,
                "vnet_route_all_enabled": false,
                "websockets_enabled": false,
                "worker_count": 1
              }
            ],
            "site_credential": [
              {
                "name": "$asw-sc-u-ia-ocr-spa-01",
                "password": "Abdqa6hlLqJHl5JX308bmbltN4SuCvlS1lu18ZpbEpPidDppAWmpfqLaPw6j"
              }
            ],
            "storage_account": [],
            "tags": {
              "architect": "Marco Callisaya",
              "creation_date": "13/09/24",
              "deploy_method": "Terraform",
              "environmnet": "PRE",
              "location": "swedencentral",
              "owner": "AI",
              "project": "OCR",
              "provider": "Azure"
            },
            "timeouts": null
          },
          "sensitive_attributes": [
            [
              {
                "type": "get_attr",
                "value": "custom_domain_verification_id"
              }
            ]
          ],
          "private": "eyJlMmJmYjczMC1lY2FhLTExZTYtOGY4OC0zNDM2M2JjN2M0YzAiOnsiY3JlYXRlIjoxODAwMDAwMDAwMDAwLCJkZWxldGUiOjE4MDAwMDAwMDAwMDAsInJlYWQiOjMwMDAwMDAwMDAwMCwidXBkYXRlIjoxODAwMDAwMDAwMDAwfX0=",
          "dependencies": [
            "module.app_service.azurerm_service_plan.plan"
          ]
        }
      ]
    },
    {
      "module": "module.app_service",
      "mode": "managed",
      "type": "azurerm_service_plan",
      "name": "plan",
      "provider": "provider[\"registry.terraform.io/hashicorp/azurerm\"]",
      "instances": [
        {
          "schema_version": 0,
          "attributes": {
            "app_service_environment_id": "",
            "id": "/subscriptions/0f039cb4-2405-4c79-a4c9-9660c38a6b78/resourceGroups/rg-sc-u-ocr-01/providers/Microsoft.Web/serverfarms/plan-sc-u-ocr-01",
            "kind": "linux",
            "location": "swedencentral",
            "maximum_elastic_worker_count": 1,
            "name": "plan-sc-u-ocr-01",
            "os_type": "Linux",
            "per_site_scaling_enabled": false,
            "reserved": true,
            "resource_group_name": "rg-sc-u-ocr-01",
            "sku_name": "P1v3",
            "tags": {
              "architect": "Marco Callisaya",
              "creation_date": "13/09/24",
              "deploy_method": "Terraform",
              "environmnet": "PRE",
              "location": "swedencentral",
              "owner": "AI",
              "project": "OCR",
              "provider": "Azure"
            },
            "timeouts": null,
            "worker_count": 1
          },
          "sensitive_attributes": [],
          "private": "eyJlMmJmYjczMC1lY2FhLTExZTYtOGY4OC0zNDM2M2JjN2M0YzAiOnsiY3JlYXRlIjozNjAwMDAwMDAwMDAwLCJkZWxldGUiOjM2MDAwMDAwMDAwMDAsInJlYWQiOjMwMDAwMDAwMDAwMCwidXBkYXRlIjozNjAwMDAwMDAwMDAwfX0="
        }
      ]
    },
    {
      "module": "module.azure_function",
      "mode": "managed",
      "type": "azurerm_linux_function_app",
      "name": "example",
      "provider": "provider[\"registry.terraform.io/hashicorp/azurerm\"]",
      "instances": [
        {
          "index_key": "function1",
          "schema_version": 0,
          "attributes": {
            "app_settings": null,
            "auth_settings": [
              {
                "active_directory": [],
                "additional_login_parameters": {},
                "allowed_external_redirect_urls": [],
                "default_provider": "",
                "enabled": false,
                "facebook": [],
                "github": [],
                "google": [],
                "issuer": "",
                "microsoft": [],
                "runtime_version": "",
                "token_refresh_extension_hours": 0,
                "token_store_enabled": false,
                "twitter": [],
                "unauthenticated_client_action": ""
              }
            ],
            "backup": [],
            "builtin_logging_enabled": true,
            "client_certificate_enabled": false,
            "client_certificate_mode": "Optional",
            "connection_string": [],
            "content_share_force_disabled": false,
            "custom_domain_verification_id": "",
            "daily_memory_time_quota": 0,
            "default_hostname": "",
            "enabled": true,
            "functions_extension_version": "~4",
            "https_only": false,
            "id": "/subscriptions/0f039cb4-2405-4c79-a4c9-9660c38a6b78/resourceGroups/rg-sc-u-ocr-01/providers/Microsoft.Web/sites/fna-sc-u-iafulltexttrigger-01",
            "identity": [],
            "key_vault_reference_identity_id": "SystemAssigned",
            "kind": "functionapp,linux",
            "location": "swedencentral",
            "name": "fna-sc-u-iafulltexttrigger-01",
            "outbound_ip_address_list": [],
            "outbound_ip_addresses": "",
            "possible_outbound_ip_address_list": [],
            "possible_outbound_ip_addresses": "",
            "resource_group_name": "rg-sc-u-ocr-01",
            "service_plan_id": "/subscriptions/0f039cb4-2405-4c79-a4c9-9660c38a6b78/resourceGroups/rg-sc-u-ocr-01/providers/Microsoft.Web/serverfarms/plan-sc-u-ocr-01",
            "site_config": [
              {
                "always_on": false,
                "api_definition_url": "",
                "api_management_api_id": "",
                "app_command_line": "",
                "app_scale_limit": 0,
                "app_service_logs": [],
                "application_insights_connection_string": "",
                "application_insights_key": "",
                "application_stack": [],
                "container_registry_managed_identity_client_id": "",
                "container_registry_use_managed_identity": false,
                "cors": [],
                "default_documents": [
                  "Default.htm",
                  "Default.html",
                  "Default.asp",
                  "index.htm",
                  "index.html",
                  "iisstart.htm",
                  "default.aspx",
                  "index.php"
                ],
                "detailed_error_logging_enabled": false,
                "elastic_instance_minimum": 0,
                "ftps_state": "Disabled",
                "health_check_eviction_time_in_min": 0,
                "health_check_path": "",
                "http2_enabled": false,
                "ip_restriction": [],
                "linux_fx_version": "",
                "load_balancing_mode": "LeastRequests",
                "managed_pipeline_mode": "Integrated",
                "minimum_tls_version": "1.2",
                "pre_warmed_instance_count": 0,
                "remote_debugging_enabled": false,
                "remote_debugging_version": "",
                "runtime_scale_monitoring_enabled": false,
                "scm_ip_restriction": [],
                "scm_minimum_tls_version": "1.2",
                "scm_type": "None",
                "scm_use_main_ip_restriction": false,
                "use_32_bit_worker": false,
                "vnet_route_all_enabled": false,
                "websockets_enabled": false,
                "worker_count": 1
              }
            ],
            "site_credential": [
              {
                "name": "$fna-sc-u-iafulltexttrigger-01",
                "password": "dDBubmNE9tZxEsQjSsYfokBYKvorwGaQ94JC1H3aSsxX9kopfvx1p9tj7ELi"
              }
            ],
            "storage_account_access_key": "NHI5gUQH63dvsSBSGXSZjRB0Zl0kkp2+kBeW4B98NTxlGkvodo8tOLf098NZKprli/yZvU6TybP7+ASt6K/yCA==",
            "storage_account_name": "stscustgappfunctions01",
            "storage_key_vault_secret_id": "",
            "storage_uses_managed_identity": false,
            "tags": {
              "architect": "Marco Callisaya",
              "creation_date": "13/09/24",
              "deploy_method": "Terraform",
              "environmnet": "PRE",
              "location": "swedencentral",
              "owner": "AI",
              "project": "OCR",
              "provider": "Azure"
            },
            "timeouts": null
          },
          "sensitive_attributes": [
            [
              {
                "type": "get_attr",
                "value": "custom_domain_verification_id"
              }
            ],
            [
              {
                "type": "get_attr",
                "value": "site_config"
              },
              {
                "type": "index",
                "value": {
                  "value": 0,
                  "type": "number"
                }
              },
              {
                "type": "get_attr",
                "value": "application_insights_key"
              }
            ],
            [
              {
                "type": "get_attr",
                "value": "site_config"
              },
              {
                "type": "index",
                "value": {
                  "value": 0,
                  "type": "number"
                }
              },
              {
                "type": "get_attr",
                "value": "application_insights_connection_string"
              }
            ],
            [
              {
                "type": "get_attr",
                "value": "storage_account_access_key"
              }
            ]
          ],
          "private": "eyJlMmJmYjczMC1lY2FhLTExZTYtOGY4OC0zNDM2M2JjN2M0YzAiOnsiY3JlYXRlIjoxODAwMDAwMDAwMDAwLCJkZWxldGUiOjE4MDAwMDAwMDAwMDAsInJlYWQiOjMwMDAwMDAwMDAwMCwidXBkYXRlIjoxODAwMDAwMDAwMDAwfX0=",
          "dependencies": [
            "module.app_service.azurerm_service_plan.plan",
            "module.azure_function.azurerm_storage_account.example"
          ]
        },
        {
          "index_key": "function2",
          "schema_version": 0,
          "attributes": {
            "app_settings": null,
            "auth_settings": [
              {
                "active_directory": [],
                "additional_login_parameters": {},
                "allowed_external_redirect_urls": [],
                "default_provider": "",
                "enabled": false,
                "facebook": [],
                "github": [],
                "google": [],
                "issuer": "",
                "microsoft": [],
                "runtime_version": "",
                "token_refresh_extension_hours": 0,
                "token_store_enabled": false,
                "twitter": [],
                "unauthenticated_client_action": ""
              }
            ],
            "backup": [],
            "builtin_logging_enabled": true,
            "client_certificate_enabled": false,
            "client_certificate_mode": "Optional",
            "connection_string": [],
            "content_share_force_disabled": false,
            "custom_domain_verification_id": "",
            "daily_memory_time_quota": 0,
            "default_hostname": "",
            "enabled": true,
            "functions_extension_version": "~4",
            "https_only": false,
            "id": "/subscriptions/0f039cb4-2405-4c79-a4c9-9660c38a6b78/resourceGroups/rg-sc-u-ocr-01/providers/Microsoft.Web/sites/fna-sc-u-matchingtrigger-01",
            "identity": [],
            "key_vault_reference_identity_id": "SystemAssigned",
            "kind": "functionapp,linux",
            "location": "swedencentral",
            "name": "fna-sc-u-matchingtrigger-01",
            "outbound_ip_address_list": [],
            "outbound_ip_addresses": "",
            "possible_outbound_ip_address_list": [],
            "possible_outbound_ip_addresses": "",
            "resource_group_name": "rg-sc-u-ocr-01",
            "service_plan_id": "/subscriptions/0f039cb4-2405-4c79-a4c9-9660c38a6b78/resourceGroups/rg-sc-u-ocr-01/providers/Microsoft.Web/serverfarms/plan-sc-u-ocr-01",
            "site_config": [
              {
                "always_on": false,
                "api_definition_url": "",
                "api_management_api_id": "",
                "app_command_line": "",
                "app_scale_limit": 0,
                "app_service_logs": [],
                "application_insights_connection_string": "",
                "application_insights_key": "",
                "application_stack": [],
                "container_registry_managed_identity_client_id": "",
                "container_registry_use_managed_identity": false,
                "cors": [],
                "default_documents": [
                  "Default.htm",
                  "Default.html",
                  "Default.asp",
                  "index.htm",
                  "index.html",
                  "iisstart.htm",
                  "default.aspx",
                  "index.php"
                ],
                "detailed_error_logging_enabled": false,
                "elastic_instance_minimum": 0,
                "ftps_state": "Disabled",
                "health_check_eviction_time_in_min": 0,
                "health_check_path": "",
                "http2_enabled": false,
                "ip_restriction": [],
                "linux_fx_version": "",
                "load_balancing_mode": "LeastRequests",
                "managed_pipeline_mode": "Integrated",
                "minimum_tls_version": "1.2",
                "pre_warmed_instance_count": 0,
                "remote_debugging_enabled": false,
                "remote_debugging_version": "",
                "runtime_scale_monitoring_enabled": false,
                "scm_ip_restriction": [],
                "scm_minimum_tls_version": "1.2",
                "scm_type": "None",
                "scm_use_main_ip_restriction": false,
                "use_32_bit_worker": false,
                "vnet_route_all_enabled": false,
                "websockets_enabled": false,
                "worker_count": 1
              }
            ],
            "site_credential": [
              {
                "name": "$fna-sc-u-matchingtrigger-01",
                "password": "h6TjTGuaPGQW9J0oMrg4n6xCHYf487Ff2is2nqProqs8RlfQLmxtF9rrljYt"
              }
            ],
            "storage_account_access_key": "NHI5gUQH63dvsSBSGXSZjRB0Zl0kkp2+kBeW4B98NTxlGkvodo8tOLf098NZKprli/yZvU6TybP7+ASt6K/yCA==",
            "storage_account_name": "stscustgappfunctions01",
            "storage_key_vault_secret_id": "",
            "storage_uses_managed_identity": false,
            "tags": {
              "architect": "Marco Callisaya",
              "creation_date": "13/09/24",
              "deploy_method": "Terraform",
              "environmnet": "PRE",
              "location": "swedencentral",
              "owner": "AI",
              "project": "OCR",
              "provider": "Azure"
            },
            "timeouts": null
          },
          "sensitive_attributes": [
            [
              {
                "type": "get_attr",
                "value": "custom_domain_verification_id"
              }
            ],
            [
              {
                "type": "get_attr",
                "value": "site_config"
              },
              {
                "type": "index",
                "value": {
                  "value": 0,
                  "type": "number"
                }
              },
              {
                "type": "get_attr",
                "value": "application_insights_connection_string"
              }
            ],
            [
              {
                "type": "get_attr",
                "value": "site_config"
              },
              {
                "type": "index",
                "value": {
                  "value": 0,
                  "type": "number"
                }
              },
              {
                "type": "get_attr",
                "value": "application_insights_key"
              }
            ],
            [
              {
                "type": "get_attr",
                "value": "storage_account_access_key"
              }
            ]
          ],
          "private": "eyJlMmJmYjczMC1lY2FhLTExZTYtOGY4OC0zNDM2M2JjN2M0YzAiOnsiY3JlYXRlIjoxODAwMDAwMDAwMDAwLCJkZWxldGUiOjE4MDAwMDAwMDAwMDAsInJlYWQiOjMwMDAwMDAwMDAwMCwidXBkYXRlIjoxODAwMDAwMDAwMDAwfX0=",
          "dependencies": [
            "module.app_service.azurerm_service_plan.plan",
            "module.azure_function.azurerm_storage_account.example"
          ]
        },
        {
          "index_key": "function3",
          "schema_version": 0,
          "attributes": {
            "app_settings": null,
            "auth_settings": [
              {
                "active_directory": [],
                "additional_login_parameters": {},
                "allowed_external_redirect_urls": [],
                "default_provider": "",
                "enabled": false,
                "facebook": [],
                "github": [],
                "google": [],
                "issuer": "",
                "microsoft": [],
                "runtime_version": "",
                "token_refresh_extension_hours": 0,
                "token_store_enabled": false,
                "twitter": [],
                "unauthenticated_client_action": ""
              }
            ],
            "backup": [],
            "builtin_logging_enabled": true,
            "client_certificate_enabled": false,
            "client_certificate_mode": "Optional",
            "connection_string": [],
            "content_share_force_disabled": false,
            "custom_domain_verification_id": "",
            "daily_memory_time_quota": 0,
            "default_hostname": "",
            "enabled": true,
            "functions_extension_version": "~4",
            "https_only": false,
            "id": "/subscriptions/0f039cb4-2405-4c79-a4c9-9660c38a6b78/resourceGroups/rg-sc-u-ocr-01/providers/Microsoft.Web/sites/fna-sc-u-matchingproducertrigger-01",
            "identity": [],
            "key_vault_reference_identity_id": "SystemAssigned",
            "kind": "functionapp,linux",
            "location": "swedencentral",
            "name": "fna-sc-u-matchingproducertrigger-01",
            "outbound_ip_address_list": [],
            "outbound_ip_addresses": "",
            "possible_outbound_ip_address_list": [],
            "possible_outbound_ip_addresses": "",
            "resource_group_name": "rg-sc-u-ocr-01",
            "service_plan_id": "/subscriptions/0f039cb4-2405-4c79-a4c9-9660c38a6b78/resourceGroups/rg-sc-u-ocr-01/providers/Microsoft.Web/serverfarms/plan-sc-u-ocr-01",
            "site_config": [
              {
                "always_on": false,
                "api_definition_url": "",
                "api_management_api_id": "",
                "app_command_line": "",
                "app_scale_limit": 0,
                "app_service_logs": [],
                "application_insights_connection_string": "",
                "application_insights_key": "",
                "application_stack": [],
                "container_registry_managed_identity_client_id": "",
                "container_registry_use_managed_identity": false,
                "cors": [],
                "default_documents": [
                  "Default.htm",
                  "Default.html",
                  "Default.asp",
                  "index.htm",
                  "index.html",
                  "iisstart.htm",
                  "default.aspx",
                  "index.php"
                ],
                "detailed_error_logging_enabled": false,
                "elastic_instance_minimum": 0,
                "ftps_state": "Disabled",
                "health_check_eviction_time_in_min": 0,
                "health_check_path": "",
                "http2_enabled": false,
                "ip_restriction": [],
                "linux_fx_version": "",
                "load_balancing_mode": "LeastRequests",
                "managed_pipeline_mode": "Integrated",
                "minimum_tls_version": "1.2",
                "pre_warmed_instance_count": 0,
                "remote_debugging_enabled": false,
                "remote_debugging_version": "",
                "runtime_scale_monitoring_enabled": false,
                "scm_ip_restriction": [],
                "scm_minimum_tls_version": "1.2",
                "scm_type": "None",
                "scm_use_main_ip_restriction": false,
                "use_32_bit_worker": false,
                "vnet_route_all_enabled": false,
                "websockets_enabled": false,
                "worker_count": 1
              }
            ],
            "site_credential": [
              {
                "name": "$fna-sc-u-matchingproducertrigger-01",
                "password": "uX45vYECHuxZ177i3b5LAtqTYbiokBYZ8wvTele2uSxQili8kpoNGMMcrnmG"
              }
            ],
            "storage_account_access_key": "NHI5gUQH63dvsSBSGXSZjRB0Zl0kkp2+kBeW4B98NTxlGkvodo8tOLf098NZKprli/yZvU6TybP7+ASt6K/yCA==",
            "storage_account_name": "stscustgappfunctions01",
            "storage_key_vault_secret_id": "",
            "storage_uses_managed_identity": false,
            "tags": {
              "architect": "Marco Callisaya",
              "creation_date": "13/09/24",
              "deploy_method": "Terraform",
              "environmnet": "PRE",
              "location": "swedencentral",
              "owner": "AI",
              "project": "OCR",
              "provider": "Azure"
            },
            "timeouts": null
          },
          "sensitive_attributes": [
            [
              {
                "type": "get_attr",
                "value": "site_config"
              },
              {
                "type": "index",
                "value": {
                  "value": 0,
                  "type": "number"
                }
              },
              {
                "type": "get_attr",
                "value": "application_insights_connection_string"
              }
            ],
            [
              {
                "type": "get_attr",
                "value": "site_config"
              },
              {
                "type": "index",
                "value": {
                  "value": 0,
                  "type": "number"
                }
              },
              {
                "type": "get_attr",
                "value": "application_insights_key"
              }
            ],
            [
              {
                "type": "get_attr",
                "value": "storage_account_access_key"
              }
            ],
            [
              {
                "type": "get_attr",
                "value": "custom_domain_verification_id"
              }
            ]
          ],
          "private": "eyJlMmJmYjczMC1lY2FhLTExZTYtOGY4OC0zNDM2M2JjN2M0YzAiOnsiY3JlYXRlIjoxODAwMDAwMDAwMDAwLCJkZWxldGUiOjE4MDAwMDAwMDAwMDAsInJlYWQiOjMwMDAwMDAwMDAwMCwidXBkYXRlIjoxODAwMDAwMDAwMDAwfX0=",
          "dependencies": [
            "module.app_service.azurerm_service_plan.plan",
            "module.azure_function.azurerm_storage_account.example"
          ]
        },
        {
          "index_key": "function4",
          "schema_version": 0,
          "attributes": {
            "app_settings": null,
            "auth_settings": [
              {
                "active_directory": [],
                "additional_login_parameters": {},
                "allowed_external_redirect_urls": [],
                "default_provider": "",
                "enabled": false,
                "facebook": [],
                "github": [],
                "google": [],
                "issuer": "",
                "microsoft": [],
                "runtime_version": "",
                "token_refresh_extension_hours": 0,
                "token_store_enabled": false,
                "twitter": [],
                "unauthenticated_client_action": ""
              }
            ],
            "backup": [],
            "builtin_logging_enabled": true,
            "client_certificate_enabled": false,
            "client_certificate_mode": "Optional",
            "connection_string": [],
            "content_share_force_disabled": false,
            "custom_domain_verification_id": "",
            "daily_memory_time_quota": 0,
            "default_hostname": "",
            "enabled": true,
            "functions_extension_version": "~4",
            "https_only": false,
            "id": "/subscriptions/0f039cb4-2405-4c79-a4c9-9660c38a6b78/resourceGroups/rg-sc-u-ocr-01/providers/Microsoft.Web/sites/fna-sc-u-pendingsniesvalidationtrigger-01",
            "identity": [],
            "key_vault_reference_identity_id": "SystemAssigned",
            "kind": "functionapp,linux",
            "location": "swedencentral",
            "name": "fna-sc-u-pendingsniesvalidationtrigger-01",
            "outbound_ip_address_list": [],
            "outbound_ip_addresses": "",
            "possible_outbound_ip_address_list": [],
            "possible_outbound_ip_addresses": "",
            "resource_group_name": "rg-sc-u-ocr-01",
            "service_plan_id": "/subscriptions/0f039cb4-2405-4c79-a4c9-9660c38a6b78/resourceGroups/rg-sc-u-ocr-01/providers/Microsoft.Web/serverfarms/plan-sc-u-ocr-01",
            "site_config": [
              {
                "always_on": false,
                "api_definition_url": "",
                "api_management_api_id": "",
                "app_command_line": "",
                "app_scale_limit": 0,
                "app_service_logs": [],
                "application_insights_connection_string": "",
                "application_insights_key": "",
                "application_stack": [],
                "container_registry_managed_identity_client_id": "",
                "container_registry_use_managed_identity": false,
                "cors": [],
                "default_documents": [
                  "Default.htm",
                  "Default.html",
                  "Default.asp",
                  "index.htm",
                  "index.html",
                  "iisstart.htm",
                  "default.aspx",
                  "index.php"
                ],
                "detailed_error_logging_enabled": false,
                "elastic_instance_minimum": 0,
                "ftps_state": "Disabled",
                "health_check_eviction_time_in_min": 0,
                "health_check_path": "",
                "http2_enabled": false,
                "ip_restriction": [],
                "linux_fx_version": "",
                "load_balancing_mode": "LeastRequests",
                "managed_pipeline_mode": "Integrated",
                "minimum_tls_version": "1.2",
                "pre_warmed_instance_count": 0,
                "remote_debugging_enabled": false,
                "remote_debugging_version": "",
                "runtime_scale_monitoring_enabled": false,
                "scm_ip_restriction": [],
                "scm_minimum_tls_version": "1.2",
                "scm_type": "None",
                "scm_use_main_ip_restriction": false,
                "use_32_bit_worker": false,
                "vnet_route_all_enabled": false,
                "websockets_enabled": false,
                "worker_count": 1
              }
            ],
            "site_credential": [
              {
                "name": "$fna-sc-u-pendingsniesvalidationtrigger-01",
                "password": "eH1ilKLrcdJBBHz8dsDk9qKk8nJcj24btQmkhmsu3CDDswSn02u0aZWb94Lj"
              }
            ],
            "storage_account_access_key": "NHI5gUQH63dvsSBSGXSZjRB0Zl0kkp2+kBeW4B98NTxlGkvodo8tOLf098NZKprli/yZvU6TybP7+ASt6K/yCA==",
            "storage_account_name": "stscustgappfunctions01",
            "storage_key_vault_secret_id": "",
            "storage_uses_managed_identity": false,
            "tags": {
              "architect": "Marco Callisaya",
              "creation_date": "13/09/24",
              "deploy_method": "Terraform",
              "environmnet": "PRE",
              "location": "swedencentral",
              "owner": "AI",
              "project": "OCR",
              "provider": "Azure"
            },
            "timeouts": null
          },
          "sensitive_attributes": [
            [
              {
                "type": "get_attr",
                "value": "custom_domain_verification_id"
              }
            ],
            [
              {
                "type": "get_attr",
                "value": "site_config"
              },
              {
                "type": "index",
                "value": {
                  "value": 0,
                  "type": "number"
                }
              },
              {
                "type": "get_attr",
                "value": "application_insights_connection_string"
              }
            ],
            [
              {
                "type": "get_attr",
                "value": "site_config"
              },
              {
                "type": "index",
                "value": {
                  "value": 0,
                  "type": "number"
                }
              },
              {
                "type": "get_attr",
                "value": "application_insights_key"
              }
            ],
            [
              {
                "type": "get_attr",
                "value": "storage_account_access_key"
              }
            ]
          ],
          "private": "eyJlMmJmYjczMC1lY2FhLTExZTYtOGY4OC0zNDM2M2JjN2M0YzAiOnsiY3JlYXRlIjoxODAwMDAwMDAwMDAwLCJkZWxldGUiOjE4MDAwMDAwMDAwMDAsInJlYWQiOjMwMDAwMDAwMDAwMCwidXBkYXRlIjoxODAwMDAwMDAwMDAwfX0=",
          "dependencies": [
            "module.app_service.azurerm_service_plan.plan",
            "module.azure_function.azurerm_storage_account.example"
          ]
        },
        {
          "index_key": "function5",
          "schema_version": 0,
          "attributes": {
            "app_settings": null,
            "auth_settings": [
              {
                "active_directory": [],
                "additional_login_parameters": {},
                "allowed_external_redirect_urls": [],
                "default_provider": "",
                "enabled": false,
                "facebook": [],
                "github": [],
                "google": [],
                "issuer": "",
                "microsoft": [],
                "runtime_version": "",
                "token_refresh_extension_hours": 0,
                "token_store_enabled": false,
                "twitter": [],
                "unauthenticated_client_action": ""
              }
            ],
            "backup": [],
            "builtin_logging_enabled": true,
            "client_certificate_enabled": false,
            "client_certificate_mode": "Optional",
            "connection_string": [],
            "content_share_force_disabled": false,
            "custom_domain_verification_id": "",
            "daily_memory_time_quota": 0,
            "default_hostname": "",
            "enabled": true,
            "functions_extension_version": "~4",
            "https_only": false,
            "id": "/subscriptions/0f039cb4-2405-4c79-a4c9-9660c38a6b78/resourceGroups/rg-sc-u-ocr-01/providers/Microsoft.Web/sites/fna-sc-u-yearxmlmatchingtrigger-01",
            "identity": [],
            "key_vault_reference_identity_id": "SystemAssigned",
            "kind": "functionapp,linux",
            "location": "swedencentral",
            "name": "fna-sc-u-yearxmlmatchingtrigger-01",
            "outbound_ip_address_list": [],
            "outbound_ip_addresses": "",
            "possible_outbound_ip_address_list": [],
            "possible_outbound_ip_addresses": "",
            "resource_group_name": "rg-sc-u-ocr-01",
            "service_plan_id": "/subscriptions/0f039cb4-2405-4c79-a4c9-9660c38a6b78/resourceGroups/rg-sc-u-ocr-01/providers/Microsoft.Web/serverfarms/plan-sc-u-ocr-01",
            "site_config": [
              {
                "always_on": false,
                "api_definition_url": "",
                "api_management_api_id": "",
                "app_command_line": "",
                "app_scale_limit": 0,
                "app_service_logs": [],
                "application_insights_connection_string": "",
                "application_insights_key": "",
                "application_stack": [],
                "container_registry_managed_identity_client_id": "",
                "container_registry_use_managed_identity": false,
                "cors": [],
                "default_documents": [
                  "Default.htm",
                  "Default.html",
                  "Default.asp",
                  "index.htm",
                  "index.html",
                  "iisstart.htm",
                  "default.aspx",
                  "index.php"
                ],
                "detailed_error_logging_enabled": false,
                "elastic_instance_minimum": 0,
                "ftps_state": "Disabled",
                "health_check_eviction_time_in_min": 0,
                "health_check_path": "",
                "http2_enabled": false,
                "ip_restriction": [],
                "linux_fx_version": "",
                "load_balancing_mode": "LeastRequests",
                "managed_pipeline_mode": "Integrated",
                "minimum_tls_version": "1.2",
                "pre_warmed_instance_count": 0,
                "remote_debugging_enabled": false,
                "remote_debugging_version": "",
                "runtime_scale_monitoring_enabled": false,
                "scm_ip_restriction": [],
                "scm_minimum_tls_version": "1.2",
                "scm_type": "None",
                "scm_use_main_ip_restriction": false,
                "use_32_bit_worker": false,
                "vnet_route_all_enabled": false,
                "websockets_enabled": false,
                "worker_count": 1
              }
            ],
            "site_credential": [
              {
                "name": "$fna-sc-u-yearxmlmatchingtrigger-01",
                "password": "t08mgo8reEordFgPwa2u6pb3qxPkaYrEacAZhoiqToeL9g3lYiaCMr2zC1Ke"
              }
            ],
            "storage_account_access_key": "NHI5gUQH63dvsSBSGXSZjRB0Zl0kkp2+kBeW4B98NTxlGkvodo8tOLf098NZKprli/yZvU6TybP7+ASt6K/yCA==",
            "storage_account_name": "stscustgappfunctions01",
            "storage_key_vault_secret_id": "",
            "storage_uses_managed_identity": false,
            "tags": {
              "architect": "Marco Callisaya",
              "creation_date": "13/09/24",
              "deploy_method": "Terraform",
              "environmnet": "PRE",
              "location": "swedencentral",
              "owner": "AI",
              "project": "OCR",
              "provider": "Azure"
            },
            "timeouts": null
          },
          "sensitive_attributes": [
            [
              {
                "type": "get_attr",
                "value": "storage_account_access_key"
              }
            ],
            [
              {
                "type": "get_attr",
                "value": "site_config"
              },
              {
                "type": "index",
                "value": {
                  "value": 0,
                  "type": "number"
                }
              },
              {
                "type": "get_attr",
                "value": "application_insights_connection_string"
              }
            ],
            [
              {
                "type": "get_attr",
                "value": "site_config"
              },
              {
                "type": "index",
                "value": {
                  "value": 0,
                  "type": "number"
                }
              },
              {
                "type": "get_attr",
                "value": "application_insights_key"
              }
            ],
            [
              {
                "type": "get_attr",
                "value": "custom_domain_verification_id"
              }
            ]
          ],
          "private": "eyJlMmJmYjczMC1lY2FhLTExZTYtOGY4OC0zNDM2M2JjN2M0YzAiOnsiY3JlYXRlIjoxODAwMDAwMDAwMDAwLCJkZWxldGUiOjE4MDAwMDAwMDAwMDAsInJlYWQiOjMwMDAwMDAwMDAwMCwidXBkYXRlIjoxODAwMDAwMDAwMDAwfX0=",
          "dependencies": [
            "module.app_service.azurerm_service_plan.plan",
            "module.azure_function.azurerm_storage_account.example"
          ]
        },
        {
          "index_key": "function6",
          "schema_version": 0,
          "attributes": {
            "app_settings": null,
            "auth_settings": [
              {
                "active_directory": [],
                "additional_login_parameters": {},
                "allowed_external_redirect_urls": [],
                "default_provider": "",
                "enabled": false,
                "facebook": [],
                "github": [],
                "google": [],
                "issuer": "",
                "microsoft": [],
                "runtime_version": "",
                "token_refresh_extension_hours": 0,
                "token_store_enabled": false,
                "twitter": [],
                "unauthenticated_client_action": ""
              }
            ],
            "backup": [],
            "builtin_logging_enabled": true,
            "client_certificate_enabled": false,
            "client_certificate_mode": "Optional",
            "connection_string": [],
            "content_share_force_disabled": false,
            "custom_domain_verification_id": "",
            "daily_memory_time_quota": 0,
            "default_hostname": "",
            "enabled": true,
            "functions_extension_version": "~4",
            "https_only": false,
            "id": "/subscriptions/0f039cb4-2405-4c79-a4c9-9660c38a6b78/resourceGroups/rg-sc-u-ocr-01/providers/Microsoft.Web/sites/fna-sc-u-processfiletrigger-01",
            "identity": [],
            "key_vault_reference_identity_id": "SystemAssigned",
            "kind": "functionapp,linux",
            "location": "swedencentral",
            "name": "fna-sc-u-processfiletrigger-01",
            "outbound_ip_address_list": [],
            "outbound_ip_addresses": "",
            "possible_outbound_ip_address_list": [],
            "possible_outbound_ip_addresses": "",
            "resource_group_name": "rg-sc-u-ocr-01",
            "service_plan_id": "/subscriptions/0f039cb4-2405-4c79-a4c9-9660c38a6b78/resourceGroups/rg-sc-u-ocr-01/providers/Microsoft.Web/serverfarms/plan-sc-u-ocr-01",
            "site_config": [
              {
                "always_on": false,
                "api_definition_url": "",
                "api_management_api_id": "",
                "app_command_line": "",
                "app_scale_limit": 0,
                "app_service_logs": [],
                "application_insights_connection_string": "",
                "application_insights_key": "",
                "application_stack": [],
                "container_registry_managed_identity_client_id": "",
                "container_registry_use_managed_identity": false,
                "cors": [],
                "default_documents": [
                  "Default.htm",
                  "Default.html",
                  "Default.asp",
                  "index.htm",
                  "index.html",
                  "iisstart.htm",
                  "default.aspx",
                  "index.php"
                ],
                "detailed_error_logging_enabled": false,
                "elastic_instance_minimum": 0,
                "ftps_state": "Disabled",
                "health_check_eviction_time_in_min": 0,
                "health_check_path": "",
                "http2_enabled": false,
                "ip_restriction": [],
                "linux_fx_version": "",
                "load_balancing_mode": "LeastRequests",
                "managed_pipeline_mode": "Integrated",
                "minimum_tls_version": "1.2",
                "pre_warmed_instance_count": 0,
                "remote_debugging_enabled": false,
                "remote_debugging_version": "",
                "runtime_scale_monitoring_enabled": false,
                "scm_ip_restriction": [],
                "scm_minimum_tls_version": "1.2",
                "scm_type": "None",
                "scm_use_main_ip_restriction": false,
                "use_32_bit_worker": false,
                "vnet_route_all_enabled": false,
                "websockets_enabled": false,
                "worker_count": 1
              }
            ],
            "site_credential": [
              {
                "name": "$fna-sc-u-processfiletrigger-01",
                "password": "q8nsAl1Lv8xGQk2KsjjwKzXPLoAuyeMcc2PhuSSJXpKx1GD0K8zpLA7FhmfP"
              }
            ],
            "storage_account_access_key": "NHI5gUQH63dvsSBSGXSZjRB0Zl0kkp2+kBeW4B98NTxlGkvodo8tOLf098NZKprli/yZvU6TybP7+ASt6K/yCA==",
            "storage_account_name": "stscustgappfunctions01",
            "storage_key_vault_secret_id": "",
            "storage_uses_managed_identity": false,
            "tags": {
              "architect": "Marco Callisaya",
              "creation_date": "13/09/24",
              "deploy_method": "Terraform",
              "environmnet": "PRE",
              "location": "swedencentral",
              "owner": "AI",
              "project": "OCR",
              "provider": "Azure"
            },
            "timeouts": null
          },
          "sensitive_attributes": [
            [
              {
                "type": "get_attr",
                "value": "site_config"
              },
              {
                "type": "index",
                "value": {
                  "value": 0,
                  "type": "number"
                }
              },
              {
                "type": "get_attr",
                "value": "application_insights_connection_string"
              }
            ],
            [
              {
                "type": "get_attr",
                "value": "site_config"
              },
              {
                "type": "index",
                "value": {
                  "value": 0,
                  "type": "number"
                }
              },
              {
                "type": "get_attr",
                "value": "application_insights_key"
              }
            ],
            [
              {
                "type": "get_attr",
                "value": "storage_account_access_key"
              }
            ],
            [
              {
                "type": "get_attr",
                "value": "custom_domain_verification_id"
              }
            ]
          ],
          "private": "eyJlMmJmYjczMC1lY2FhLTExZTYtOGY4OC0zNDM2M2JjN2M0YzAiOnsiY3JlYXRlIjoxODAwMDAwMDAwMDAwLCJkZWxldGUiOjE4MDAwMDAwMDAwMDAsInJlYWQiOjMwMDAwMDAwMDAwMCwidXBkYXRlIjoxODAwMDAwMDAwMDAwfX0=",
          "dependencies": [
            "module.app_service.azurerm_service_plan.plan",
            "module.azure_function.azurerm_storage_account.example"
          ]
        }
      ]
    },
    {
      "module": "module.azure_function",
      "mode": "managed",
      "type": "azurerm_storage_account",
      "name": "example",
      "provider": "provider[\"registry.terraform.io/hashicorp/azurerm\"]",
      "instances": [
        {
          "schema_version": 3,
          "attributes": {
            "access_tier": "Hot",
            "account_kind": "StorageV2",
            "account_replication_type": "LRS",
            "account_tier": "Standard",
            "allow_nested_items_to_be_public": true,
            "azure_files_authentication": [],
            "blob_properties": [
              {
                "change_feed_enabled": false,
                "container_delete_retention_policy": [],
                "cors_rule": [],
                "default_service_version": "",
                "delete_retention_policy": [],
                "last_access_time_enabled": false,
                "versioning_enabled": false
              }
            ],
            "custom_domain": [],
            "customer_managed_key": [],
            "edge_zone": "",
            "enable_https_traffic_only": true,
            "id": "/subscriptions/0f039cb4-2405-4c79-a4c9-9660c38a6b78/resourceGroups/rg-sc-u-ocr-01/providers/Microsoft.Storage/storageAccounts/stscustgappfunctions01",
            "identity": [],
            "infrastructure_encryption_enabled": false,
            "is_hns_enabled": false,
            "large_file_share_enabled": null,
            "location": "swedencentral",
            "min_tls_version": "TLS1_2",
            "name": "stscustgappfunctions01",
            "network_rules": [
              {
                "bypass": [
                  "AzureServices"
                ],
                "default_action": "Allow",
                "ip_rules": [],
                "private_link_access": [],
                "virtual_network_subnet_ids": []
              }
            ],
            "nfsv3_enabled": false,
            "primary_access_key": "NHI5gUQH63dvsSBSGXSZjRB0Zl0kkp2+kBeW4B98NTxlGkvodo8tOLf098NZKprli/yZvU6TybP7+ASt6K/yCA==",
            "primary_blob_connection_string": "DefaultEndpointsProtocol=https;BlobEndpoint=https://stscustgappfunctions01.blob.core.windows.net/;AccountName=stscustgappfunctions01;AccountKey=NHI5gUQH63dvsSBSGXSZjRB0Zl0kkp2+kBeW4B98NTxlGkvodo8tOLf098NZKprli/yZvU6TybP7+ASt6K/yCA==",
            "primary_blob_endpoint": "https://stscustgappfunctions01.blob.core.windows.net/",
            "primary_blob_host": "stscustgappfunctions01.blob.core.windows.net",
            "primary_connection_string": "DefaultEndpointsProtocol=https;AccountName=stscustgappfunctions01;AccountKey=NHI5gUQH63dvsSBSGXSZjRB0Zl0kkp2+kBeW4B98NTxlGkvodo8tOLf098NZKprli/yZvU6TybP7+ASt6K/yCA==;EndpointSuffix=core.windows.net",
            "primary_dfs_endpoint": "https://stscustgappfunctions01.dfs.core.windows.net/",
            "primary_dfs_host": "stscustgappfunctions01.dfs.core.windows.net",
            "primary_file_endpoint": "https://stscustgappfunctions01.file.core.windows.net/",
            "primary_file_host": "stscustgappfunctions01.file.core.windows.net",
            "primary_location": "swedencentral",
            "primary_queue_endpoint": "https://stscustgappfunctions01.queue.core.windows.net/",
            "primary_queue_host": "stscustgappfunctions01.queue.core.windows.net",
            "primary_table_endpoint": "https://stscustgappfunctions01.table.core.windows.net/",
            "primary_table_host": "stscustgappfunctions01.table.core.windows.net",
            "primary_web_endpoint": "https://stscustgappfunctions01.z1.web.core.windows.net/",
            "primary_web_host": "stscustgappfunctions01.z1.web.core.windows.net",
            "queue_encryption_key_type": "Service",
            "queue_properties": [
              {
                "cors_rule": [],
                "hour_metrics": [
                  {
                    "enabled": true,
                    "include_apis": true,
                    "retention_policy_days": 7,
                    "version": "1.0"
                  }
                ],
                "logging": [
                  {
                    "delete": false,
                    "read": false,
                    "retention_policy_days": 0,
                    "version": "1.0",
                    "write": false
                  }
                ],
                "minute_metrics": [
                  {
                    "enabled": false,
                    "include_apis": false,
                    "retention_policy_days": 0,
                    "version": "1.0"
                  }
                ]
              }
            ],
            "resource_group_name": "rg-sc-u-ocr-01",
            "routing": [],
            "secondary_access_key": "Y+UDuK8HJN/UqemDPNIGusVtf3SruYS+2l++Y4QPaMdFrmZXSWq5llUWAJMuTsLzRTbSh4woK+kg+AStmPLFCQ==",
            "secondary_blob_connection_string": "",
            "secondary_blob_endpoint": null,
            "secondary_blob_host": null,
            "secondary_connection_string": "DefaultEndpointsProtocol=https;AccountName=stscustgappfunctions01;AccountKey=Y+UDuK8HJN/UqemDPNIGusVtf3SruYS+2l++Y4QPaMdFrmZXSWq5llUWAJMuTsLzRTbSh4woK+kg+AStmPLFCQ==;EndpointSuffix=core.windows.net",
            "secondary_dfs_endpoint": null,
            "secondary_dfs_host": null,
            "secondary_file_endpoint": null,
            "secondary_file_host": null,
            "secondary_location": "",
            "secondary_queue_endpoint": null,
            "secondary_queue_host": null,
            "secondary_table_endpoint": null,
            "secondary_table_host": null,
            "secondary_web_endpoint": null,
            "secondary_web_host": null,
            "share_properties": [
              {
                "cors_rule": [],
                "retention_policy": [
                  {
                    "days": 7
                  }
                ],
                "smb": []
              }
            ],
            "shared_access_key_enabled": true,
            "static_website": [],
            "table_encryption_key_type": "Service",
            "tags": {
              "architect": "Marco Callisaya",
              "creation_date": "13/09/24",
              "deploy_method": "Terraform",
              "environmnet": "PRE",
              "location": "swedencentral",
              "owner": "AI",
              "project": "OCR",
              "provider": "Azure"
            },
            "timeouts": null
          },
          "sensitive_attributes": [
            [
              {
                "type": "get_attr",
                "value": "secondary_connection_string"
              }
            ],
            [
              {
                "type": "get_attr",
                "value": "secondary_blob_connection_string"
              }
            ],
            [
              {
                "type": "get_attr",
                "value": "primary_blob_connection_string"
              }
            ],
            [
              {
                "type": "get_attr",
                "value": "primary_access_key"
              }
            ],
            [
              {
                "type": "get_attr",
                "value": "secondary_access_key"
              }
            ],
            [
              {
                "type": "get_attr",
                "value": "primary_connection_string"
              }
            ]
          ],
          "private": "eyJlMmJmYjczMC1lY2FhLTExZTYtOGY4OC0zNDM2M2JjN2M0YzAiOnsiY3JlYXRlIjozNjAwMDAwMDAwMDAwLCJkZWxldGUiOjM2MDAwMDAwMDAwMDAsInJlYWQiOjMwMDAwMDAwMDAwMCwidXBkYXRlIjozNjAwMDAwMDAwMDAwfSwic2NoZW1hX3ZlcnNpb24iOiIzIn0="
        }
      ]
    },
    {
      "module": "module.service_bus",
      "mode": "managed",
      "type": "azurerm_servicebus_namespace",
      "name": "example",
      "provider": "provider[\"registry.terraform.io/hashicorp/azurerm\"]",
      "instances": [
        {
          "schema_version": 1,
          "attributes": {
            "capacity": 0,
            "default_primary_connection_string": "Endpoint=sb://sb-sc-u-ocr-01.servicebus.windows.net/;SharedAccessKeyName=RootManageSharedAccessKey;SharedAccessKey=80BesCgpIrA1mf9xOklBxluiWr/YK6aCW+ASbLs5UAw=",
            "default_primary_key": "80BesCgpIrA1mf9xOklBxluiWr/YK6aCW+ASbLs5UAw=",
            "default_secondary_connection_string": "Endpoint=sb://sb-sc-u-ocr-01.servicebus.windows.net/;SharedAccessKeyName=RootManageSharedAccessKey;SharedAccessKey=IP+JG00MpeQ/DIvSYrFv36u1V3zG2D1A2+ASbGyYN7k=",
            "default_secondary_key": "IP+JG00MpeQ/DIvSYrFv36u1V3zG2D1A2+ASbGyYN7k=",
            "id": "/subscriptions/0f039cb4-2405-4c79-a4c9-9660c38a6b78/resourceGroups/rg-sc-u-ocr-01/providers/Microsoft.ServiceBus/namespaces/sb-sc-u-ocr-01",
            "identity": [],
            "location": "swedencentral",
            "name": "sb-sc-u-ocr-01",
            "resource_group_name": "rg-sc-u-ocr-01",
            "sku": "Standard",
            "tags": {
              "architect": "Marco Callisaya",
              "creation_date": "13/09/24",
              "deploy_method": "Terraform",
              "environmnet": "PRE",
              "location": "swedencentral",
              "owner": "AI",
              "project": "OCR",
              "provider": "Azure"
            },
            "timeouts": null,
            "zone_redundant": false
          },
          "sensitive_attributes": [
            [
              {
                "type": "get_attr",
                "value": "default_secondary_connection_string"
              }
            ],
            [
              {
                "type": "get_attr",
                "value": "default_primary_key"
              }
            ],
            [
              {
                "type": "get_attr",
                "value": "default_primary_connection_string"
              }
            ],
            [
              {
                "type": "get_attr",
                "value": "default_secondary_key"
              }
            ]
          ],
          "private": "eyJlMmJmYjczMC1lY2FhLTExZTYtOGY4OC0zNDM2M2JjN2M0YzAiOnsiY3JlYXRlIjoxODAwMDAwMDAwMDAwLCJkZWxldGUiOjE4MDAwMDAwMDAwMDAsInJlYWQiOjMwMDAwMDAwMDAwMCwidXBkYXRlIjoxODAwMDAwMDAwMDAwfSwic2NoZW1hX3ZlcnNpb24iOiIxIn0="
        }
      ]
    },
    {
      "module": "module.service_bus",
      "mode": "managed",
      "type": "azurerm_servicebus_queue",
      "name": "example",
      "provider": "provider[\"registry.terraform.io/hashicorp/azurerm\"]",
      "instances": [
        {
          "index_key": "queue1",
          "schema_version": 0,
          "attributes": {
            "auto_delete_on_idle": "P10675199DT2H48M5.4775807S",
            "dead_lettering_on_message_expiration": true,
            "default_message_ttl": "P1D",
            "duplicate_detection_history_time_window": "PT10M",
            "enable_batched_operations": true,
            "enable_express": false,
            "enable_partitioning": false,
            "forward_dead_lettered_messages_to": "",
            "forward_to": "",
            "id": "/subscriptions/0f039cb4-2405-4c79-a4c9-9660c38a6b78/resourceGroups/rg-sc-u-ocr-01/providers/Microsoft.ServiceBus/namespaces/sb-sc-u-ocr-01/queues/processfilequeue",
            "lock_duration": "PT5M",
            "max_delivery_count": 10,
            "max_message_size_in_kilobytes": 256,
            "max_size_in_megabytes": 1024,
            "name": "processfilequeue",
            "namespace_id": "/subscriptions/0f039cb4-2405-4c79-a4c9-9660c38a6b78/resourceGroups/rg-sc-u-ocr-01/providers/Microsoft.ServiceBus/namespaces/sb-sc-u-ocr-01",
            "requires_duplicate_detection": true,
            "requires_session": false,
            "status": "Active",
            "timeouts": null
          },
          "sensitive_attributes": [],
          "private": "eyJlMmJmYjczMC1lY2FhLTExZTYtOGY4OC0zNDM2M2JjN2M0YzAiOnsiY3JlYXRlIjoxODAwMDAwMDAwMDAwLCJkZWxldGUiOjE4MDAwMDAwMDAwMDAsInJlYWQiOjMwMDAwMDAwMDAwMCwidXBkYXRlIjoxODAwMDAwMDAwMDAwfX0=",
          "dependencies": [
            "module.service_bus.azurerm_servicebus_namespace.example"
          ]
        },
        {
          "index_key": "queue10",
          "schema_version": 0,
          "attributes": {
            "auto_delete_on_idle": "P10675199DT2H48M5.4775807S",
            "dead_lettering_on_message_expiration": true,
            "default_message_ttl": "P1D",
            "duplicate_detection_history_time_window": "PT10M",
            "enable_batched_operations": true,
            "enable_express": false,
            "enable_partitioning": false,
            "forward_dead_lettered_messages_to": "",
            "forward_to": "",
            "id": "/subscriptions/0f039cb4-2405-4c79-a4c9-9660c38a6b78/resourceGroups/rg-sc-u-ocr-01/providers/Microsoft.ServiceBus/namespaces/sb-sc-u-ocr-01/queues/datavalidationqueue",
            "lock_duration": "PT5M",
            "max_delivery_count": 10,
            "max_message_size_in_kilobytes": 256,
            "max_size_in_megabytes": 1024,
            "name": "datavalidationqueue",
            "namespace_id": "/subscriptions/0f039cb4-2405-4c79-a4c9-9660c38a6b78/resourceGroups/rg-sc-u-ocr-01/providers/Microsoft.ServiceBus/namespaces/sb-sc-u-ocr-01",
            "requires_duplicate_detection": true,
            "requires_session": false,
            "status": "Active",
            "timeouts": null
          },
          "sensitive_attributes": [],
          "private": "eyJlMmJmYjczMC1lY2FhLTExZTYtOGY4OC0zNDM2M2JjN2M0YzAiOnsiY3JlYXRlIjoxODAwMDAwMDAwMDAwLCJkZWxldGUiOjE4MDAwMDAwMDAwMDAsInJlYWQiOjMwMDAwMDAwMDAwMCwidXBkYXRlIjoxODAwMDAwMDAwMDAwfX0=",
          "dependencies": [
            "module.service_bus.azurerm_servicebus_namespace.example"
          ]
        },
        {
          "index_key": "queue2",
          "schema_version": 0,
          "attributes": {
            "auto_delete_on_idle": "P10675199DT2H48M5.4775807S",
            "dead_lettering_on_message_expiration": true,
            "default_message_ttl": "P1D",
            "duplicate_detection_history_time_window": "PT10M",
            "enable_batched_operations": true,
            "enable_express": false,
            "enable_partitioning": false,
            "forward_dead_lettered_messages_to": "",
            "forward_to": "",
            "id": "/subscriptions/0f039cb4-2405-4c79-a4c9-9660c38a6b78/resourceGroups/rg-sc-u-ocr-01/providers/Microsoft.ServiceBus/namespaces/sb-sc-u-ocr-01/queues/iafulltextqueue",
            "lock_duration": "PT5M",
            "max_delivery_count": 10,
            "max_message_size_in_kilobytes": 256,
            "max_size_in_megabytes": 1024,
            "name": "iafulltextqueue",
            "namespace_id": "/subscriptions/0f039cb4-2405-4c79-a4c9-9660c38a6b78/resourceGroups/rg-sc-u-ocr-01/providers/Microsoft.ServiceBus/namespaces/sb-sc-u-ocr-01",
            "requires_duplicate_detection": true,
            "requires_session": false,
            "status": "Active",
            "timeouts": null
          },
          "sensitive_attributes": [],
          "private": "eyJlMmJmYjczMC1lY2FhLTExZTYtOGY4OC0zNDM2M2JjN2M0YzAiOnsiY3JlYXRlIjoxODAwMDAwMDAwMDAwLCJkZWxldGUiOjE4MDAwMDAwMDAwMDAsInJlYWQiOjMwMDAwMDAwMDAwMCwidXBkYXRlIjoxODAwMDAwMDAwMDAwfX0=",
          "dependencies": [
            "module.service_bus.azurerm_servicebus_namespace.example"
          ]
        },
        {
          "index_key": "queue3",
          "schema_version": 0,
          "attributes": {
            "auto_delete_on_idle": "P10675199DT2H48M5.4775807S",
            "dead_lettering_on_message_expiration": true,
            "default_message_ttl": "P1D",
            "duplicate_detection_history_time_window": "PT10M",
            "enable_batched_operations": true,
            "enable_express": false,
            "enable_partitioning": false,
            "forward_dead_lettered_messages_to": "",
            "forward_to": "",
            "id": "/subscriptions/0f039cb4-2405-4c79-a4c9-9660c38a6b78/resourceGroups/rg-sc-u-ocr-01/providers/Microsoft.ServiceBus/namespaces/sb-sc-u-ocr-01/queues/matchingqueue",
            "lock_duration": "PT5M",
            "max_delivery_count": 10,
            "max_message_size_in_kilobytes": 256,
            "max_size_in_megabytes": 1024,
            "name": "matchingqueue",
            "namespace_id": "/subscriptions/0f039cb4-2405-4c79-a4c9-9660c38a6b78/resourceGroups/rg-sc-u-ocr-01/providers/Microsoft.ServiceBus/namespaces/sb-sc-u-ocr-01",
            "requires_duplicate_detection": true,
            "requires_session": false,
            "status": "Active",
            "timeouts": null
          },
          "sensitive_attributes": [],
          "private": "eyJlMmJmYjczMC1lY2FhLTExZTYtOGY4OC0zNDM2M2JjN2M0YzAiOnsiY3JlYXRlIjoxODAwMDAwMDAwMDAwLCJkZWxldGUiOjE4MDAwMDAwMDAwMDAsInJlYWQiOjMwMDAwMDAwMDAwMCwidXBkYXRlIjoxODAwMDAwMDAwMDAwfX0=",
          "dependencies": [
            "module.service_bus.azurerm_servicebus_namespace.example"
          ]
        },
        {
          "index_key": "queue4",
          "schema_version": 0,
          "attributes": {
            "auto_delete_on_idle": "P10675199DT2H48M5.4775807S",
            "dead_lettering_on_message_expiration": true,
            "default_message_ttl": "P1D",
            "duplicate_detection_history_time_window": "PT10M",
            "enable_batched_operations": true,
            "enable_express": false,
            "enable_partitioning": false,
            "forward_dead_lettered_messages_to": "",
            "forward_to": "",
            "id": "/subscriptions/0f039cb4-2405-4c79-a4c9-9660c38a6b78/resourceGroups/rg-sc-u-ocr-01/providers/Microsoft.ServiceBus/namespaces/sb-sc-u-ocr-01/queues/pendingyearqueue",
            "lock_duration": "PT5M",
            "max_delivery_count": 10,
            "max_message_size_in_kilobytes": 256,
            "max_size_in_megabytes": 1024,
            "name": "pendingyearqueue",
            "namespace_id": "/subscriptions/0f039cb4-2405-4c79-a4c9-9660c38a6b78/resourceGroups/rg-sc-u-ocr-01/providers/Microsoft.ServiceBus/namespaces/sb-sc-u-ocr-01",
            "requires_duplicate_detection": true,
            "requires_session": false,
            "status": "Active",
            "timeouts": null
          },
          "sensitive_attributes": [],
          "private": "eyJlMmJmYjczMC1lY2FhLTExZTYtOGY4OC0zNDM2M2JjN2M0YzAiOnsiY3JlYXRlIjoxODAwMDAwMDAwMDAwLCJkZWxldGUiOjE4MDAwMDAwMDAwMDAsInJlYWQiOjMwMDAwMDAwMDAwMCwidXBkYXRlIjoxODAwMDAwMDAwMDAwfX0=",
          "dependencies": [
            "module.service_bus.azurerm_servicebus_namespace.example"
          ]
        },
        {
          "index_key": "queue5",
          "schema_version": 0,
          "attributes": {
            "auto_delete_on_idle": "P10675199DT2H48M5.4775807S",
            "dead_lettering_on_message_expiration": true,
            "default_message_ttl": "P1D",
            "duplicate_detection_history_time_window": "PT10M",
            "enable_batched_operations": true,
            "enable_express": false,
            "enable_partitioning": false,
            "forward_dead_lettered_messages_to": "",
            "forward_to": "",
            "id": "/subscriptions/0f039cb4-2405-4c79-a4c9-9660c38a6b78/resourceGroups/rg-sc-u-ocr-01/providers/Microsoft.ServiceBus/namespaces/sb-sc-u-ocr-01/queues/yearxmlmatchingqueue",
            "lock_duration": "PT5M",
            "max_delivery_count": 10,
            "max_message_size_in_kilobytes": 256,
            "max_size_in_megabytes": 1024,
            "name": "yearxmlmatchingqueue",
            "namespace_id": "/subscriptions/0f039cb4-2405-4c79-a4c9-9660c38a6b78/resourceGroups/rg-sc-u-ocr-01/providers/Microsoft.ServiceBus/namespaces/sb-sc-u-ocr-01",
            "requires_duplicate_detection": true,
            "requires_session": false,
            "status": "Active",
            "timeouts": null
          },
          "sensitive_attributes": [],
          "private": "eyJlMmJmYjczMC1lY2FhLTExZTYtOGY4OC0zNDM2M2JjN2M0YzAiOnsiY3JlYXRlIjoxODAwMDAwMDAwMDAwLCJkZWxldGUiOjE4MDAwMDAwMDAwMDAsInJlYWQiOjMwMDAwMDAwMDAwMCwidXBkYXRlIjoxODAwMDAwMDAwMDAwfX0=",
          "dependencies": [
            "module.service_bus.azurerm_servicebus_namespace.example"
          ]
        },
        {
          "index_key": "queue6",
          "schema_version": 0,
          "attributes": {
            "auto_delete_on_idle": "P10675199DT2H48M5.4775807S",
            "dead_lettering_on_message_expiration": true,
            "default_message_ttl": "P1D",
            "duplicate_detection_history_time_window": "PT10M",
            "enable_batched_operations": true,
            "enable_express": false,
            "enable_partitioning": false,
            "forward_dead_lettered_messages_to": "",
            "forward_to": "",
            "id": "/subscriptions/0f039cb4-2405-4c79-a4c9-9660c38a6b78/resourceGroups/rg-sc-u-ocr-01/providers/Microsoft.ServiceBus/namespaces/sb-sc-u-ocr-01/queues/pendingsniesvalidationqueue",
            "lock_duration": "PT5M",
            "max_delivery_count": 10,
            "max_message_size_in_kilobytes": 256,
            "max_size_in_megabytes": 1024,
            "name": "pendingsniesvalidationqueue",
            "namespace_id": "/subscriptions/0f039cb4-2405-4c79-a4c9-9660c38a6b78/resourceGroups/rg-sc-u-ocr-01/providers/Microsoft.ServiceBus/namespaces/sb-sc-u-ocr-01",
            "requires_duplicate_detection": true,
            "requires_session": false,
            "status": "Active",
            "timeouts": null
          },
          "sensitive_attributes": [],
          "private": "eyJlMmJmYjczMC1lY2FhLTExZTYtOGY4OC0zNDM2M2JjN2M0YzAiOnsiY3JlYXRlIjoxODAwMDAwMDAwMDAwLCJkZWxldGUiOjE4MDAwMDAwMDAwMDAsInJlYWQiOjMwMDAwMDAwMDAwMCwidXBkYXRlIjoxODAwMDAwMDAwMDAwfX0=",
          "dependencies": [
            "module.service_bus.azurerm_servicebus_namespace.example"
          ]
        },
        {
          "index_key": "queue7",
          "schema_version": 0,
          "attributes": {
            "auto_delete_on_idle": "P10675199DT2H48M5.4775807S",
            "dead_lettering_on_message_expiration": true,
            "default_message_ttl": "P1D",
            "duplicate_detection_history_time_window": "PT10M",
            "enable_batched_operations": true,
            "enable_express": false,
            "enable_partitioning": false,
            "forward_dead_lettered_messages_to": "",
            "forward_to": "",
            "id": "/subscriptions/0f039cb4-2405-4c79-a4c9-9660c38a6b78/resourceGroups/rg-sc-u-ocr-01/providers/Microsoft.ServiceBus/namespaces/sb-sc-u-ocr-01/queues/docprovidedqueue",
            "lock_duration": "PT5M",
            "max_delivery_count": 10,
            "max_message_size_in_kilobytes": 256,
            "max_size_in_megabytes": 1024,
            "name": "docprovidedqueue",
            "namespace_id": "/subscriptions/0f039cb4-2405-4c79-a4c9-9660c38a6b78/resourceGroups/rg-sc-u-ocr-01/providers/Microsoft.ServiceBus/namespaces/sb-sc-u-ocr-01",
            "requires_duplicate_detection": true,
            "requires_session": false,
            "status": "Active",
            "timeouts": null
          },
          "sensitive_attributes": [],
          "private": "eyJlMmJmYjczMC1lY2FhLTExZTYtOGY4OC0zNDM2M2JjN2M0YzAiOnsiY3JlYXRlIjoxODAwMDAwMDAwMDAwLCJkZWxldGUiOjE4MDAwMDAwMDAwMDAsInJlYWQiOjMwMDAwMDAwMDAwMCwidXBkYXRlIjoxODAwMDAwMDAwMDAwfX0=",
          "dependencies": [
            "module.service_bus.azurerm_servicebus_namespace.example"
          ]
        },
        {
          "index_key": "queue8",
          "schema_version": 0,
          "attributes": {
            "auto_delete_on_idle": "P10675199DT2H48M5.4775807S",
            "dead_lettering_on_message_expiration": true,
            "default_message_ttl": "P1D",
            "duplicate_detection_history_time_window": "PT10M",
            "enable_batched_operations": true,
            "enable_express": false,
            "enable_partitioning": false,
            "forward_dead_lettered_messages_to": "",
            "forward_to": "",
            "id": "/subscriptions/0f039cb4-2405-4c79-a4c9-9660c38a6b78/resourceGroups/rg-sc-u-ocr-01/providers/Microsoft.ServiceBus/namespaces/sb-sc-u-ocr-01/queues/iafulltextmatchingqueue",
            "lock_duration": "PT5M",
            "max_delivery_count": 10,
            "max_message_size_in_kilobytes": 256,
            "max_size_in_megabytes": 1024,
            "name": "iafulltextmatchingqueue",
            "namespace_id": "/subscriptions/0f039cb4-2405-4c79-a4c9-9660c38a6b78/resourceGroups/rg-sc-u-ocr-01/providers/Microsoft.ServiceBus/namespaces/sb-sc-u-ocr-01",
            "requires_duplicate_detection": true,
            "requires_session": false,
            "status": "Active",
            "timeouts": null
          },
          "sensitive_attributes": [],
          "private": "eyJlMmJmYjczMC1lY2FhLTExZTYtOGY4OC0zNDM2M2JjN2M0YzAiOnsiY3JlYXRlIjoxODAwMDAwMDAwMDAwLCJkZWxldGUiOjE4MDAwMDAwMDAwMDAsInJlYWQiOjMwMDAwMDAwMDAwMCwidXBkYXRlIjoxODAwMDAwMDAwMDAwfX0=",
          "dependencies": [
            "module.service_bus.azurerm_servicebus_namespace.example"
          ]
        },
        {
          "index_key": "queue9",
          "schema_version": 0,
          "attributes": {
            "auto_delete_on_idle": "P10675199DT2H48M5.4775807S",
            "dead_lettering_on_message_expiration": true,
            "default_message_ttl": "P1D",
            "duplicate_detection_history_time_window": "PT10M",
            "enable_batched_operations": true,
            "enable_express": false,
            "enable_partitioning": false,
            "forward_dead_lettered_messages_to": "",
            "forward_to": "",
            "id": "/subscriptions/0f039cb4-2405-4c79-a4c9-9660c38a6b78/resourceGroups/rg-sc-u-ocr-01/providers/Microsoft.ServiceBus/namespaces/sb-sc-u-ocr-01/queues/requestpendingdocqueue",
            "lock_duration": "PT5M",
            "max_delivery_count": 10,
            "max_message_size_in_kilobytes": 256,
            "max_size_in_megabytes": 1024,
            "name": "requestpendingdocqueue",
            "namespace_id": "/subscriptions/0f039cb4-2405-4c79-a4c9-9660c38a6b78/resourceGroups/rg-sc-u-ocr-01/providers/Microsoft.ServiceBus/namespaces/sb-sc-u-ocr-01",
            "requires_duplicate_detection": true,
            "requires_session": false,
            "status": "Active",
            "timeouts": null
          },
          "sensitive_attributes": [],
          "private": "eyJlMmJmYjczMC1lY2FhLTExZTYtOGY4OC0zNDM2M2JjN2M0YzAiOnsiY3JlYXRlIjoxODAwMDAwMDAwMDAwLCJkZWxldGUiOjE4MDAwMDAwMDAwMDAsInJlYWQiOjMwMDAwMDAwMDAwMCwidXBkYXRlIjoxODAwMDAwMDAwMDAwfX0=",
          "dependencies": [
            "module.service_bus.azurerm_servicebus_namespace.example"
          ]
        }
      ]
    },
    {
      "module": "module.sql_server",
      "mode": "managed",
      "type": "azurerm_mssql_server",
      "name": "example",
      "provider": "provider[\"registry.terraform.io/hashicorp/azurerm\"]",
      "instances": [
        {
          "schema_version": 0,
          "attributes": {
            "administrator_login": "useradmin",
            "administrator_login_password": "5k9aH4gENsBm*b2",
            "azuread_administrator": [
              {
                "azuread_authentication_only": false,
                "login_username": "adm_marcoemilio.callisaya@unir.net",
                "object_id": "3401f20a-79fb-4966-9397-2d09bafde6b0",
                "tenant_id": "22c8b4a4-d926-43b2-bcc7-87b998590b47"
              }
            ],
            "connection_policy": "Default",
            "fully_qualified_domain_name": "sqlm-sc-u-ocrdbcommon-01.database.windows.net",
            "id": "/subscriptions/0f039cb4-2405-4c79-a4c9-9660c38a6b78/resourceGroups/rg-sc-u-ocr-01/providers/Microsoft.Sql/servers/sqlm-sc-u-ocrdbcommon-01",
            "identity": [],
            "location": "swedencentral",
            "minimum_tls_version": "1.2",
            "name": "sqlm-sc-u-ocrdbcommon-01",
            "outbound_network_restriction_enabled": false,
            "primary_user_assigned_identity_id": "",
            "public_network_access_enabled": true,
            "resource_group_name": "rg-sc-u-ocr-01",
            "restorable_dropped_database_ids": [],
            "tags": {
              "architect": "Marco Callisaya",
              "creation_date": "13/09/24",
              "deploy_method": "Terraform",
              "environmnet": "PRE",
              "location": "swedencentral",
              "owner": "AI",
              "project": "OCR",
              "provider": "Azure"
            },
            "timeouts": null,
            "version": "12.0"
          },
          "sensitive_attributes": [
            [
              {
                "type": "get_attr",
                "value": "administrator_login_password"
              }
            ]
          ],
          "private": "eyJlMmJmYjczMC1lY2FhLTExZTYtOGY4OC0zNDM2M2JjN2M0YzAiOnsiY3JlYXRlIjozNjAwMDAwMDAwMDAwLCJkZWxldGUiOjM2MDAwMDAwMDAwMDAsInJlYWQiOjMwMDAwMDAwMDAwMCwidXBkYXRlIjozNjAwMDAwMDAwMDAwfX0="
        }
      ]
    }
  ],
  "check_results": null
}
