{
  "version": 4,
  "terraform_version": "1.9.5",
  "serial": 1,
  "lineage": "c7e8567f-6f54-6dca-f4ba-f066226455a0",
  "outputs": {},
  "resources": [
    {
      "module": "module.azure_function",
      "mode": "managed",
      "type": "azurerm_linux_function_app",
      "name": "example",
      "provider": "provider[\"registry.terraform.io/hashicorp/azurerm\"]",
      "instances": [
        {
          "index_key": "function11",
          "schema_version": 0,
          "attributes": {
            "app_settings": null,
            "auth_settings": [
              {
                "active_directory": [],
                "additional_login_parameters": {},
                "allowed_external_redirect_urls": [],
                "default_provider": "",
                "enabled": false,
                "facebook": [],
                "github": [],
                "google": [],
                "issuer": "",
                "microsoft": [],
                "runtime_version": "",
                "token_refresh_extension_hours": 0,
                "token_store_enabled": false,
                "twitter": [],
                "unauthenticated_client_action": ""
              }
            ],
            "backup": [],
            "builtin_logging_enabled": true,
            "client_certificate_enabled": false,
            "client_certificate_mode": "Optional",
            "connection_string": [],
            "content_share_force_disabled": false,
            "custom_domain_verification_id": "",
            "daily_memory_time_quota": 0,
            "default_hostname": "",
            "enabled": true,
            "functions_extension_version": "~4",
            "https_only": false,
            "id": "/subscriptions/0f039cb4-2405-4c79-a4c9-9660c38a6b78/resourceGroups/rg-sc-u-ocr-01/providers/Microsoft.Web/sites/fna-sc-u-requestpendingdoctrigger-01",
            "identity": [],
            "key_vault_reference_identity_id": "SystemAssigned",
            "kind": "functionapp,linux",
            "location": "swedencentral",
            "name": "fna-sc-u-requestpendingdoctrigger-01",
            "outbound_ip_address_list": [],
            "outbound_ip_addresses": "",
            "possible_outbound_ip_address_list": [],
            "possible_outbound_ip_addresses": "",
            "resource_group_name": "rg-sc-u-ocr-01",
            "service_plan_id": "/subscriptions/0f039cb4-2405-4c79-a4c9-9660c38a6b78/resourceGroups/rg-sc-u-ocr-01/providers/Microsoft.Web/serverfarms/plan-sc-u-ocr-01",
            "site_config": [
              {
                "always_on": false,
                "api_definition_url": "",
                "api_management_api_id": "",
                "app_command_line": "",
                "app_scale_limit": 0,
                "app_service_logs": [],
                "application_insights_connection_string": "",
                "application_insights_key": "",
                "application_stack": [],
                "container_registry_managed_identity_client_id": "",
                "container_registry_use_managed_identity": false,
                "cors": [],
                "default_documents": [
                  "Default.htm",
                  "Default.html",
                  "Default.asp",
                  "index.htm",
                  "index.html",
                  "iisstart.htm",
                  "default.aspx",
                  "index.php"
                ],
                "detailed_error_logging_enabled": false,
                "elastic_instance_minimum": 0,
                "ftps_state": "Disabled",
                "health_check_eviction_time_in_min": 0,
                "health_check_path": "",
                "http2_enabled": false,
                "ip_restriction": [],
                "linux_fx_version": "",
                "load_balancing_mode": "LeastRequests",
                "managed_pipeline_mode": "Integrated",
                "minimum_tls_version": "1.2",
                "pre_warmed_instance_count": 0,
                "remote_debugging_enabled": false,
                "remote_debugging_version": "",
                "runtime_scale_monitoring_enabled": false,
                "scm_ip_restriction": [],
                "scm_minimum_tls_version": "1.2",
                "scm_type": "None",
                "scm_use_main_ip_restriction": false,
                "use_32_bit_worker": false,
                "vnet_route_all_enabled": false,
                "websockets_enabled": false,
                "worker_count": 1
              }
            ],
            "site_credential": [
              {
                "name": "$fna-sc-u-requestpendingdoctrigger-01",
                "password": "EDWZtY5YevcKbwutisprT6eizro8XyNhhK5qiHt8ln3o6MBH7rhbpseimw1w"
              }
            ],
            "storage_account_access_key": "NHI5gUQH63dvsSBSGXSZjRB0Zl0kkp2+kBeW4B98NTxlGkvodo8tOLf098NZKprli/yZvU6TybP7+ASt6K/yCA==",
            "storage_account_name": "stscustgappfunctions01",
            "storage_key_vault_secret_id": "",
            "storage_uses_managed_identity": false,
            "tags": {
              "architect": "Marco Callisaya",
              "creation_date": "13/09/24",
              "deploy_method": "Terraform",
              "environmnet": "PRE",
              "location": "swedencentral",
              "owner": "AI",
              "project": "OCR",
              "provider": "Azure"
            },
            "timeouts": null
          },
          "sensitive_attributes": [
            [
              {
                "type": "get_attr",
                "value": "custom_domain_verification_id"
              }
            ],
            [
              {
                "type": "get_attr",
                "value": "site_config"
              },
              {
                "type": "index",
                "value": {
                  "value": 0,
                  "type": "number"
                }
              },
              {
                "type": "get_attr",
                "value": "application_insights_connection_string"
              }
            ],
            [
              {
                "type": "get_attr",
                "value": "site_config"
              },
              {
                "type": "index",
                "value": {
                  "value": 0,
                  "type": "number"
                }
              },
              {
                "type": "get_attr",
                "value": "application_insights_key"
              }
            ],
            [
              {
                "type": "get_attr",
                "value": "storage_account_access_key"
              }
            ]
          ],
          "private": "eyJlMmJmYjczMC1lY2FhLTExZTYtOGY4OC0zNDM2M2JjN2M0YzAiOnsiY3JlYXRlIjoxODAwMDAwMDAwMDAwLCJkZWxldGUiOjE4MDAwMDAwMDAwMDAsInJlYWQiOjMwMDAwMDAwMDAwMCwidXBkYXRlIjoxODAwMDAwMDAwMDAwfX0="
        }
      ]
    }
  ],
  "check_results": null
}
